// !$*UTF8*$!
{
	archiveVersion = 1;
	classes = {
	};
	objectVersion = 55;
	objects = {

/* Begin PBXBuildFile section */
		057F573E89CFDBB305FFA1B1 /* Pods_edu_app.framework in Frameworks */ = {isa = PBXBuildFile; fileRef = FFB0EB8A010568C37A4A7D8B /* Pods_edu_app.framework */; };
		4D053E9B27F5D1DD00B3E198 /* DrawingCanvasViewController.swift in Sources */ = {isa = PBXBuildFile; fileRef = 4D053E9A27F5D1DD00B3E198 /* DrawingCanvasViewController.swift */; };
		4D053E9D27F5D30200B3E198 /* StrokeManager.swift in Sources */ = {isa = PBXBuildFile; fileRef = 4D053E9C27F5D30200B3E198 /* StrokeManager.swift */; };
		4D053E9F27F5D32100B3E198 /* RecognizedInk.swift in Sources */ = {isa = PBXBuildFile; fileRef = 4D053E9E27F5D32100B3E198 /* RecognizedInk.swift */; };
		4D053EA327F7844800B3E198 /* DrawingCanvasViewModel.swift in Sources */ = {isa = PBXBuildFile; fileRef = 4D053EA227F7844800B3E198 /* DrawingCanvasViewModel.swift */; };
		4D053EA827F841A500B3E198 /* Levels.swift in Sources */ = {isa = PBXBuildFile; fileRef = 4D053EA727F841A500B3E198 /* Levels.swift */; };
		4D053EAC27F844AB00B3E198 /* LevelValidatorService.swift in Sources */ = {isa = PBXBuildFile; fileRef = 4D053EAB27F844AB00B3E198 /* LevelValidatorService.swift */; };
		4D0FF533282FAC5E0083E06B /* AchievementService.swift in Sources */ = {isa = PBXBuildFile; fileRef = 4D0FF532282FAC5E0083E06B /* AchievementService.swift */; };
		4D2A41572846985B004ED339 /* LevelProgressBarViewModel.swift in Sources */ = {isa = PBXBuildFile; fileRef = 4D2A41562846985B004ED339 /* LevelProgressBarViewModel.swift */; };
		4D48B3B8282E55AE0066EAC8 /* LevelService.swift in Sources */ = {isa = PBXBuildFile; fileRef = 4D48B3B7282E55AE0066EAC8 /* LevelService.swift */; };
		4D4E05D8280D640000569C16 /* Game.xcdatamodeld in Sources */ = {isa = PBXBuildFile; fileRef = 4D4E05D6280D640000569C16 /* Game.xcdatamodeld */; };
		4D4E05DC280D663E00569C16 /* DataController.swift in Sources */ = {isa = PBXBuildFile; fileRef = 4D4E05DB280D663E00569C16 /* DataController.swift */; };
		4D4E05DE280D6B5200569C16 /* Levels.json in Resources */ = {isa = PBXBuildFile; fileRef = 4D4E05DD280D6B5200569C16 /* Levels.json */; };
		4D4E05ED280D855800569C16 /* DecodableLevel.swift in Sources */ = {isa = PBXBuildFile; fileRef = 4D4E05EC280D855800569C16 /* DecodableLevel.swift */; };
		4D526BC82827D1AE00B8FEA3 /* ProgressBar.swift in Sources */ = {isa = PBXBuildFile; fileRef = 4D526BC72827D1AE00B8FEA3 /* ProgressBar.swift */; };
		4D526BCA282A589F00B8FEA3 /* Achievements.json in Resources */ = {isa = PBXBuildFile; fileRef = 4D526BC9282A589F00B8FEA3 /* Achievements.json */; };
		4D526BCC282A629300B8FEA3 /* DecodableAchievementItem.swift in Sources */ = {isa = PBXBuildFile; fileRef = 4D526BCB282A629300B8FEA3 /* DecodableAchievementItem.swift */; };
		4D68A64727BBA3B400997CFF /* edu_appApp.swift in Sources */ = {isa = PBXBuildFile; fileRef = 4D68A64627BBA3B400997CFF /* edu_appApp.swift */; };
		4D68A64B27BBA3B500997CFF /* Assets.xcassets in Resources */ = {isa = PBXBuildFile; fileRef = 4D68A64A27BBA3B500997CFF /* Assets.xcassets */; };
		4D68A64E27BBA3B500997CFF /* Preview Assets.xcassets in Resources */ = {isa = PBXBuildFile; fileRef = 4D68A64D27BBA3B500997CFF /* Preview Assets.xcassets */; };
		4D68A65827BBA3B600997CFF /* edu_appTests.swift in Sources */ = {isa = PBXBuildFile; fileRef = 4D68A65727BBA3B600997CFF /* edu_appTests.swift */; };
		4D68A66227BBA3B600997CFF /* edu_appUITests.swift in Sources */ = {isa = PBXBuildFile; fileRef = 4D68A66127BBA3B600997CFF /* edu_appUITests.swift */; };
		4D68A66427BBA3B600997CFF /* edu_appUITestsLaunchTests.swift in Sources */ = {isa = PBXBuildFile; fileRef = 4D68A66327BBA3B600997CFF /* edu_appUITestsLaunchTests.swift */; };
		4D68A67127BBBBD200997CFF /* AppCoordinator.swift in Sources */ = {isa = PBXBuildFile; fileRef = 4D68A67027BBBBD200997CFF /* AppCoordinator.swift */; };
		4D68A67B27BBCCE000997CFF /* MainMenuView.swift in Sources */ = {isa = PBXBuildFile; fileRef = 4D68A67A27BBCCE000997CFF /* MainMenuView.swift */; };
		4D68A67D27BBCCEF00997CFF /* MainMenuViewModel.swift in Sources */ = {isa = PBXBuildFile; fileRef = 4D68A67C27BBCCEF00997CFF /* MainMenuViewModel.swift */; };
		4D68A68027BCF40F00997CFF /* LevelSelectView.swift in Sources */ = {isa = PBXBuildFile; fileRef = 4D68A67F27BCF40F00997CFF /* LevelSelectView.swift */; };
		4D68A68227BCF41800997CFF /* LevelSelectViewModel.swift in Sources */ = {isa = PBXBuildFile; fileRef = 4D68A68127BCF41800997CFF /* LevelSelectViewModel.swift */; };
		4D6EC863281D8F6900C70061 /* ShopViewModel.swift in Sources */ = {isa = PBXBuildFile; fileRef = 4D6EC862281D8F6900C70061 /* ShopViewModel.swift */; };
		4D6EC865281D8FAF00C70061 /* ShopView.swift in Sources */ = {isa = PBXBuildFile; fileRef = 4D6EC864281D8FAF00C70061 /* ShopView.swift */; };
		4D6EC867281DC32D00C70061 /* Shop.xcassets in Resources */ = {isa = PBXBuildFile; fileRef = 4D6EC866281DC32D00C70061 /* Shop.xcassets */; };
		4D6EC869281DC5B900C70061 /* ShopItems.json in Resources */ = {isa = PBXBuildFile; fileRef = 4D6EC868281DC5B900C70061 /* ShopItems.json */; };
		4D6EC86B281DCBE800C70061 /* DecodableShopItem.swift in Sources */ = {isa = PBXBuildFile; fileRef = 4D6EC86A281DCBE800C70061 /* DecodableShopItem.swift */; };
		4D75995C282316600093849C /* VideoTutorials.xcassets in Resources */ = {isa = PBXBuildFile; fileRef = 4D75995B282316600093849C /* VideoTutorials.xcassets */; };
		4D75995F282317FB0093849C /* A.mp4 in Resources */ = {isa = PBXBuildFile; fileRef = 4D75995E282317FB0093849C /* A.mp4 */; };
		4D75A7C0282BA88F0077DE75 /* Achievement+CoreDataClass.swift in Sources */ = {isa = PBXBuildFile; fileRef = 4D75A7BE282BA88F0077DE75 /* Achievement+CoreDataClass.swift */; };
		4D75A7C1282BA88F0077DE75 /* Achievement+CoreDataProperties.swift in Sources */ = {isa = PBXBuildFile; fileRef = 4D75A7BF282BA88F0077DE75 /* Achievement+CoreDataProperties.swift */; };
		4D75A7C9282C42F10077DE75 /* WritingLettersLevelViewModel.swift in Sources */ = {isa = PBXBuildFile; fileRef = 4D75A7C8282C42F10077DE75 /* WritingLettersLevelViewModel.swift */; };
		4D84C55128454FD100D5BC57 /* LevelProgressBarView.swift in Sources */ = {isa = PBXBuildFile; fileRef = 4D84C55028454FD100D5BC57 /* LevelProgressBarView.swift */; };
		4D84C5532845DAE700D5BC57 /* View+BlinkModigier.swift in Sources */ = {isa = PBXBuildFile; fileRef = 4D84C5522845DAE700D5BC57 /* View+BlinkModigier.swift */; };
		4D85A69627E7425E008FA08D /* WritingLettersLevelView.swift in Sources */ = {isa = PBXBuildFile; fileRef = 4D85A69527E7425E008FA08D /* WritingLettersLevelView.swift */; };
		4D85A69B27E74575008FA08D /* DrawingCanvasView.swift in Sources */ = {isa = PBXBuildFile; fileRef = 4D85A69A27E74575008FA08D /* DrawingCanvasView.swift */; };
		4D87C9FD282676D9002EFB8D /* PlayerView.swift in Sources */ = {isa = PBXBuildFile; fileRef = 4D87C9FC282676D9002EFB8D /* PlayerView.swift */; };
		4D87C9FF28267750002EFB8D /* PlayerUIView.swift in Sources */ = {isa = PBXBuildFile; fileRef = 4D87C9FE28267750002EFB8D /* PlayerUIView.swift */; };
		4D8F5210284B584E0092DCC3 /* WritingWordsView.swift in Sources */ = {isa = PBXBuildFile; fileRef = 4D8F520F284B584E0092DCC3 /* WritingWordsView.swift */; };
		4D8F5212284B585A0092DCC3 /* WritingWordsViewModel.swift in Sources */ = {isa = PBXBuildFile; fileRef = 4D8F5211284B585A0092DCC3 /* WritingWordsViewModel.swift */; };
		4D8F5214284B75CF0092DCC3 /* Words.json in Resources */ = {isa = PBXBuildFile; fileRef = 4D8F5213284B75CF0092DCC3 /* Words.json */; };
		4D8F5216284B76370092DCC3 /* Words.xcassets in Resources */ = {isa = PBXBuildFile; fileRef = 4D8F5215284B76370092DCC3 /* Words.xcassets */; };
		4D8F5219284B76FC0092DCC3 /* Level+CoreDataClass.swift in Sources */ = {isa = PBXBuildFile; fileRef = 4D8F5217284B76FC0092DCC3 /* Level+CoreDataClass.swift */; };
		4D8F521A284B76FC0092DCC3 /* Level+CoreDataProperties.swift in Sources */ = {isa = PBXBuildFile; fileRef = 4D8F5218284B76FC0092DCC3 /* Level+CoreDataProperties.swift */; };
		4D929C802834E32600504405 /* ShopService.swift in Sources */ = {isa = PBXBuildFile; fileRef = 4D929C7F2834E32600504405 /* ShopService.swift */; };
		4DA22D9227D35E6F00634AA8 /* Menus.xcassets in Resources */ = {isa = PBXBuildFile; fileRef = 4DA22D9127D35E6F00634AA8 /* Menus.xcassets */; };
		4DA22D9527D368F300634AA8 /* AppImage.swift in Sources */ = {isa = PBXBuildFile; fileRef = 4DA22D9427D368F300634AA8 /* AppImage.swift */; };
		4DA22D9827D36F4E00634AA8 /* AppFont.swift in Sources */ = {isa = PBXBuildFile; fileRef = 4DA22D9727D36F4E00634AA8 /* AppFont.swift */; };
		4DA6372A2841668500A6F785 /* CoinsServicePreviewMock.swift in Sources */ = {isa = PBXBuildFile; fileRef = 4DA637292841668500A6F785 /* CoinsServicePreviewMock.swift */; };
		4DA6372C2841691200A6F785 /* AchievementServicePreviewMock.swift in Sources */ = {isa = PBXBuildFile; fileRef = 4DA6372B2841691200A6F785 /* AchievementServicePreviewMock.swift */; };
		4DA6372E28416DA000A6F785 /* LevelServicePreviewMock.swift in Sources */ = {isa = PBXBuildFile; fileRef = 4DA6372D28416DA000A6F785 /* LevelServicePreviewMock.swift */; };
		4DB939022826A12D00883CD5 /* NavigationLazyView.swift in Sources */ = {isa = PBXBuildFile; fileRef = 4DB939012826A12D00883CD5 /* NavigationLazyView.swift */; };
		4DB939062826B69E00883CD5 /* UIColor+Hex.swift in Sources */ = {isa = PBXBuildFile; fileRef = 4DB939052826B69E00883CD5 /* UIColor+Hex.swift */; };
		4DBD9BBE2802BF8A006455BD /* RobotoCondensed-Bold.ttf in Resources */ = {isa = PBXBuildFile; fileRef = 4DBD9BBD2802BF8A006455BD /* RobotoCondensed-Bold.ttf */; };
		4DBD9BBF2802BF8A006455BD /* RobotoCondensed-Bold.ttf in Resources */ = {isa = PBXBuildFile; fileRef = 4DBD9BBD2802BF8A006455BD /* RobotoCondensed-Bold.ttf */; };
		4DBD9BC02802BF8A006455BD /* RobotoCondensed-Bold.ttf in Resources */ = {isa = PBXBuildFile; fileRef = 4DBD9BBD2802BF8A006455BD /* RobotoCondensed-Bold.ttf */; };
		4DC2D714280AD9FF003CFDD7 /* Levels.xcassets in Resources */ = {isa = PBXBuildFile; fileRef = 4DC2D713280AD9FF003CFDD7 /* Levels.xcassets */; };
		4DC2D718280AE24D003CFDD7 /* LevelButton.swift in Sources */ = {isa = PBXBuildFile; fileRef = 4DC2D717280AE24D003CFDD7 /* LevelButton.swift */; };
		4DC73FC92835127C004FD1A0 /* ShopItem+CoreDataClass.swift in Sources */ = {isa = PBXBuildFile; fileRef = 4DC73FC72835127C004FD1A0 /* ShopItem+CoreDataClass.swift */; };
		4DC73FCA2835127C004FD1A0 /* ShopItem+CoreDataProperties.swift in Sources */ = {isa = PBXBuildFile; fileRef = 4DC73FC82835127C004FD1A0 /* ShopItem+CoreDataProperties.swift */; };
		4DDC5F602826FE0200BDC385 /* AchievementsView.swift in Sources */ = {isa = PBXBuildFile; fileRef = 4DDC5F5F2826FE0200BDC385 /* AchievementsView.swift */; };
		4DDC5F622826FE3400BDC385 /* AchievementsViewModel.swift in Sources */ = {isa = PBXBuildFile; fileRef = 4DDC5F612826FE3400BDC385 /* AchievementsViewModel.swift */; };
		4DDC5F642827024500BDC385 /* AchievementItemView.swift in Sources */ = {isa = PBXBuildFile; fileRef = 4DDC5F632827024500BDC385 /* AchievementItemView.swift */; };
		4DDC5F66282702A000BDC385 /* Achievements.xcassets in Resources */ = {isa = PBXBuildFile; fileRef = 4DDC5F65282702A000BDC385 /* Achievements.xcassets */; };
		4DDFBCB7284933C10079A4E6 /* RoundedButton.swift in Sources */ = {isa = PBXBuildFile; fileRef = 4DDFBCB6284933C10079A4E6 /* RoundedButton.swift */; };
		4DE3A5C1281865FD005DF33E /* Color.xcassets in Resources */ = {isa = PBXBuildFile; fileRef = 4DE3A5C0281865FD005DF33E /* Color.xcassets */; };
		4DE3A5C328186606005DF33E /* AppColor.swift in Sources */ = {isa = PBXBuildFile; fileRef = 4DE3A5C228186606005DF33E /* AppColor.swift */; };
		4DF72C88284A9F69000E6627 /* View+ViewDidLoadModifier.swift in Sources */ = {isa = PBXBuildFile; fileRef = 4DF72C87284A9F69000E6627 /* View+ViewDidLoadModifier.swift */; };
		770280DB3ADD41D160D343D0 /* Pods_edu_appTests.framework in Frameworks */ = {isa = PBXBuildFile; fileRef = A6FE45D2D761336D1E20F680 /* Pods_edu_appTests.framework */; };
		CE6057688EDAC47FFFE31411 /* Pods_edu_app_edu_appUITests.framework in Frameworks */ = {isa = PBXBuildFile; fileRef = 6D995C41732B6E79E60A49DA /* Pods_edu_app_edu_appUITests.framework */; };
/* End PBXBuildFile section */

/* Begin PBXContainerItemProxy section */
		4D68A65427BBA3B600997CFF /* PBXContainerItemProxy */ = {
			isa = PBXContainerItemProxy;
			containerPortal = 4D68A63B27BBA3B400997CFF /* Project object */;
			proxyType = 1;
			remoteGlobalIDString = 4D68A64227BBA3B400997CFF;
			remoteInfo = "edu-app";
		};
		4D68A65E27BBA3B600997CFF /* PBXContainerItemProxy */ = {
			isa = PBXContainerItemProxy;
			containerPortal = 4D68A63B27BBA3B400997CFF /* Project object */;
			proxyType = 1;
			remoteGlobalIDString = 4D68A64227BBA3B400997CFF;
			remoteInfo = "edu-app";
		};
/* End PBXContainerItemProxy section */

/* Begin PBXFileReference section */
		23B02779D6297D83BA4C19CE /* Pods-edu-app.release.xcconfig */ = {isa = PBXFileReference; includeInIndex = 1; lastKnownFileType = text.xcconfig; name = "Pods-edu-app.release.xcconfig"; path = "Target Support Files/Pods-edu-app/Pods-edu-app.release.xcconfig"; sourceTree = "<group>"; };
		4D053E9A27F5D1DD00B3E198 /* DrawingCanvasViewController.swift */ = {isa = PBXFileReference; lastKnownFileType = sourcecode.swift; path = DrawingCanvasViewController.swift; sourceTree = "<group>"; };
		4D053E9C27F5D30200B3E198 /* StrokeManager.swift */ = {isa = PBXFileReference; lastKnownFileType = sourcecode.swift; path = StrokeManager.swift; sourceTree = "<group>"; };
		4D053E9E27F5D32100B3E198 /* RecognizedInk.swift */ = {isa = PBXFileReference; lastKnownFileType = sourcecode.swift; path = RecognizedInk.swift; sourceTree = "<group>"; };
		4D053EA227F7844800B3E198 /* DrawingCanvasViewModel.swift */ = {isa = PBXFileReference; lastKnownFileType = sourcecode.swift; path = DrawingCanvasViewModel.swift; sourceTree = "<group>"; };
		4D053EA727F841A500B3E198 /* Levels.swift */ = {isa = PBXFileReference; lastKnownFileType = sourcecode.swift; path = Levels.swift; sourceTree = "<group>"; };
		4D053EAB27F844AB00B3E198 /* LevelValidatorService.swift */ = {isa = PBXFileReference; lastKnownFileType = sourcecode.swift; path = LevelValidatorService.swift; sourceTree = "<group>"; };
		4D0FF532282FAC5E0083E06B /* AchievementService.swift */ = {isa = PBXFileReference; lastKnownFileType = sourcecode.swift; path = AchievementService.swift; sourceTree = "<group>"; };
		4D2A41562846985B004ED339 /* LevelProgressBarViewModel.swift */ = {isa = PBXFileReference; lastKnownFileType = sourcecode.swift; path = LevelProgressBarViewModel.swift; sourceTree = "<group>"; };
		4D48B3B7282E55AE0066EAC8 /* LevelService.swift */ = {isa = PBXFileReference; lastKnownFileType = sourcecode.swift; path = LevelService.swift; sourceTree = "<group>"; };
		4D4E05D7280D640000569C16 /* Level.xcdatamodel */ = {isa = PBXFileReference; lastKnownFileType = wrapper.xcdatamodel; path = Level.xcdatamodel; sourceTree = "<group>"; };
		4D4E05DB280D663E00569C16 /* DataController.swift */ = {isa = PBXFileReference; lastKnownFileType = sourcecode.swift; path = DataController.swift; sourceTree = "<group>"; };
		4D4E05DD280D6B5200569C16 /* Levels.json */ = {isa = PBXFileReference; lastKnownFileType = text.json; path = Levels.json; sourceTree = "<group>"; };
		4D4E05EC280D855800569C16 /* DecodableLevel.swift */ = {isa = PBXFileReference; lastKnownFileType = sourcecode.swift; path = DecodableLevel.swift; sourceTree = "<group>"; };
		4D526BC72827D1AE00B8FEA3 /* ProgressBar.swift */ = {isa = PBXFileReference; lastKnownFileType = sourcecode.swift; path = ProgressBar.swift; sourceTree = "<group>"; };
		4D526BC9282A589F00B8FEA3 /* Achievements.json */ = {isa = PBXFileReference; lastKnownFileType = text.json; path = Achievements.json; sourceTree = "<group>"; };
		4D526BCB282A629300B8FEA3 /* DecodableAchievementItem.swift */ = {isa = PBXFileReference; lastKnownFileType = sourcecode.swift; path = DecodableAchievementItem.swift; sourceTree = "<group>"; };
		4D68A64327BBA3B400997CFF /* Pisanka.app */ = {isa = PBXFileReference; explicitFileType = wrapper.application; includeInIndex = 0; path = Pisanka.app; sourceTree = BUILT_PRODUCTS_DIR; };
		4D68A64627BBA3B400997CFF /* edu_appApp.swift */ = {isa = PBXFileReference; lastKnownFileType = sourcecode.swift; path = edu_appApp.swift; sourceTree = "<group>"; };
		4D68A64A27BBA3B500997CFF /* Assets.xcassets */ = {isa = PBXFileReference; lastKnownFileType = folder.assetcatalog; path = Assets.xcassets; sourceTree = "<group>"; };
		4D68A64D27BBA3B500997CFF /* Preview Assets.xcassets */ = {isa = PBXFileReference; lastKnownFileType = folder.assetcatalog; path = "Preview Assets.xcassets"; sourceTree = "<group>"; };
		4D68A65327BBA3B600997CFF /* edu-appTests.xctest */ = {isa = PBXFileReference; explicitFileType = wrapper.cfbundle; includeInIndex = 0; path = "edu-appTests.xctest"; sourceTree = BUILT_PRODUCTS_DIR; };
		4D68A65727BBA3B600997CFF /* edu_appTests.swift */ = {isa = PBXFileReference; lastKnownFileType = sourcecode.swift; path = edu_appTests.swift; sourceTree = "<group>"; };
		4D68A65D27BBA3B600997CFF /* edu-appUITests.xctest */ = {isa = PBXFileReference; explicitFileType = wrapper.cfbundle; includeInIndex = 0; path = "edu-appUITests.xctest"; sourceTree = BUILT_PRODUCTS_DIR; };
		4D68A66127BBA3B600997CFF /* edu_appUITests.swift */ = {isa = PBXFileReference; lastKnownFileType = sourcecode.swift; path = edu_appUITests.swift; sourceTree = "<group>"; };
		4D68A66327BBA3B600997CFF /* edu_appUITestsLaunchTests.swift */ = {isa = PBXFileReference; lastKnownFileType = sourcecode.swift; path = edu_appUITestsLaunchTests.swift; sourceTree = "<group>"; };
		4D68A67027BBBBD200997CFF /* AppCoordinator.swift */ = {isa = PBXFileReference; lastKnownFileType = sourcecode.swift; path = AppCoordinator.swift; sourceTree = "<group>"; };
		4D68A67A27BBCCE000997CFF /* MainMenuView.swift */ = {isa = PBXFileReference; lastKnownFileType = sourcecode.swift; path = MainMenuView.swift; sourceTree = "<group>"; };
		4D68A67C27BBCCEF00997CFF /* MainMenuViewModel.swift */ = {isa = PBXFileReference; lastKnownFileType = sourcecode.swift; path = MainMenuViewModel.swift; sourceTree = "<group>"; };
		4D68A67F27BCF40F00997CFF /* LevelSelectView.swift */ = {isa = PBXFileReference; lastKnownFileType = sourcecode.swift; path = LevelSelectView.swift; sourceTree = "<group>"; };
		4D68A68127BCF41800997CFF /* LevelSelectViewModel.swift */ = {isa = PBXFileReference; lastKnownFileType = sourcecode.swift; path = LevelSelectViewModel.swift; sourceTree = "<group>"; };
		4D6EC862281D8F6900C70061 /* ShopViewModel.swift */ = {isa = PBXFileReference; lastKnownFileType = sourcecode.swift; path = ShopViewModel.swift; sourceTree = "<group>"; };
		4D6EC864281D8FAF00C70061 /* ShopView.swift */ = {isa = PBXFileReference; lastKnownFileType = sourcecode.swift; path = ShopView.swift; sourceTree = "<group>"; };
		4D6EC866281DC32D00C70061 /* Shop.xcassets */ = {isa = PBXFileReference; lastKnownFileType = folder.assetcatalog; path = Shop.xcassets; sourceTree = "<group>"; };
		4D6EC868281DC5B900C70061 /* ShopItems.json */ = {isa = PBXFileReference; lastKnownFileType = text.json; path = ShopItems.json; sourceTree = "<group>"; };
		4D6EC86A281DCBE800C70061 /* DecodableShopItem.swift */ = {isa = PBXFileReference; lastKnownFileType = sourcecode.swift; path = DecodableShopItem.swift; sourceTree = "<group>"; };
		4D75995B282316600093849C /* VideoTutorials.xcassets */ = {isa = PBXFileReference; lastKnownFileType = folder.assetcatalog; path = VideoTutorials.xcassets; sourceTree = "<group>"; };
		4D75995E282317FB0093849C /* A.mp4 */ = {isa = PBXFileReference; lastKnownFileType = file; path = A.mp4; sourceTree = "<group>"; };
		4D75A7BE282BA88F0077DE75 /* Achievement+CoreDataClass.swift */ = {isa = PBXFileReference; lastKnownFileType = sourcecode.swift; path = "Achievement+CoreDataClass.swift"; sourceTree = "<group>"; };
		4D75A7BF282BA88F0077DE75 /* Achievement+CoreDataProperties.swift */ = {isa = PBXFileReference; lastKnownFileType = sourcecode.swift; path = "Achievement+CoreDataProperties.swift"; sourceTree = "<group>"; };
		4D75A7C8282C42F10077DE75 /* WritingLettersLevelViewModel.swift */ = {isa = PBXFileReference; lastKnownFileType = sourcecode.swift; path = WritingLettersLevelViewModel.swift; sourceTree = "<group>"; };
		4D84C55028454FD100D5BC57 /* LevelProgressBarView.swift */ = {isa = PBXFileReference; lastKnownFileType = sourcecode.swift; path = LevelProgressBarView.swift; sourceTree = "<group>"; };
		4D84C5522845DAE700D5BC57 /* View+BlinkModigier.swift */ = {isa = PBXFileReference; lastKnownFileType = sourcecode.swift; path = "View+BlinkModigier.swift"; sourceTree = "<group>"; };
		4D85A69527E7425E008FA08D /* WritingLettersLevelView.swift */ = {isa = PBXFileReference; lastKnownFileType = sourcecode.swift; path = WritingLettersLevelView.swift; sourceTree = "<group>"; };
		4D85A69A27E74575008FA08D /* DrawingCanvasView.swift */ = {isa = PBXFileReference; lastKnownFileType = sourcecode.swift; path = DrawingCanvasView.swift; sourceTree = "<group>"; };
		4D87C9FC282676D9002EFB8D /* PlayerView.swift */ = {isa = PBXFileReference; lastKnownFileType = sourcecode.swift; path = PlayerView.swift; sourceTree = "<group>"; };
		4D87C9FE28267750002EFB8D /* PlayerUIView.swift */ = {isa = PBXFileReference; lastKnownFileType = sourcecode.swift; path = PlayerUIView.swift; sourceTree = "<group>"; };
		4D8F520F284B584E0092DCC3 /* WritingWordsView.swift */ = {isa = PBXFileReference; lastKnownFileType = sourcecode.swift; path = WritingWordsView.swift; sourceTree = "<group>"; };
		4D8F5211284B585A0092DCC3 /* WritingWordsViewModel.swift */ = {isa = PBXFileReference; lastKnownFileType = sourcecode.swift; path = WritingWordsViewModel.swift; sourceTree = "<group>"; };
		4D8F5213284B75CF0092DCC3 /* Words.json */ = {isa = PBXFileReference; lastKnownFileType = text.json; path = Words.json; sourceTree = "<group>"; };
		4D8F5215284B76370092DCC3 /* Words.xcassets */ = {isa = PBXFileReference; lastKnownFileType = folder.assetcatalog; path = Words.xcassets; sourceTree = "<group>"; };
		4D8F5217284B76FC0092DCC3 /* Level+CoreDataClass.swift */ = {isa = PBXFileReference; lastKnownFileType = sourcecode.swift; path = "Level+CoreDataClass.swift"; sourceTree = "<group>"; };
		4D8F5218284B76FC0092DCC3 /* Level+CoreDataProperties.swift */ = {isa = PBXFileReference; lastKnownFileType = sourcecode.swift; path = "Level+CoreDataProperties.swift"; sourceTree = "<group>"; };
		4D929C7F2834E32600504405 /* ShopService.swift */ = {isa = PBXFileReference; lastKnownFileType = sourcecode.swift; path = ShopService.swift; sourceTree = "<group>"; };
		4DA22D9127D35E6F00634AA8 /* Menus.xcassets */ = {isa = PBXFileReference; lastKnownFileType = folder.assetcatalog; path = Menus.xcassets; sourceTree = "<group>"; };
		4DA22D9427D368F300634AA8 /* AppImage.swift */ = {isa = PBXFileReference; lastKnownFileType = sourcecode.swift; path = AppImage.swift; sourceTree = "<group>"; };
		4DA22D9727D36F4E00634AA8 /* AppFont.swift */ = {isa = PBXFileReference; lastKnownFileType = sourcecode.swift; path = AppFont.swift; sourceTree = "<group>"; };
		4DA22D9B27D371AB00634AA8 /* Info.plist */ = {isa = PBXFileReference; lastKnownFileType = text.plist; path = Info.plist; sourceTree = "<group>"; };
		4DA637292841668500A6F785 /* CoinsServicePreviewMock.swift */ = {isa = PBXFileReference; lastKnownFileType = sourcecode.swift; path = CoinsServicePreviewMock.swift; sourceTree = "<group>"; };
		4DA6372B2841691200A6F785 /* AchievementServicePreviewMock.swift */ = {isa = PBXFileReference; lastKnownFileType = sourcecode.swift; path = AchievementServicePreviewMock.swift; sourceTree = "<group>"; };
		4DA6372D28416DA000A6F785 /* LevelServicePreviewMock.swift */ = {isa = PBXFileReference; lastKnownFileType = sourcecode.swift; path = LevelServicePreviewMock.swift; sourceTree = "<group>"; };
		4DB939012826A12D00883CD5 /* NavigationLazyView.swift */ = {isa = PBXFileReference; lastKnownFileType = sourcecode.swift; path = NavigationLazyView.swift; sourceTree = "<group>"; };
		4DB939052826B69E00883CD5 /* UIColor+Hex.swift */ = {isa = PBXFileReference; lastKnownFileType = sourcecode.swift; path = "UIColor+Hex.swift"; sourceTree = "<group>"; };
		4DBD9BBD2802BF8A006455BD /* RobotoCondensed-Bold.ttf */ = {isa = PBXFileReference; lastKnownFileType = file; path = "RobotoCondensed-Bold.ttf"; sourceTree = "<group>"; };
		4DC2D713280AD9FF003CFDD7 /* Levels.xcassets */ = {isa = PBXFileReference; lastKnownFileType = folder.assetcatalog; path = Levels.xcassets; sourceTree = "<group>"; };
		4DC2D717280AE24D003CFDD7 /* LevelButton.swift */ = {isa = PBXFileReference; lastKnownFileType = sourcecode.swift; path = LevelButton.swift; sourceTree = "<group>"; };
		4DC73FC72835127C004FD1A0 /* ShopItem+CoreDataClass.swift */ = {isa = PBXFileReference; lastKnownFileType = sourcecode.swift; path = "ShopItem+CoreDataClass.swift"; sourceTree = "<group>"; };
		4DC73FC82835127C004FD1A0 /* ShopItem+CoreDataProperties.swift */ = {isa = PBXFileReference; lastKnownFileType = sourcecode.swift; path = "ShopItem+CoreDataProperties.swift"; sourceTree = "<group>"; };
		4DDC5F5F2826FE0200BDC385 /* AchievementsView.swift */ = {isa = PBXFileReference; lastKnownFileType = sourcecode.swift; path = AchievementsView.swift; sourceTree = "<group>"; };
		4DDC5F612826FE3400BDC385 /* AchievementsViewModel.swift */ = {isa = PBXFileReference; lastKnownFileType = sourcecode.swift; path = AchievementsViewModel.swift; sourceTree = "<group>"; };
		4DDC5F632827024500BDC385 /* AchievementItemView.swift */ = {isa = PBXFileReference; lastKnownFileType = sourcecode.swift; path = AchievementItemView.swift; sourceTree = "<group>"; };
		4DDC5F65282702A000BDC385 /* Achievements.xcassets */ = {isa = PBXFileReference; lastKnownFileType = folder.assetcatalog; path = Achievements.xcassets; sourceTree = "<group>"; };
		4DDFBCB6284933C10079A4E6 /* RoundedButton.swift */ = {isa = PBXFileReference; lastKnownFileType = sourcecode.swift; path = RoundedButton.swift; sourceTree = "<group>"; };
		4DE3A5C0281865FD005DF33E /* Color.xcassets */ = {isa = PBXFileReference; lastKnownFileType = folder.assetcatalog; path = Color.xcassets; sourceTree = "<group>"; };
		4DE3A5C228186606005DF33E /* AppColor.swift */ = {isa = PBXFileReference; lastKnownFileType = sourcecode.swift; path = AppColor.swift; sourceTree = "<group>"; };
		4DF72C87284A9F69000E6627 /* View+ViewDidLoadModifier.swift */ = {isa = PBXFileReference; lastKnownFileType = sourcecode.swift; path = "View+ViewDidLoadModifier.swift"; sourceTree = "<group>"; };
		508DF7511ABF05E1233748FE /* Pods-edu-appTests.debug.xcconfig */ = {isa = PBXFileReference; includeInIndex = 1; lastKnownFileType = text.xcconfig; name = "Pods-edu-appTests.debug.xcconfig"; path = "Target Support Files/Pods-edu-appTests/Pods-edu-appTests.debug.xcconfig"; sourceTree = "<group>"; };
		5DDC9428A46152CF28E54AE3 /* Pods-edu-app-edu-appUITests.debug.xcconfig */ = {isa = PBXFileReference; includeInIndex = 1; lastKnownFileType = text.xcconfig; name = "Pods-edu-app-edu-appUITests.debug.xcconfig"; path = "Target Support Files/Pods-edu-app-edu-appUITests/Pods-edu-app-edu-appUITests.debug.xcconfig"; sourceTree = "<group>"; };
		6D995C41732B6E79E60A49DA /* Pods_edu_app_edu_appUITests.framework */ = {isa = PBXFileReference; explicitFileType = wrapper.framework; includeInIndex = 0; path = Pods_edu_app_edu_appUITests.framework; sourceTree = BUILT_PRODUCTS_DIR; };
		7AAE494FF08CF2ED8A82F24B /* Pods-edu-appTests.release.xcconfig */ = {isa = PBXFileReference; includeInIndex = 1; lastKnownFileType = text.xcconfig; name = "Pods-edu-appTests.release.xcconfig"; path = "Target Support Files/Pods-edu-appTests/Pods-edu-appTests.release.xcconfig"; sourceTree = "<group>"; };
		7D79AB1BE5BF238490599A18 /* Pods-edu-app-edu-appUITests.release.xcconfig */ = {isa = PBXFileReference; includeInIndex = 1; lastKnownFileType = text.xcconfig; name = "Pods-edu-app-edu-appUITests.release.xcconfig"; path = "Target Support Files/Pods-edu-app-edu-appUITests/Pods-edu-app-edu-appUITests.release.xcconfig"; sourceTree = "<group>"; };
		8AA75032E4EE58F75ED877B4 /* Pods-edu-app.debug.xcconfig */ = {isa = PBXFileReference; includeInIndex = 1; lastKnownFileType = text.xcconfig; name = "Pods-edu-app.debug.xcconfig"; path = "Target Support Files/Pods-edu-app/Pods-edu-app.debug.xcconfig"; sourceTree = "<group>"; };
		A6FE45D2D761336D1E20F680 /* Pods_edu_appTests.framework */ = {isa = PBXFileReference; explicitFileType = wrapper.framework; includeInIndex = 0; path = Pods_edu_appTests.framework; sourceTree = BUILT_PRODUCTS_DIR; };
		FFB0EB8A010568C37A4A7D8B /* Pods_edu_app.framework */ = {isa = PBXFileReference; explicitFileType = wrapper.framework; includeInIndex = 0; path = Pods_edu_app.framework; sourceTree = BUILT_PRODUCTS_DIR; };
/* End PBXFileReference section */

/* Begin PBXFrameworksBuildPhase section */
		4D68A64027BBA3B400997CFF /* Frameworks */ = {
			isa = PBXFrameworksBuildPhase;
			buildActionMask = 2147483647;
			files = (
				057F573E89CFDBB305FFA1B1 /* Pods_edu_app.framework in Frameworks */,
			);
			runOnlyForDeploymentPostprocessing = 0;
		};
		4D68A65027BBA3B600997CFF /* Frameworks */ = {
			isa = PBXFrameworksBuildPhase;
			buildActionMask = 2147483647;
			files = (
				770280DB3ADD41D160D343D0 /* Pods_edu_appTests.framework in Frameworks */,
			);
			runOnlyForDeploymentPostprocessing = 0;
		};
		4D68A65A27BBA3B600997CFF /* Frameworks */ = {
			isa = PBXFrameworksBuildPhase;
			buildActionMask = 2147483647;
			files = (
				CE6057688EDAC47FFFE31411 /* Pods_edu_app_edu_appUITests.framework in Frameworks */,
			);
			runOnlyForDeploymentPostprocessing = 0;
		};
/* End PBXFrameworksBuildPhase section */

/* Begin PBXGroup section */
		1429F6A187B66B0136F11A98 /* Frameworks */ = {
			isa = PBXGroup;
			children = (
				FFB0EB8A010568C37A4A7D8B /* Pods_edu_app.framework */,
				6D995C41732B6E79E60A49DA /* Pods_edu_app_edu_appUITests.framework */,
				A6FE45D2D761336D1E20F680 /* Pods_edu_appTests.framework */,
			);
			name = Frameworks;
			sourceTree = "<group>";
		};
		428E5A0564A5BD8A2BEBCB9A /* Pods */ = {
			isa = PBXGroup;
			children = (
				8AA75032E4EE58F75ED877B4 /* Pods-edu-app.debug.xcconfig */,
				23B02779D6297D83BA4C19CE /* Pods-edu-app.release.xcconfig */,
				5DDC9428A46152CF28E54AE3 /* Pods-edu-app-edu-appUITests.debug.xcconfig */,
				7D79AB1BE5BF238490599A18 /* Pods-edu-app-edu-appUITests.release.xcconfig */,
				508DF7511ABF05E1233748FE /* Pods-edu-appTests.debug.xcconfig */,
				7AAE494FF08CF2ED8A82F24B /* Pods-edu-appTests.release.xcconfig */,
			);
			path = Pods;
			sourceTree = "<group>";
		};
		4D302E7E2847EBAD008C913C /* Button */ = {
			isa = PBXGroup;
			children = (
				4DDFBCB6284933C10079A4E6 /* RoundedButton.swift */,
			);
			path = Button;
			sourceTree = "<group>";
		};
		4D4E05DA280D645600569C16 /* CoreData */ = {
			isa = PBXGroup;
			children = (
				4D4E05DF280D6B5C00569C16 /* PreloadedData */,
				4D4E05D6280D640000569C16 /* Game.xcdatamodeld */,
				4D4E05DB280D663E00569C16 /* DataController.swift */,
			);
			path = CoreData;
			sourceTree = "<group>";
		};
		4D4E05DF280D6B5C00569C16 /* PreloadedData */ = {
			isa = PBXGroup;
			children = (
				4D4E05DD280D6B5200569C16 /* Levels.json */,
				4D6EC868281DC5B900C70061 /* ShopItems.json */,
				4D526BC9282A589F00B8FEA3 /* Achievements.json */,
				4D8F5213284B75CF0092DCC3 /* Words.json */,
			);
			path = PreloadedData;
			sourceTree = "<group>";
		};
		4D526BC62827D19D00B8FEA3 /* ProgressBar */ = {
			isa = PBXGroup;
			children = (
				4D526BC72827D1AE00B8FEA3 /* ProgressBar.swift */,
			);
			path = ProgressBar;
			sourceTree = "<group>";
		};
		4D68A63A27BBA3B400997CFF = {
			isa = PBXGroup;
			children = (
				4D68A64527BBA3B400997CFF /* edu-app */,
				4D68A65627BBA3B600997CFF /* edu-appTests */,
				4D68A66027BBA3B600997CFF /* edu-appUITests */,
				4D68A64427BBA3B400997CFF /* Products */,
				428E5A0564A5BD8A2BEBCB9A /* Pods */,
				1429F6A187B66B0136F11A98 /* Frameworks */,
			);
			sourceTree = "<group>";
		};
		4D68A64427BBA3B400997CFF /* Products */ = {
			isa = PBXGroup;
			children = (
				4D68A64327BBA3B400997CFF /* Pisanka.app */,
				4D68A65327BBA3B600997CFF /* edu-appTests.xctest */,
				4D68A65D27BBA3B600997CFF /* edu-appUITests.xctest */,
			);
			name = Products;
			sourceTree = "<group>";
		};
		4D68A64527BBA3B400997CFF /* edu-app */ = {
			isa = PBXGroup;
			children = (
				4DA22D9B27D371AB00634AA8 /* Info.plist */,
				4DA22D8F27D35A4900634AA8 /* Resources */,
				4D68A67627BBCCB100997CFF /* Shared */,
				4D68A67427BBCC9C00997CFF /* Components */,
				4D68A64627BBA3B400997CFF /* edu_appApp.swift */,
				4D68A64C27BBA3B500997CFF /* Preview Content */,
				4D68A67027BBBBD200997CFF /* AppCoordinator.swift */,
			);
			path = "edu-app";
			sourceTree = "<group>";
		};
		4D68A64C27BBA3B500997CFF /* Preview Content */ = {
			isa = PBXGroup;
			children = (
				4D68A64D27BBA3B500997CFF /* Preview Assets.xcassets */,
			);
			path = "Preview Content";
			sourceTree = "<group>";
		};
		4D68A65627BBA3B600997CFF /* edu-appTests */ = {
			isa = PBXGroup;
			children = (
				4D68A65727BBA3B600997CFF /* edu_appTests.swift */,
			);
			path = "edu-appTests";
			sourceTree = "<group>";
		};
		4D68A66027BBA3B600997CFF /* edu-appUITests */ = {
			isa = PBXGroup;
			children = (
				4D68A66127BBA3B600997CFF /* edu_appUITests.swift */,
				4D68A66327BBA3B600997CFF /* edu_appUITestsLaunchTests.swift */,
			);
			path = "edu-appUITests";
			sourceTree = "<group>";
		};
		4D68A67427BBCC9C00997CFF /* Components */ = {
			isa = PBXGroup;
			children = (
				4D302E7E2847EBAD008C913C /* Button */,
				4D526BC62827D19D00B8FEA3 /* ProgressBar */,
				4DB939072826FDB900883CD5 /* Achievements */,
				4D87C9FB28267187002EFB8D /* VideoPlayer */,
				4D6EC85F281D8F4400C70061 /* Shop */,
				4D85A69027E74220008FA08D /* WritingLevel */,
				4D68A67E27BCF3F000997CFF /* LevelSelect */,
				4D68A67527BBCCA500997CFF /* MainMenu */,
			);
			path = Components;
			sourceTree = "<group>";
		};
		4D68A67527BBCCA500997CFF /* MainMenu */ = {
			isa = PBXGroup;
			children = (
				4D68A67A27BBCCE000997CFF /* MainMenuView.swift */,
				4D68A67C27BBCCEF00997CFF /* MainMenuViewModel.swift */,
			);
			path = MainMenu;
			sourceTree = "<group>";
		};
		4D68A67627BBCCB100997CFF /* Shared */ = {
			isa = PBXGroup;
			children = (
				4DA637282841666900A6F785 /* SwiftUIPreviewMocks */,
				4D4E05DA280D645600569C16 /* CoreData */,
				4D68A67927BBCCC500997CFF /* Extensions */,
				4D68A67827BBCCC100997CFF /* Services */,
				4D68A67727BBCCB900997CFF /* Models */,
			);
			path = Shared;
			sourceTree = "<group>";
		};
		4D68A67727BBCCB900997CFF /* Models */ = {
			isa = PBXGroup;
			children = (
				4D75A7B9282AA03C0077DE75 /* Decodables */,
				4D75A7B8282AA0310077DE75 /* CoreData */,
			);
			path = Models;
			sourceTree = "<group>";
		};
		4D68A67827BBCCC100997CFF /* Services */ = {
			isa = PBXGroup;
			children = (
				4D053EAB27F844AB00B3E198 /* LevelValidatorService.swift */,
				4D48B3B7282E55AE0066EAC8 /* LevelService.swift */,
				4D0FF532282FAC5E0083E06B /* AchievementService.swift */,
				4D929C7F2834E32600504405 /* ShopService.swift */,
			);
			path = Services;
			sourceTree = "<group>";
		};
		4D68A67927BBCCC500997CFF /* Extensions */ = {
			isa = PBXGroup;
			children = (
				4DB939012826A12D00883CD5 /* NavigationLazyView.swift */,
				4DB939052826B69E00883CD5 /* UIColor+Hex.swift */,
				4D84C5522845DAE700D5BC57 /* View+BlinkModigier.swift */,
				4DF72C87284A9F69000E6627 /* View+ViewDidLoadModifier.swift */,
			);
			path = Extensions;
			sourceTree = "<group>";
		};
		4D68A67E27BCF3F000997CFF /* LevelSelect */ = {
			isa = PBXGroup;
			children = (
				4D68A67F27BCF40F00997CFF /* LevelSelectView.swift */,
				4D68A68127BCF41800997CFF /* LevelSelectViewModel.swift */,
				4D053EA727F841A500B3E198 /* Levels.swift */,
				4DC2D717280AE24D003CFDD7 /* LevelButton.swift */,
			);
			path = LevelSelect;
			sourceTree = "<group>";
		};
		4D6EC85F281D8F4400C70061 /* Shop */ = {
			isa = PBXGroup;
			children = (
				4D6EC862281D8F6900C70061 /* ShopViewModel.swift */,
				4D6EC864281D8FAF00C70061 /* ShopView.swift */,
			);
			path = Shop;
			sourceTree = "<group>";
		};
		4D75995D282317E40093849C /* VideoTutorials */ = {
			isa = PBXGroup;
			children = (
				4D75995E282317FB0093849C /* A.mp4 */,
			);
			path = VideoTutorials;
			sourceTree = "<group>";
		};
		4D75A7B8282AA0310077DE75 /* CoreData */ = {
			isa = PBXGroup;
			children = (
				4D8F5217284B76FC0092DCC3 /* Level+CoreDataClass.swift */,
				4D8F5218284B76FC0092DCC3 /* Level+CoreDataProperties.swift */,
				4DC73FC72835127C004FD1A0 /* ShopItem+CoreDataClass.swift */,
				4DC73FC82835127C004FD1A0 /* ShopItem+CoreDataProperties.swift */,
				4D75A7BE282BA88F0077DE75 /* Achievement+CoreDataClass.swift */,
				4D75A7BF282BA88F0077DE75 /* Achievement+CoreDataProperties.swift */,
			);
			path = CoreData;
			sourceTree = "<group>";
		};
		4D75A7B9282AA03C0077DE75 /* Decodables */ = {
			isa = PBXGroup;
			children = (
				4D4E05EC280D855800569C16 /* DecodableLevel.swift */,
				4D6EC86A281DCBE800C70061 /* DecodableShopItem.swift */,
				4D526BCB282A629300B8FEA3 /* DecodableAchievementItem.swift */,
			);
			path = Decodables;
			sourceTree = "<group>";
		};
		4D84C54D28454FB200D5BC57 /* LevelProgressBar */ = {
			isa = PBXGroup;
			children = (
				4D84C55028454FD100D5BC57 /* LevelProgressBarView.swift */,
				4D2A41562846985B004ED339 /* LevelProgressBarViewModel.swift */,
			);
			path = LevelProgressBar;
			sourceTree = "<group>";
		};
		4D85A69027E74220008FA08D /* WritingLevel */ = {
			isa = PBXGroup;
			children = (
				4D8F520E284B57AA0092DCC3 /* Letters */,
				4D8F520D284B57A30092DCC3 /* Words */,
				4D84C54D28454FB200D5BC57 /* LevelProgressBar */,
				4D85A69727E743CD008FA08D /* DrawingCanvas */,
			);
			path = WritingLevel;
			sourceTree = "<group>";
		};
		4D85A69727E743CD008FA08D /* DrawingCanvas */ = {
			isa = PBXGroup;
			children = (
				4D85A69A27E74575008FA08D /* DrawingCanvasView.swift */,
				4D053E9A27F5D1DD00B3E198 /* DrawingCanvasViewController.swift */,
				4D053E9C27F5D30200B3E198 /* StrokeManager.swift */,
				4D053E9E27F5D32100B3E198 /* RecognizedInk.swift */,
				4D053EA227F7844800B3E198 /* DrawingCanvasViewModel.swift */,
			);
			path = DrawingCanvas;
			sourceTree = "<group>";
		};
		4D87C9FB28267187002EFB8D /* VideoPlayer */ = {
			isa = PBXGroup;
			children = (
				4D87C9FC282676D9002EFB8D /* PlayerView.swift */,
				4D87C9FE28267750002EFB8D /* PlayerUIView.swift */,
			);
			path = VideoPlayer;
			sourceTree = "<group>";
		};
		4D8F520D284B57A30092DCC3 /* Words */ = {
			isa = PBXGroup;
			children = (
				4D8F520F284B584E0092DCC3 /* WritingWordsView.swift */,
				4D8F5211284B585A0092DCC3 /* WritingWordsViewModel.swift */,
			);
			path = Words;
			sourceTree = "<group>";
		};
		4D8F520E284B57AA0092DCC3 /* Letters */ = {
			isa = PBXGroup;
			children = (
				4D85A69527E7425E008FA08D /* WritingLettersLevelView.swift */,
				4D75A7C8282C42F10077DE75 /* WritingLettersLevelViewModel.swift */,
			);
			path = Letters;
			sourceTree = "<group>";
		};
		4DA22D8F27D35A4900634AA8 /* Resources */ = {
			isa = PBXGroup;
			children = (
				4DE3A5BF281865EA005DF33E /* Colors */,
				4DA22D9327D35EA400634AA8 /* Visuals */,
				4DA22D9027D35A5300634AA8 /* Fonts */,
			);
			path = Resources;
			sourceTree = "<group>";
		};
		4DA22D9027D35A5300634AA8 /* Fonts */ = {
			isa = PBXGroup;
			children = (
				4DBD9BBD2802BF8A006455BD /* RobotoCondensed-Bold.ttf */,
				4DA22D9727D36F4E00634AA8 /* AppFont.swift */,
			);
			path = Fonts;
			sourceTree = "<group>";
		};
		4DA22D9327D35EA400634AA8 /* Visuals */ = {
			isa = PBXGroup;
			children = (
				4D75995D282317E40093849C /* VideoTutorials */,
				4D68A64A27BBA3B500997CFF /* Assets.xcassets */,
				4DA22D9127D35E6F00634AA8 /* Menus.xcassets */,
				4DC2D713280AD9FF003CFDD7 /* Levels.xcassets */,
				4DA22D9427D368F300634AA8 /* AppImage.swift */,
				4D6EC866281DC32D00C70061 /* Shop.xcassets */,
				4D75995B282316600093849C /* VideoTutorials.xcassets */,
				4DDC5F65282702A000BDC385 /* Achievements.xcassets */,
				4D8F5215284B76370092DCC3 /* Words.xcassets */,
			);
			path = Visuals;
			sourceTree = "<group>";
		};
		4DA637282841666900A6F785 /* SwiftUIPreviewMocks */ = {
			isa = PBXGroup;
			children = (
				4DA637292841668500A6F785 /* CoinsServicePreviewMock.swift */,
				4DA6372B2841691200A6F785 /* AchievementServicePreviewMock.swift */,
				4DA6372D28416DA000A6F785 /* LevelServicePreviewMock.swift */,
			);
			path = SwiftUIPreviewMocks;
			sourceTree = "<group>";
		};
		4DB939072826FDB900883CD5 /* Achievements */ = {
			isa = PBXGroup;
			children = (
				4DDC5F5F2826FE0200BDC385 /* AchievementsView.swift */,
				4DDC5F612826FE3400BDC385 /* AchievementsViewModel.swift */,
				4DDC5F632827024500BDC385 /* AchievementItemView.swift */,
			);
			path = Achievements;
			sourceTree = "<group>";
		};
		4DE3A5BF281865EA005DF33E /* Colors */ = {
			isa = PBXGroup;
			children = (
				4DE3A5C0281865FD005DF33E /* Color.xcassets */,
				4DE3A5C228186606005DF33E /* AppColor.swift */,
			);
			path = Colors;
			sourceTree = "<group>";
		};
/* End PBXGroup section */

/* Begin PBXNativeTarget section */
		4D68A64227BBA3B400997CFF /* edu-app */ = {
			isa = PBXNativeTarget;
			buildConfigurationList = 4D68A66727BBA3B600997CFF /* Build configuration list for PBXNativeTarget "edu-app" */;
			buildPhases = (
				80A496A87289F0E25DE98F8A /* [CP] Check Pods Manifest.lock */,
				4D68A63F27BBA3B400997CFF /* Sources */,
				4D68A64027BBA3B400997CFF /* Frameworks */,
				4D68A64127BBA3B400997CFF /* Resources */,
				224D2D4E65AB546322431C05 /* [CP] Embed Pods Frameworks */,
				F157F2E7107A0EFFD42EE657 /* [CP] Copy Pods Resources */,
				4D053EA027F5D41A00B3E198 /* Run Swift Format */,
			);
			buildRules = (
			);
			dependencies = (
			);
			name = "edu-app";
			productName = "edu-app";
			productReference = 4D68A64327BBA3B400997CFF /* Pisanka.app */;
			productType = "com.apple.product-type.application";
		};
		4D68A65227BBA3B600997CFF /* edu-appTests */ = {
			isa = PBXNativeTarget;
			buildConfigurationList = 4D68A66A27BBA3B600997CFF /* Build configuration list for PBXNativeTarget "edu-appTests" */;
			buildPhases = (
				E16ECF4225861F17644CDF73 /* [CP] Check Pods Manifest.lock */,
				4D68A64F27BBA3B600997CFF /* Sources */,
				4D68A65027BBA3B600997CFF /* Frameworks */,
				4D68A65127BBA3B600997CFF /* Resources */,
			);
			buildRules = (
			);
			dependencies = (
				4D68A65527BBA3B600997CFF /* PBXTargetDependency */,
			);
			name = "edu-appTests";
			productName = "edu-appTests";
			productReference = 4D68A65327BBA3B600997CFF /* edu-appTests.xctest */;
			productType = "com.apple.product-type.bundle.unit-test";
		};
		4D68A65C27BBA3B600997CFF /* edu-appUITests */ = {
			isa = PBXNativeTarget;
			buildConfigurationList = 4D68A66D27BBA3B600997CFF /* Build configuration list for PBXNativeTarget "edu-appUITests" */;
			buildPhases = (
				2C3B72A515BD3ACAEF69ADC7 /* [CP] Check Pods Manifest.lock */,
				4D68A65927BBA3B600997CFF /* Sources */,
				4D68A65A27BBA3B600997CFF /* Frameworks */,
				4D68A65B27BBA3B600997CFF /* Resources */,
				60D7D26E7403822786028F38 /* [CP] Embed Pods Frameworks */,
				46AAB105CC74919D2C7E2485 /* [CP] Copy Pods Resources */,
			);
			buildRules = (
			);
			dependencies = (
				4D68A65F27BBA3B600997CFF /* PBXTargetDependency */,
			);
			name = "edu-appUITests";
			productName = "edu-appUITests";
			productReference = 4D68A65D27BBA3B600997CFF /* edu-appUITests.xctest */;
			productType = "com.apple.product-type.bundle.ui-testing";
		};
/* End PBXNativeTarget section */

/* Begin PBXProject section */
		4D68A63B27BBA3B400997CFF /* Project object */ = {
			isa = PBXProject;
			attributes = {
				BuildIndependentTargetsInParallel = 1;
				LastSwiftUpdateCheck = 1320;
				LastUpgradeCheck = 1320;
				TargetAttributes = {
					4D68A64227BBA3B400997CFF = {
						CreatedOnToolsVersion = 13.2.1;
					};
					4D68A65227BBA3B600997CFF = {
						CreatedOnToolsVersion = 13.2.1;
						TestTargetID = 4D68A64227BBA3B400997CFF;
					};
					4D68A65C27BBA3B600997CFF = {
						CreatedOnToolsVersion = 13.2.1;
						TestTargetID = 4D68A64227BBA3B400997CFF;
					};
				};
			};
			buildConfigurationList = 4D68A63E27BBA3B400997CFF /* Build configuration list for PBXProject "edu-app" */;
			compatibilityVersion = "Xcode 13.0";
			developmentRegion = en;
			hasScannedForEncodings = 0;
			knownRegions = (
				en,
				Base,
			);
			mainGroup = 4D68A63A27BBA3B400997CFF;
			productRefGroup = 4D68A64427BBA3B400997CFF /* Products */;
			projectDirPath = "";
			projectRoot = "";
			targets = (
				4D68A64227BBA3B400997CFF /* edu-app */,
				4D68A65227BBA3B600997CFF /* edu-appTests */,
				4D68A65C27BBA3B600997CFF /* edu-appUITests */,
			);
		};
/* End PBXProject section */

/* Begin PBXResourcesBuildPhase section */
		4D68A64127BBA3B400997CFF /* Resources */ = {
			isa = PBXResourcesBuildPhase;
			buildActionMask = 2147483647;
			files = (
				4D75995F282317FB0093849C /* A.mp4 in Resources */,
				4DDC5F66282702A000BDC385 /* Achievements.xcassets in Resources */,
				4D8F5214284B75CF0092DCC3 /* Words.json in Resources */,
				4D4E05DE280D6B5200569C16 /* Levels.json in Resources */,
				4DC2D714280AD9FF003CFDD7 /* Levels.xcassets in Resources */,
				4D68A64E27BBA3B500997CFF /* Preview Assets.xcassets in Resources */,
				4D8F5216284B76370092DCC3 /* Words.xcassets in Resources */,
				4D6EC867281DC32D00C70061 /* Shop.xcassets in Resources */,
				4D68A64B27BBA3B500997CFF /* Assets.xcassets in Resources */,
				4D526BCA282A589F00B8FEA3 /* Achievements.json in Resources */,
				4DE3A5C1281865FD005DF33E /* Color.xcassets in Resources */,
				4DBD9BBE2802BF8A006455BD /* RobotoCondensed-Bold.ttf in Resources */,
				4DA22D9227D35E6F00634AA8 /* Menus.xcassets in Resources */,
				4D6EC869281DC5B900C70061 /* ShopItems.json in Resources */,
				4D75995C282316600093849C /* VideoTutorials.xcassets in Resources */,
			);
			runOnlyForDeploymentPostprocessing = 0;
		};
		4D68A65127BBA3B600997CFF /* Resources */ = {
			isa = PBXResourcesBuildPhase;
			buildActionMask = 2147483647;
			files = (
				4DBD9BBF2802BF8A006455BD /* RobotoCondensed-Bold.ttf in Resources */,
			);
			runOnlyForDeploymentPostprocessing = 0;
		};
		4D68A65B27BBA3B600997CFF /* Resources */ = {
			isa = PBXResourcesBuildPhase;
			buildActionMask = 2147483647;
			files = (
				4DBD9BC02802BF8A006455BD /* RobotoCondensed-Bold.ttf in Resources */,
			);
			runOnlyForDeploymentPostprocessing = 0;
		};
/* End PBXResourcesBuildPhase section */

/* Begin PBXShellScriptBuildPhase section */
		224D2D4E65AB546322431C05 /* [CP] Embed Pods Frameworks */ = {
			isa = PBXShellScriptBuildPhase;
			buildActionMask = 2147483647;
			files = (
			);
			inputFileListPaths = (
				"${PODS_ROOT}/Target Support Files/Pods-edu-app/Pods-edu-app-frameworks-${CONFIGURATION}-input-files.xcfilelist",
			);
			name = "[CP] Embed Pods Frameworks";
			outputFileListPaths = (
				"${PODS_ROOT}/Target Support Files/Pods-edu-app/Pods-edu-app-frameworks-${CONFIGURATION}-output-files.xcfilelist",
			);
			runOnlyForDeploymentPostprocessing = 0;
			shellPath = /bin/sh;
			shellScript = "\"${PODS_ROOT}/Target Support Files/Pods-edu-app/Pods-edu-app-frameworks.sh\"\n";
			showEnvVarsInLog = 0;
		};
		2C3B72A515BD3ACAEF69ADC7 /* [CP] Check Pods Manifest.lock */ = {
			isa = PBXShellScriptBuildPhase;
			buildActionMask = 2147483647;
			files = (
			);
			inputFileListPaths = (
			);
			inputPaths = (
				"${PODS_PODFILE_DIR_PATH}/Podfile.lock",
				"${PODS_ROOT}/Manifest.lock",
			);
			name = "[CP] Check Pods Manifest.lock";
			outputFileListPaths = (
			);
			outputPaths = (
				"$(DERIVED_FILE_DIR)/Pods-edu-app-edu-appUITests-checkManifestLockResult.txt",
			);
			runOnlyForDeploymentPostprocessing = 0;
			shellPath = /bin/sh;
			shellScript = "diff \"${PODS_PODFILE_DIR_PATH}/Podfile.lock\" \"${PODS_ROOT}/Manifest.lock\" > /dev/null\nif [ $? != 0 ] ; then\n    # print error to STDERR\n    echo \"error: The sandbox is not in sync with the Podfile.lock. Run 'pod install' or update your CocoaPods installation.\" >&2\n    exit 1\nfi\n# This output is used by Xcode 'outputs' to avoid re-running this script phase.\necho \"SUCCESS\" > \"${SCRIPT_OUTPUT_FILE_0}\"\n";
			showEnvVarsInLog = 0;
		};
		46AAB105CC74919D2C7E2485 /* [CP] Copy Pods Resources */ = {
			isa = PBXShellScriptBuildPhase;
			buildActionMask = 2147483647;
			files = (
			);
			inputFileListPaths = (
				"${PODS_ROOT}/Target Support Files/Pods-edu-app-edu-appUITests/Pods-edu-app-edu-appUITests-resources-${CONFIGURATION}-input-files.xcfilelist",
			);
			name = "[CP] Copy Pods Resources";
			outputFileListPaths = (
				"${PODS_ROOT}/Target Support Files/Pods-edu-app-edu-appUITests/Pods-edu-app-edu-appUITests-resources-${CONFIGURATION}-output-files.xcfilelist",
			);
			runOnlyForDeploymentPostprocessing = 0;
			shellPath = /bin/sh;
			shellScript = "\"${PODS_ROOT}/Target Support Files/Pods-edu-app-edu-appUITests/Pods-edu-app-edu-appUITests-resources.sh\"\n";
			showEnvVarsInLog = 0;
		};
		4D053EA027F5D41A00B3E198 /* Run Swift Format */ = {
			isa = PBXShellScriptBuildPhase;
			buildActionMask = 2147483647;
			files = (
			);
			inputFileListPaths = (
			);
			inputPaths = (
			);
			name = "Run Swift Format";
			outputFileListPaths = (
			);
			outputPaths = (
			);
			runOnlyForDeploymentPostprocessing = 0;
			shellPath = "/usr/bin/env ruby";
			shellScript = "#!/usr/bin/env ruby\ngit_status_at_dir = `git status #{ENV[\"SRCROOT\"]} --porcelain | /bin/cat`\nswiftformat_v = \"0.47.10\"\nif git_status_at_dir.empty?\n  puts \"Skipping formatting as there are no changes\"\n  exit 0\nend\nswiftformat = \"/usr/local/bin/swiftformat\"\nif File.exist? swiftformat\n  if not `#{swiftformat} --version`.chop == swiftformat_v\n    raise \"Wrong SwiftFormat version! Required version is #{swiftformat_v}.\" \n  end\n  \n  puts `/usr/local/bin/swiftformat $SRCROOT`\nelse\n  puts \"SwiftFormat not installed, download from https://github.com/nicklockwood/SwiftFormat\"\n  exit 1 unless ENV[\"CI\"]\n  \nend\n";
		};
		60D7D26E7403822786028F38 /* [CP] Embed Pods Frameworks */ = {
			isa = PBXShellScriptBuildPhase;
			buildActionMask = 2147483647;
			files = (
			);
			inputFileListPaths = (
				"${PODS_ROOT}/Target Support Files/Pods-edu-app-edu-appUITests/Pods-edu-app-edu-appUITests-frameworks-${CONFIGURATION}-input-files.xcfilelist",
			);
			name = "[CP] Embed Pods Frameworks";
			outputFileListPaths = (
				"${PODS_ROOT}/Target Support Files/Pods-edu-app-edu-appUITests/Pods-edu-app-edu-appUITests-frameworks-${CONFIGURATION}-output-files.xcfilelist",
			);
			runOnlyForDeploymentPostprocessing = 0;
			shellPath = /bin/sh;
			shellScript = "\"${PODS_ROOT}/Target Support Files/Pods-edu-app-edu-appUITests/Pods-edu-app-edu-appUITests-frameworks.sh\"\n";
			showEnvVarsInLog = 0;
		};
		80A496A87289F0E25DE98F8A /* [CP] Check Pods Manifest.lock */ = {
			isa = PBXShellScriptBuildPhase;
			buildActionMask = 2147483647;
			files = (
			);
			inputFileListPaths = (
			);
			inputPaths = (
				"${PODS_PODFILE_DIR_PATH}/Podfile.lock",
				"${PODS_ROOT}/Manifest.lock",
			);
			name = "[CP] Check Pods Manifest.lock";
			outputFileListPaths = (
			);
			outputPaths = (
				"$(DERIVED_FILE_DIR)/Pods-edu-app-checkManifestLockResult.txt",
			);
			runOnlyForDeploymentPostprocessing = 0;
			shellPath = /bin/sh;
			shellScript = "diff \"${PODS_PODFILE_DIR_PATH}/Podfile.lock\" \"${PODS_ROOT}/Manifest.lock\" > /dev/null\nif [ $? != 0 ] ; then\n    # print error to STDERR\n    echo \"error: The sandbox is not in sync with the Podfile.lock. Run 'pod install' or update your CocoaPods installation.\" >&2\n    exit 1\nfi\n# This output is used by Xcode 'outputs' to avoid re-running this script phase.\necho \"SUCCESS\" > \"${SCRIPT_OUTPUT_FILE_0}\"\n";
			showEnvVarsInLog = 0;
		};
		E16ECF4225861F17644CDF73 /* [CP] Check Pods Manifest.lock */ = {
			isa = PBXShellScriptBuildPhase;
			buildActionMask = 2147483647;
			files = (
			);
			inputFileListPaths = (
			);
			inputPaths = (
				"${PODS_PODFILE_DIR_PATH}/Podfile.lock",
				"${PODS_ROOT}/Manifest.lock",
			);
			name = "[CP] Check Pods Manifest.lock";
			outputFileListPaths = (
			);
			outputPaths = (
				"$(DERIVED_FILE_DIR)/Pods-edu-appTests-checkManifestLockResult.txt",
			);
			runOnlyForDeploymentPostprocessing = 0;
			shellPath = /bin/sh;
			shellScript = "diff \"${PODS_PODFILE_DIR_PATH}/Podfile.lock\" \"${PODS_ROOT}/Manifest.lock\" > /dev/null\nif [ $? != 0 ] ; then\n    # print error to STDERR\n    echo \"error: The sandbox is not in sync with the Podfile.lock. Run 'pod install' or update your CocoaPods installation.\" >&2\n    exit 1\nfi\n# This output is used by Xcode 'outputs' to avoid re-running this script phase.\necho \"SUCCESS\" > \"${SCRIPT_OUTPUT_FILE_0}\"\n";
			showEnvVarsInLog = 0;
		};
		F157F2E7107A0EFFD42EE657 /* [CP] Copy Pods Resources */ = {
			isa = PBXShellScriptBuildPhase;
			buildActionMask = 2147483647;
			files = (
			);
			inputFileListPaths = (
				"${PODS_ROOT}/Target Support Files/Pods-edu-app/Pods-edu-app-resources-${CONFIGURATION}-input-files.xcfilelist",
			);
			name = "[CP] Copy Pods Resources";
			outputFileListPaths = (
				"${PODS_ROOT}/Target Support Files/Pods-edu-app/Pods-edu-app-resources-${CONFIGURATION}-output-files.xcfilelist",
			);
			runOnlyForDeploymentPostprocessing = 0;
			shellPath = /bin/sh;
			shellScript = "\"${PODS_ROOT}/Target Support Files/Pods-edu-app/Pods-edu-app-resources.sh\"\n";
			showEnvVarsInLog = 0;
		};
/* End PBXShellScriptBuildPhase section */

/* Begin PBXSourcesBuildPhase section */
		4D68A63F27BBA3B400997CFF /* Sources */ = {
			isa = PBXSourcesBuildPhase;
			buildActionMask = 2147483647;
			files = (
				4D68A68027BCF40F00997CFF /* LevelSelectView.swift in Sources */,
				4D053E9D27F5D30200B3E198 /* StrokeManager.swift in Sources */,
				4DC73FCA2835127C004FD1A0 /* ShopItem+CoreDataProperties.swift in Sources */,
				4DDC5F602826FE0200BDC385 /* AchievementsView.swift in Sources */,
				4DB939022826A12D00883CD5 /* NavigationLazyView.swift in Sources */,
				4D75A7C9282C42F10077DE75 /* WritingLettersLevelViewModel.swift in Sources */,
				4D68A68227BCF41800997CFF /* LevelSelectViewModel.swift in Sources */,
				4D68A67B27BBCCE000997CFF /* MainMenuView.swift in Sources */,
				4DE3A5C328186606005DF33E /* AppColor.swift in Sources */,
				4D84C5532845DAE700D5BC57 /* View+BlinkModigier.swift in Sources */,
				4DC73FC92835127C004FD1A0 /* ShopItem+CoreDataClass.swift in Sources */,
				4D68A67127BBBBD200997CFF /* AppCoordinator.swift in Sources */,
				4D4E05DC280D663E00569C16 /* DataController.swift in Sources */,
				4D929C802834E32600504405 /* ShopService.swift in Sources */,
				4D8F5212284B585A0092DCC3 /* WritingWordsViewModel.swift in Sources */,
				4D48B3B8282E55AE0066EAC8 /* LevelService.swift in Sources */,
				4D68A67D27BBCCEF00997CFF /* MainMenuViewModel.swift in Sources */,
				4D053E9B27F5D1DD00B3E198 /* DrawingCanvasViewController.swift in Sources */,
				4D8F521A284B76FC0092DCC3 /* Level+CoreDataProperties.swift in Sources */,
				4DDC5F622826FE3400BDC385 /* AchievementsViewModel.swift in Sources */,
				4D6EC865281D8FAF00C70061 /* ShopView.swift in Sources */,
				4D84C55128454FD100D5BC57 /* LevelProgressBarView.swift in Sources */,
				4D4E05ED280D855800569C16 /* DecodableLevel.swift in Sources */,
				4D6EC86B281DCBE800C70061 /* DecodableShopItem.swift in Sources */,
				4D526BCC282A629300B8FEA3 /* DecodableAchievementItem.swift in Sources */,
				4DA22D9827D36F4E00634AA8 /* AppFont.swift in Sources */,
				4D0FF533282FAC5E0083E06B /* AchievementService.swift in Sources */,
				4D526BC82827D1AE00B8FEA3 /* ProgressBar.swift in Sources */,
				4D85A69627E7425E008FA08D /* WritingLettersLevelView.swift in Sources */,
				4DDFBCB7284933C10079A4E6 /* RoundedButton.swift in Sources */,
				4DF72C88284A9F69000E6627 /* View+ViewDidLoadModifier.swift in Sources */,
				4D87C9FD282676D9002EFB8D /* PlayerView.swift in Sources */,
				4D87C9FF28267750002EFB8D /* PlayerUIView.swift in Sources */,
				4DDC5F642827024500BDC385 /* AchievementItemView.swift in Sources */,
				4DA6372A2841668500A6F785 /* CoinsServicePreviewMock.swift in Sources */,
				4DB939062826B69E00883CD5 /* UIColor+Hex.swift in Sources */,
				4DA6372E28416DA000A6F785 /* LevelServicePreviewMock.swift in Sources */,
				4D2A41572846985B004ED339 /* LevelProgressBarViewModel.swift in Sources */,
				4D68A64727BBA3B400997CFF /* edu_appApp.swift in Sources */,
				4D6EC863281D8F6900C70061 /* ShopViewModel.swift in Sources */,
				4D053E9F27F5D32100B3E198 /* RecognizedInk.swift in Sources */,
				4D8F5219284B76FC0092DCC3 /* Level+CoreDataClass.swift in Sources */,
				4DA22D9527D368F300634AA8 /* AppImage.swift in Sources */,
				4D85A69B27E74575008FA08D /* DrawingCanvasView.swift in Sources */,
				4D053EAC27F844AB00B3E198 /* LevelValidatorService.swift in Sources */,
				4D8F5210284B584E0092DCC3 /* WritingWordsView.swift in Sources */,
				4D053EA327F7844800B3E198 /* DrawingCanvasViewModel.swift in Sources */,
				4DA6372C2841691200A6F785 /* AchievementServicePreviewMock.swift in Sources */,
				4DC2D718280AE24D003CFDD7 /* LevelButton.swift in Sources */,
				4D053EA827F841A500B3E198 /* Levels.swift in Sources */,
				4D75A7C1282BA88F0077DE75 /* Achievement+CoreDataProperties.swift in Sources */,
				4D4E05D8280D640000569C16 /* Game.xcdatamodeld in Sources */,
				4D75A7C0282BA88F0077DE75 /* Achievement+CoreDataClass.swift in Sources */,
			);
			runOnlyForDeploymentPostprocessing = 0;
		};
		4D68A64F27BBA3B600997CFF /* Sources */ = {
			isa = PBXSourcesBuildPhase;
			buildActionMask = 2147483647;
			files = (
				4D68A65827BBA3B600997CFF /* edu_appTests.swift in Sources */,
			);
			runOnlyForDeploymentPostprocessing = 0;
		};
		4D68A65927BBA3B600997CFF /* Sources */ = {
			isa = PBXSourcesBuildPhase;
			buildActionMask = 2147483647;
			files = (
				4D68A66227BBA3B600997CFF /* edu_appUITests.swift in Sources */,
				4D68A66427BBA3B600997CFF /* edu_appUITestsLaunchTests.swift in Sources */,
			);
			runOnlyForDeploymentPostprocessing = 0;
		};
/* End PBXSourcesBuildPhase section */

/* Begin PBXTargetDependency section */
		4D68A65527BBA3B600997CFF /* PBXTargetDependency */ = {
			isa = PBXTargetDependency;
			target = 4D68A64227BBA3B400997CFF /* edu-app */;
			targetProxy = 4D68A65427BBA3B600997CFF /* PBXContainerItemProxy */;
		};
		4D68A65F27BBA3B600997CFF /* PBXTargetDependency */ = {
			isa = PBXTargetDependency;
			target = 4D68A64227BBA3B400997CFF /* edu-app */;
			targetProxy = 4D68A65E27BBA3B600997CFF /* PBXContainerItemProxy */;
		};
/* End PBXTargetDependency section */

/* Begin XCBuildConfiguration section */
		4D68A66527BBA3B600997CFF /* Debug */ = {
			isa = XCBuildConfiguration;
			buildSettings = {
				ALWAYS_SEARCH_USER_PATHS = NO;
				CLANG_ANALYZER_NONNULL = YES;
				CLANG_ANALYZER_NUMBER_OBJECT_CONVERSION = YES_AGGRESSIVE;
				CLANG_CXX_LANGUAGE_STANDARD = "gnu++17";
				CLANG_CXX_LIBRARY = "libc++";
				CLANG_ENABLE_MODULES = YES;
				CLANG_ENABLE_OBJC_ARC = YES;
				CLANG_ENABLE_OBJC_WEAK = YES;
				CLANG_WARN_BLOCK_CAPTURE_AUTORELEASING = YES;
				CLANG_WARN_BOOL_CONVERSION = YES;
				CLANG_WARN_COMMA = YES;
				CLANG_WARN_CONSTANT_CONVERSION = YES;
				CLANG_WARN_DEPRECATED_OBJC_IMPLEMENTATIONS = YES;
				CLANG_WARN_DIRECT_OBJC_ISA_USAGE = YES_ERROR;
				CLANG_WARN_DOCUMENTATION_COMMENTS = YES;
				CLANG_WARN_EMPTY_BODY = YES;
				CLANG_WARN_ENUM_CONVERSION = YES;
				CLANG_WARN_INFINITE_RECURSION = YES;
				CLANG_WARN_INT_CONVERSION = YES;
				CLANG_WARN_NON_LITERAL_NULL_CONVERSION = YES;
				CLANG_WARN_OBJC_IMPLICIT_RETAIN_SELF = YES;
				CLANG_WARN_OBJC_LITERAL_CONVERSION = YES;
				CLANG_WARN_OBJC_ROOT_CLASS = YES_ERROR;
				CLANG_WARN_QUOTED_INCLUDE_IN_FRAMEWORK_HEADER = YES;
				CLANG_WARN_RANGE_LOOP_ANALYSIS = YES;
				CLANG_WARN_STRICT_PROTOTYPES = YES;
				CLANG_WARN_SUSPICIOUS_MOVE = YES;
				CLANG_WARN_UNGUARDED_AVAILABILITY = YES_AGGRESSIVE;
				CLANG_WARN_UNREACHABLE_CODE = YES;
				CLANG_WARN__DUPLICATE_METHOD_MATCH = YES;
				COPY_PHASE_STRIP = NO;
				DEBUG_INFORMATION_FORMAT = dwarf;
				ENABLE_STRICT_OBJC_MSGSEND = YES;
				ENABLE_TESTABILITY = YES;
				GCC_C_LANGUAGE_STANDARD = gnu11;
				GCC_DYNAMIC_NO_PIC = NO;
				GCC_NO_COMMON_BLOCKS = YES;
				GCC_OPTIMIZATION_LEVEL = 0;
				GCC_PREPROCESSOR_DEFINITIONS = (
					"DEBUG=1",
					"$(inherited)",
				);
				GCC_WARN_64_TO_32_BIT_CONVERSION = YES;
				GCC_WARN_ABOUT_RETURN_TYPE = YES_ERROR;
				GCC_WARN_UNDECLARED_SELECTOR = YES;
				GCC_WARN_UNINITIALIZED_AUTOS = YES_AGGRESSIVE;
				GCC_WARN_UNUSED_FUNCTION = YES;
				GCC_WARN_UNUSED_VARIABLE = YES;
				IPHONEOS_DEPLOYMENT_TARGET = 15.2;
				MTL_ENABLE_DEBUG_INFO = INCLUDE_SOURCE;
				MTL_FAST_MATH = YES;
				ONLY_ACTIVE_ARCH = YES;
				SDKROOT = iphoneos;
				SWIFT_ACTIVE_COMPILATION_CONDITIONS = DEBUG;
				SWIFT_OPTIMIZATION_LEVEL = "-Onone";
			};
			name = Debug;
		};
		4D68A66627BBA3B600997CFF /* Release */ = {
			isa = XCBuildConfiguration;
			buildSettings = {
				ALWAYS_SEARCH_USER_PATHS = NO;
				CLANG_ANALYZER_NONNULL = YES;
				CLANG_ANALYZER_NUMBER_OBJECT_CONVERSION = YES_AGGRESSIVE;
				CLANG_CXX_LANGUAGE_STANDARD = "gnu++17";
				CLANG_CXX_LIBRARY = "libc++";
				CLANG_ENABLE_MODULES = YES;
				CLANG_ENABLE_OBJC_ARC = YES;
				CLANG_ENABLE_OBJC_WEAK = YES;
				CLANG_WARN_BLOCK_CAPTURE_AUTORELEASING = YES;
				CLANG_WARN_BOOL_CONVERSION = YES;
				CLANG_WARN_COMMA = YES;
				CLANG_WARN_CONSTANT_CONVERSION = YES;
				CLANG_WARN_DEPRECATED_OBJC_IMPLEMENTATIONS = YES;
				CLANG_WARN_DIRECT_OBJC_ISA_USAGE = YES_ERROR;
				CLANG_WARN_DOCUMENTATION_COMMENTS = YES;
				CLANG_WARN_EMPTY_BODY = YES;
				CLANG_WARN_ENUM_CONVERSION = YES;
				CLANG_WARN_INFINITE_RECURSION = YES;
				CLANG_WARN_INT_CONVERSION = YES;
				CLANG_WARN_NON_LITERAL_NULL_CONVERSION = YES;
				CLANG_WARN_OBJC_IMPLICIT_RETAIN_SELF = YES;
				CLANG_WARN_OBJC_LITERAL_CONVERSION = YES;
				CLANG_WARN_OBJC_ROOT_CLASS = YES_ERROR;
				CLANG_WARN_QUOTED_INCLUDE_IN_FRAMEWORK_HEADER = YES;
				CLANG_WARN_RANGE_LOOP_ANALYSIS = YES;
				CLANG_WARN_STRICT_PROTOTYPES = YES;
				CLANG_WARN_SUSPICIOUS_MOVE = YES;
				CLANG_WARN_UNGUARDED_AVAILABILITY = YES_AGGRESSIVE;
				CLANG_WARN_UNREACHABLE_CODE = YES;
				CLANG_WARN__DUPLICATE_METHOD_MATCH = YES;
				COPY_PHASE_STRIP = NO;
				DEBUG_INFORMATION_FORMAT = "dwarf-with-dsym";
				ENABLE_NS_ASSERTIONS = NO;
				ENABLE_STRICT_OBJC_MSGSEND = YES;
				GCC_C_LANGUAGE_STANDARD = gnu11;
				GCC_NO_COMMON_BLOCKS = YES;
				GCC_WARN_64_TO_32_BIT_CONVERSION = YES;
				GCC_WARN_ABOUT_RETURN_TYPE = YES_ERROR;
				GCC_WARN_UNDECLARED_SELECTOR = YES;
				GCC_WARN_UNINITIALIZED_AUTOS = YES_AGGRESSIVE;
				GCC_WARN_UNUSED_FUNCTION = YES;
				GCC_WARN_UNUSED_VARIABLE = YES;
				IPHONEOS_DEPLOYMENT_TARGET = 15.2;
				MTL_ENABLE_DEBUG_INFO = NO;
				MTL_FAST_MATH = YES;
				SDKROOT = iphoneos;
				SWIFT_COMPILATION_MODE = wholemodule;
				SWIFT_OPTIMIZATION_LEVEL = "-O";
				VALIDATE_PRODUCT = YES;
			};
			name = Release;
		};
		4D68A66827BBA3B600997CFF /* Debug */ = {
			isa = XCBuildConfiguration;
			baseConfigurationReference = 8AA75032E4EE58F75ED877B4 /* Pods-edu-app.debug.xcconfig */;
			buildSettings = {
				ASSETCATALOG_COMPILER_APPICON_NAME = AppIcon;
				ASSETCATALOG_COMPILER_GLOBAL_ACCENT_COLOR_NAME = AccentColor;
				CODE_SIGN_STYLE = Automatic;
				CURRENT_PROJECT_VERSION = 1;
				DEVELOPMENT_ASSET_PATHS = "\"edu-app/Preview Content\"";
				DEVELOPMENT_TEAM = 77DZBPAYNT;
				ENABLE_PREVIEWS = YES;
				GENERATE_INFOPLIST_FILE = YES;
				INFOPLIST_FILE = "edu-app/Info.plist";
				INFOPLIST_KEY_UIApplicationSceneManifest_Generation = YES;
				INFOPLIST_KEY_UIApplicationSupportsIndirectInputEvents = YES;
				INFOPLIST_KEY_UILaunchScreen_Generation = YES;
				INFOPLIST_KEY_UISupportedInterfaceOrientations = "UIInterfaceOrientationLandscapeLeft UIInterfaceOrientationLandscapeRight";
				INFOPLIST_KEY_UISupportedInterfaceOrientations_iPad = "UIInterfaceOrientationPortrait UIInterfaceOrientationPortraitUpsideDown UIInterfaceOrientationLandscapeLeft UIInterfaceOrientationLandscapeRight";
				INFOPLIST_KEY_UISupportedInterfaceOrientations_iPhone = "UIInterfaceOrientationLandscapeLeft UIInterfaceOrientationLandscapeRight";
				IPHONEOS_DEPLOYMENT_TARGET = 15.2;
				LD_RUNPATH_SEARCH_PATHS = (
					"$(inherited)",
					"@executable_path/Frameworks",
				);
				MARKETING_VERSION = 1.0;
				PRODUCT_BUNDLE_IDENTIFIER = "com.filip.culig.edu-app";
				PRODUCT_NAME = Pisanka;
				SWIFT_EMIT_LOC_STRINGS = YES;
				SWIFT_VERSION = 5.0;
				TARGETED_DEVICE_FAMILY = "1,2";
			};
			name = Debug;
		};
		4D68A66927BBA3B600997CFF /* Release */ = {
			isa = XCBuildConfiguration;
			baseConfigurationReference = 23B02779D6297D83BA4C19CE /* Pods-edu-app.release.xcconfig */;
			buildSettings = {
				ASSETCATALOG_COMPILER_APPICON_NAME = AppIcon;
				ASSETCATALOG_COMPILER_GLOBAL_ACCENT_COLOR_NAME = AccentColor;
				CODE_SIGN_STYLE = Automatic;
				CURRENT_PROJECT_VERSION = 1;
				DEVELOPMENT_ASSET_PATHS = "\"edu-app/Preview Content\"";
				DEVELOPMENT_TEAM = 77DZBPAYNT;
				ENABLE_PREVIEWS = YES;
				GENERATE_INFOPLIST_FILE = YES;
				INFOPLIST_FILE = "edu-app/Info.plist";
				INFOPLIST_KEY_UIApplicationSceneManifest_Generation = YES;
				INFOPLIST_KEY_UIApplicationSupportsIndirectInputEvents = YES;
				INFOPLIST_KEY_UILaunchScreen_Generation = YES;
				INFOPLIST_KEY_UISupportedInterfaceOrientations = "UIInterfaceOrientationLandscapeLeft UIInterfaceOrientationLandscapeRight";
				INFOPLIST_KEY_UISupportedInterfaceOrientations_iPad = "UIInterfaceOrientationPortrait UIInterfaceOrientationPortraitUpsideDown UIInterfaceOrientationLandscapeLeft UIInterfaceOrientationLandscapeRight";
				INFOPLIST_KEY_UISupportedInterfaceOrientations_iPhone = "UIInterfaceOrientationLandscapeLeft UIInterfaceOrientationLandscapeRight";
				IPHONEOS_DEPLOYMENT_TARGET = 15.2;
				LD_RUNPATH_SEARCH_PATHS = (
					"$(inherited)",
					"@executable_path/Frameworks",
				);
				MARKETING_VERSION = 1.0;
				PRODUCT_BUNDLE_IDENTIFIER = "com.filip.culig.edu-app";
				PRODUCT_NAME = Pisanka;
				SWIFT_EMIT_LOC_STRINGS = YES;
				SWIFT_VERSION = 5.0;
				TARGETED_DEVICE_FAMILY = "1,2";
			};
			name = Release;
		};
		4D68A66B27BBA3B600997CFF /* Debug */ = {
			isa = XCBuildConfiguration;
			baseConfigurationReference = 508DF7511ABF05E1233748FE /* Pods-edu-appTests.debug.xcconfig */;
			buildSettings = {
				ALWAYS_EMBED_SWIFT_STANDARD_LIBRARIES = YES;
				BUNDLE_LOADER = "$(TEST_HOST)";
				CODE_SIGN_STYLE = Automatic;
				CURRENT_PROJECT_VERSION = 1;
				DEVELOPMENT_TEAM = 77DZBPAYNT;
				GENERATE_INFOPLIST_FILE = YES;
				IPHONEOS_DEPLOYMENT_TARGET = 15.2;
				MARKETING_VERSION = 1.0;
				PRODUCT_BUNDLE_IDENTIFIER = "com.filip.culig.edu-appTests";
				PRODUCT_NAME = "$(TARGET_NAME)";
				SWIFT_EMIT_LOC_STRINGS = NO;
				SWIFT_VERSION = 5.0;
				TARGETED_DEVICE_FAMILY = "1,2";
				TEST_HOST = "$(BUILT_PRODUCTS_DIR)/edu-app.app/edu-app";
			};
			name = Debug;
		};
		4D68A66C27BBA3B600997CFF /* Release */ = {
			isa = XCBuildConfiguration;
			baseConfigurationReference = 7AAE494FF08CF2ED8A82F24B /* Pods-edu-appTests.release.xcconfig */;
			buildSettings = {
				ALWAYS_EMBED_SWIFT_STANDARD_LIBRARIES = YES;
				BUNDLE_LOADER = "$(TEST_HOST)";
				CODE_SIGN_STYLE = Automatic;
				CURRENT_PROJECT_VERSION = 1;
				DEVELOPMENT_TEAM = 77DZBPAYNT;
				GENERATE_INFOPLIST_FILE = YES;
				IPHONEOS_DEPLOYMENT_TARGET = 15.2;
				MARKETING_VERSION = 1.0;
				PRODUCT_BUNDLE_IDENTIFIER = "com.filip.culig.edu-appTests";
				PRODUCT_NAME = "$(TARGET_NAME)";
				SWIFT_EMIT_LOC_STRINGS = NO;
				SWIFT_VERSION = 5.0;
				TARGETED_DEVICE_FAMILY = "1,2";
				TEST_HOST = "$(BUILT_PRODUCTS_DIR)/edu-app.app/edu-app";
			};
			name = Release;
		};
		4D68A66E27BBA3B600997CFF /* Debug */ = {
			isa = XCBuildConfiguration;
			baseConfigurationReference = 5DDC9428A46152CF28E54AE3 /* Pods-edu-app-edu-appUITests.debug.xcconfig */;
			buildSettings = {
				ALWAYS_EMBED_SWIFT_STANDARD_LIBRARIES = YES;
				CODE_SIGN_STYLE = Automatic;
				CURRENT_PROJECT_VERSION = 1;
				DEVELOPMENT_TEAM = 77DZBPAYNT;
				GENERATE_INFOPLIST_FILE = YES;
				MARKETING_VERSION = 1.0;
				PRODUCT_BUNDLE_IDENTIFIER = "com.filip.culig.edu-appUITests";
				PRODUCT_NAME = "$(TARGET_NAME)";
				SWIFT_EMIT_LOC_STRINGS = NO;
				SWIFT_VERSION = 5.0;
				TARGETED_DEVICE_FAMILY = "1,2";
				TEST_TARGET_NAME = "edu-app";
			};
			name = Debug;
		};
		4D68A66F27BBA3B600997CFF /* Release */ = {
			isa = XCBuildConfiguration;
			baseConfigurationReference = 7D79AB1BE5BF238490599A18 /* Pods-edu-app-edu-appUITests.release.xcconfig */;
			buildSettings = {
				ALWAYS_EMBED_SWIFT_STANDARD_LIBRARIES = YES;
				CODE_SIGN_STYLE = Automatic;
				CURRENT_PROJECT_VERSION = 1;
				DEVELOPMENT_TEAM = 77DZBPAYNT;
				GENERATE_INFOPLIST_FILE = YES;
				MARKETING_VERSION = 1.0;
				PRODUCT_BUNDLE_IDENTIFIER = "com.filip.culig.edu-appUITests";
				PRODUCT_NAME = "$(TARGET_NAME)";
				SWIFT_EMIT_LOC_STRINGS = NO;
				SWIFT_VERSION = 5.0;
				TARGETED_DEVICE_FAMILY = "1,2";
				TEST_TARGET_NAME = "edu-app";
			};
			name = Release;
		};
/* End XCBuildConfiguration section */

/* Begin XCConfigurationList section */
		4D68A63E27BBA3B400997CFF /* Build configuration list for PBXProject "edu-app" */ = {
			isa = XCConfigurationList;
			buildConfigurations = (
				4D68A66527BBA3B600997CFF /* Debug */,
				4D68A66627BBA3B600997CFF /* Release */,
			);
			defaultConfigurationIsVisible = 0;
			defaultConfigurationName = Release;
		};
		4D68A66727BBA3B600997CFF /* Build configuration list for PBXNativeTarget "edu-app" */ = {
			isa = XCConfigurationList;
			buildConfigurations = (
				4D68A66827BBA3B600997CFF /* Debug */,
				4D68A66927BBA3B600997CFF /* Release */,
			);
			defaultConfigurationIsVisible = 0;
			defaultConfigurationName = Release;
		};
		4D68A66A27BBA3B600997CFF /* Build configuration list for PBXNativeTarget "edu-appTests" */ = {
			isa = XCConfigurationList;
			buildConfigurations = (
				4D68A66B27BBA3B600997CFF /* Debug */,
				4D68A66C27BBA3B600997CFF /* Release */,
			);
			defaultConfigurationIsVisible = 0;
			defaultConfigurationName = Release;
		};
		4D68A66D27BBA3B600997CFF /* Build configuration list for PBXNativeTarget "edu-appUITests" */ = {
			isa = XCConfigurationList;
			buildConfigurations = (
				4D68A66E27BBA3B600997CFF /* Debug */,
				4D68A66F27BBA3B600997CFF /* Release */,
			);
			defaultConfigurationIsVisible = 0;
			defaultConfigurationName = Release;
		};
/* End XCConfigurationList section */

/* Begin XCVersionGroup section */
		4D4E05D6280D640000569C16 /* Game.xcdatamodeld */ = {
			isa = XCVersionGroup;
			children = (
				4D4E05D7280D640000569C16 /* Level.xcdatamodel */,
			);
			currentVersion = 4D4E05D7280D640000569C16 /* Level.xcdatamodel */;
			path = Game.xcdatamodeld;
			sourceTree = "<group>";
			versionGroupType = wrapper.xcdatamodel;
		};
/* End XCVersionGroup section */
	};
	rootObject = 4D68A63B27BBA3B400997CFF /* Project object */;
}
