// !$*UTF8*$!
{
	archiveVersion = 1;
	classes = {
	};
	objectVersion = 55;
	objects = {

/* Begin PBXBuildFile section */
		399755BA66E82C6A16A2DF90 /* Pods_edu_app.framework in Frameworks */ = {isa = PBXBuildFile; fileRef = 9C5AC658CDE32265CE9625D0 /* Pods_edu_app.framework */; };
		4D053E9B27F5D1DD00B3E198 /* DrawingCanvasViewController.swift in Sources */ = {isa = PBXBuildFile; fileRef = 4D053E9A27F5D1DD00B3E198 /* DrawingCanvasViewController.swift */; };
		4D053E9D27F5D30200B3E198 /* StrokeManager.swift in Sources */ = {isa = PBXBuildFile; fileRef = 4D053E9C27F5D30200B3E198 /* StrokeManager.swift */; };
		4D053E9F27F5D32100B3E198 /* RecognizedInk.swift in Sources */ = {isa = PBXBuildFile; fileRef = 4D053E9E27F5D32100B3E198 /* RecognizedInk.swift */; };
		4D053EA327F7844800B3E198 /* DrawingCanvasViewModel.swift in Sources */ = {isa = PBXBuildFile; fileRef = 4D053EA227F7844800B3E198 /* DrawingCanvasViewModel.swift */; };
		4D053EA827F841A500B3E198 /* Levels.swift in Sources */ = {isa = PBXBuildFile; fileRef = 4D053EA727F841A500B3E198 /* Levels.swift */; };
		4D053EAC27F844AB00B3E198 /* LevelValidatorService.swift in Sources */ = {isa = PBXBuildFile; fileRef = 4D053EAB27F844AB00B3E198 /* LevelValidatorService.swift */; };
		4D0FF533282FAC5E0083E06B /* AchievementService.swift in Sources */ = {isa = PBXBuildFile; fileRef = 4D0FF532282FAC5E0083E06B /* AchievementService.swift */; };
		4D2A41572846985B004ED339 /* LevelProgressBarViewModel.swift in Sources */ = {isa = PBXBuildFile; fileRef = 4D2A41562846985B004ED339 /* LevelProgressBarViewModel.swift */; };
		4D2DEA0D2A2338E30081D753 /* ParentalGateDialogView.swift in Sources */ = {isa = PBXBuildFile; fileRef = 4D2DEA0C2A2338E30081D753 /* ParentalGateDialogView.swift */; };
		4D2DEA0F2A233BB50081D753 /* ParentalGateDialogViewModel.swift in Sources */ = {isa = PBXBuildFile; fileRef = 4D2DEA0E2A233BB50081D753 /* ParentalGateDialogViewModel.swift */; };
		4D48B3B8282E55AE0066EAC8 /* LevelService.swift in Sources */ = {isa = PBXBuildFile; fileRef = 4D48B3B7282E55AE0066EAC8 /* LevelService.swift */; };
		4D492219284E414600BA7B1B /* B.mp4 in Resources */ = {isa = PBXBuildFile; fileRef = 4D492218284E414600BA7B1B /* B.mp4 */; };
		4D492226284E61E000BA7B1B /* I.mp4 in Resources */ = {isa = PBXBuildFile; fileRef = 4D492224284E61E000BA7B1B /* I.mp4 */; };
		4D492227284E61E000BA7B1B /* L.mp4 in Resources */ = {isa = PBXBuildFile; fileRef = 4D492225284E61E000BA7B1B /* L.mp4 */; };
		4D4E05D8280D640000569C16 /* Game.xcdatamodeld in Sources */ = {isa = PBXBuildFile; fileRef = 4D4E05D6280D640000569C16 /* Game.xcdatamodeld */; };
		4D4E05DC280D663E00569C16 /* DataController.swift in Sources */ = {isa = PBXBuildFile; fileRef = 4D4E05DB280D663E00569C16 /* DataController.swift */; };
		4D4E05DE280D6B5200569C16 /* Levels.json in Resources */ = {isa = PBXBuildFile; fileRef = 4D4E05DD280D6B5200569C16 /* Levels.json */; };
		4D4E05ED280D855800569C16 /* DecodableLevel.swift in Sources */ = {isa = PBXBuildFile; fileRef = 4D4E05EC280D855800569C16 /* DecodableLevel.swift */; };
		4D51D5652881E98000E2ACDA /* button-tap.mp3 in Resources */ = {isa = PBXBuildFile; fileRef = 4D51D5642881E98000E2ACDA /* button-tap.mp3 */; };
		4D51D5672881EA0800E2ACDA /* SoundService.swift in Sources */ = {isa = PBXBuildFile; fileRef = 4D51D5662881EA0800E2ACDA /* SoundService.swift */; };
		4D51D5692881ED9E00E2ACDA /* SoundServicePreviewMock.swift in Sources */ = {isa = PBXBuildFile; fileRef = 4D51D5682881ED9E00E2ACDA /* SoundServicePreviewMock.swift */; };
		4D51D56F2882D1E100E2ACDA /* Button.swift in Sources */ = {isa = PBXBuildFile; fileRef = 4D51D56E2882D1E100E2ACDA /* Button.swift */; };
		4D51D5712882D37600E2ACDA /* TypeAliases.swift in Sources */ = {isa = PBXBuildFile; fileRef = 4D51D5702882D37600E2ACDA /* TypeAliases.swift */; };
		4D526BC82827D1AE00B8FEA3 /* ProgressBar.swift in Sources */ = {isa = PBXBuildFile; fileRef = 4D526BC72827D1AE00B8FEA3 /* ProgressBar.swift */; };
		4D526BCA282A589F00B8FEA3 /* Achievements.json in Resources */ = {isa = PBXBuildFile; fileRef = 4D526BC9282A589F00B8FEA3 /* Achievements.json */; };
		4D526BCC282A629300B8FEA3 /* DecodableAchievementItem.swift in Sources */ = {isa = PBXBuildFile; fileRef = 4D526BCB282A629300B8FEA3 /* DecodableAchievementItem.swift */; };
		4D572A572884883D002AEA9E /* track-1.mp3 in Resources */ = {isa = PBXBuildFile; fileRef = 4D572A562884883D002AEA9E /* track-1.mp3 */; };
		4D572A5928848857002AEA9E /* track-2.mp3 in Resources */ = {isa = PBXBuildFile; fileRef = 4D572A5828848857002AEA9E /* track-2.mp3 */; };
		4D572A5B2884886B002AEA9E /* track-3.mp3 in Resources */ = {isa = PBXBuildFile; fileRef = 4D572A5A2884886B002AEA9E /* track-3.mp3 */; };
		4D572A5D28848883002AEA9E /* track-4.mp3 in Resources */ = {isa = PBXBuildFile; fileRef = 4D572A5C28848883002AEA9E /* track-4.mp3 */; };
		4D572A5F28848892002AEA9E /* track-5.mp3 in Resources */ = {isa = PBXBuildFile; fileRef = 4D572A5E28848892002AEA9E /* track-5.mp3 */; };
		4D572A61288488A5002AEA9E /* track-6.mp3 in Resources */ = {isa = PBXBuildFile; fileRef = 4D572A60288488A5002AEA9E /* track-6.mp3 */; };
		4D572A63288488B3002AEA9E /* track-7.mp3 in Resources */ = {isa = PBXBuildFile; fileRef = 4D572A62288488B3002AEA9E /* track-7.mp3 */; };
		4D572A6528848A9F002AEA9E /* BackgroundMusicService.swift in Sources */ = {isa = PBXBuildFile; fileRef = 4D572A6428848A9F002AEA9E /* BackgroundMusicService.swift */; };
		4D68A64727BBA3B400997CFF /* edu_appApp.swift in Sources */ = {isa = PBXBuildFile; fileRef = 4D68A64627BBA3B400997CFF /* edu_appApp.swift */; };
		4D68A64B27BBA3B500997CFF /* Assets.xcassets in Resources */ = {isa = PBXBuildFile; fileRef = 4D68A64A27BBA3B500997CFF /* Assets.xcassets */; };
		4D68A64E27BBA3B500997CFF /* Preview Assets.xcassets in Resources */ = {isa = PBXBuildFile; fileRef = 4D68A64D27BBA3B500997CFF /* Preview Assets.xcassets */; };
		4D68A65827BBA3B600997CFF /* edu_appTests.swift in Sources */ = {isa = PBXBuildFile; fileRef = 4D68A65727BBA3B600997CFF /* edu_appTests.swift */; };
		4D68A67127BBBBD200997CFF /* AppCoordinator.swift in Sources */ = {isa = PBXBuildFile; fileRef = 4D68A67027BBBBD200997CFF /* AppCoordinator.swift */; };
		4D68A67B27BBCCE000997CFF /* MainMenuView.swift in Sources */ = {isa = PBXBuildFile; fileRef = 4D68A67A27BBCCE000997CFF /* MainMenuView.swift */; };
		4D68A67D27BBCCEF00997CFF /* MainMenuViewModel.swift in Sources */ = {isa = PBXBuildFile; fileRef = 4D68A67C27BBCCEF00997CFF /* MainMenuViewModel.swift */; };
		4D68A68027BCF40F00997CFF /* LevelSelectView.swift in Sources */ = {isa = PBXBuildFile; fileRef = 4D68A67F27BCF40F00997CFF /* LevelSelectView.swift */; };
		4D68A68227BCF41800997CFF /* LevelSelectViewModel.swift in Sources */ = {isa = PBXBuildFile; fileRef = 4D68A68127BCF41800997CFF /* LevelSelectViewModel.swift */; };
		4D6EC863281D8F6900C70061 /* ShopViewModel.swift in Sources */ = {isa = PBXBuildFile; fileRef = 4D6EC862281D8F6900C70061 /* ShopViewModel.swift */; };
		4D6EC865281D8FAF00C70061 /* ShopView.swift in Sources */ = {isa = PBXBuildFile; fileRef = 4D6EC864281D8FAF00C70061 /* ShopView.swift */; };
		4D6EC867281DC32D00C70061 /* Shop.xcassets in Resources */ = {isa = PBXBuildFile; fileRef = 4D6EC866281DC32D00C70061 /* Shop.xcassets */; };
		4D6EC869281DC5B900C70061 /* ShopItems.json in Resources */ = {isa = PBXBuildFile; fileRef = 4D6EC868281DC5B900C70061 /* ShopItems.json */; };
		4D6EC86B281DCBE800C70061 /* DecodableShopItem.swift in Sources */ = {isa = PBXBuildFile; fileRef = 4D6EC86A281DCBE800C70061 /* DecodableShopItem.swift */; };
		4D72F9A829879D1D00661E38 /* Screen.swift in Sources */ = {isa = PBXBuildFile; fileRef = 4D72F9A729879D1D00661E38 /* Screen.swift */; };
		4D75995C282316600093849C /* VideoTutorials.xcassets in Resources */ = {isa = PBXBuildFile; fileRef = 4D75995B282316600093849C /* VideoTutorials.xcassets */; };
		4D75995F282317FB0093849C /* A.mp4 in Resources */ = {isa = PBXBuildFile; fileRef = 4D75995E282317FB0093849C /* A.mp4 */; };
		4D75A7C0282BA88F0077DE75 /* Achievement+CoreDataClass.swift in Sources */ = {isa = PBXBuildFile; fileRef = 4D75A7BE282BA88F0077DE75 /* Achievement+CoreDataClass.swift */; };
		4D75A7C1282BA88F0077DE75 /* Achievement+CoreDataProperties.swift in Sources */ = {isa = PBXBuildFile; fileRef = 4D75A7BF282BA88F0077DE75 /* Achievement+CoreDataProperties.swift */; };
		4D75A7C9282C42F10077DE75 /* WritingLettersLevelViewModel.swift in Sources */ = {isa = PBXBuildFile; fileRef = 4D75A7C8282C42F10077DE75 /* WritingLettersLevelViewModel.swift */; };
		4D8074FF290FDC8B00FAFCF4 /* UIComponents.xcassets in Resources */ = {isa = PBXBuildFile; fileRef = 4D8074FE290FDC8B00FAFCF4 /* UIComponents.xcassets */; };
		4D807502290FDE3A00FAFCF4 /* Panel.swift in Sources */ = {isa = PBXBuildFile; fileRef = 4D807501290FDE3A00FAFCF4 /* Panel.swift */; };
		4D80D3F328C3570E00F09F2B /* SettingsViewModel.swift in Sources */ = {isa = PBXBuildFile; fileRef = 4D80D3F228C3570E00F09F2B /* SettingsViewModel.swift */; };
		4D80D3F528C3571B00F09F2B /* SettingsView.swift in Sources */ = {isa = PBXBuildFile; fileRef = 4D80D3F428C3571B00F09F2B /* SettingsView.swift */; };
		4D84C55128454FD100D5BC57 /* LevelProgressBarView.swift in Sources */ = {isa = PBXBuildFile; fileRef = 4D84C55028454FD100D5BC57 /* LevelProgressBarView.swift */; };
		4D84C5532845DAE700D5BC57 /* View+BlinkModigier.swift in Sources */ = {isa = PBXBuildFile; fileRef = 4D84C5522845DAE700D5BC57 /* View+BlinkModigier.swift */; };
		4D85A69627E7425E008FA08D /* WritingLettersLevelView.swift in Sources */ = {isa = PBXBuildFile; fileRef = 4D85A69527E7425E008FA08D /* WritingLettersLevelView.swift */; };
		4D85A69B27E74575008FA08D /* DrawingCanvasView.swift in Sources */ = {isa = PBXBuildFile; fileRef = 4D85A69A27E74575008FA08D /* DrawingCanvasView.swift */; };
		4D87C9FD282676D9002EFB8D /* PlayerView.swift in Sources */ = {isa = PBXBuildFile; fileRef = 4D87C9FC282676D9002EFB8D /* PlayerView.swift */; };
		4D87C9FF28267750002EFB8D /* PlayerUIView.swift in Sources */ = {isa = PBXBuildFile; fileRef = 4D87C9FE28267750002EFB8D /* PlayerUIView.swift */; };
		4D8F5210284B584E0092DCC3 /* WritingWordsView.swift in Sources */ = {isa = PBXBuildFile; fileRef = 4D8F520F284B584E0092DCC3 /* WritingWordsView.swift */; };
		4D8F5212284B585A0092DCC3 /* WritingWordsViewModel.swift in Sources */ = {isa = PBXBuildFile; fileRef = 4D8F5211284B585A0092DCC3 /* WritingWordsViewModel.swift */; };
		4D8F5214284B75CF0092DCC3 /* Words.json in Resources */ = {isa = PBXBuildFile; fileRef = 4D8F5213284B75CF0092DCC3 /* Words.json */; };
		4D8F5216284B76370092DCC3 /* Words.xcassets in Resources */ = {isa = PBXBuildFile; fileRef = 4D8F5215284B76370092DCC3 /* Words.xcassets */; };
		4D8F5219284B76FC0092DCC3 /* Level+CoreDataClass.swift in Sources */ = {isa = PBXBuildFile; fileRef = 4D8F5217284B76FC0092DCC3 /* Level+CoreDataClass.swift */; };
		4D8F521A284B76FC0092DCC3 /* Level+CoreDataProperties.swift in Sources */ = {isa = PBXBuildFile; fileRef = 4D8F5218284B76FC0092DCC3 /* Level+CoreDataProperties.swift */; };
		4D929C802834E32600504405 /* ShopService.swift in Sources */ = {isa = PBXBuildFile; fileRef = 4D929C7F2834E32600504405 /* ShopService.swift */; };
		4D9410E028E21ED1009819CD /* Dialog.swift in Sources */ = {isa = PBXBuildFile; fileRef = 4D9410DF28E21ED1009819CD /* Dialog.swift */; };
		4DA1A638292F525D00C93831 /* GoogleService-Info.plist in Resources */ = {isa = PBXBuildFile; fileRef = 4DA1A637292F525D00C93831 /* GoogleService-Info.plist */; };
		4DA22D9227D35E6F00634AA8 /* Menus.xcassets in Resources */ = {isa = PBXBuildFile; fileRef = 4DA22D9127D35E6F00634AA8 /* Menus.xcassets */; };
		4DA22D9527D368F300634AA8 /* AppImage.swift in Sources */ = {isa = PBXBuildFile; fileRef = 4DA22D9427D368F300634AA8 /* AppImage.swift */; };
		4DA22D9827D36F4E00634AA8 /* AppFont.swift in Sources */ = {isa = PBXBuildFile; fileRef = 4DA22D9727D36F4E00634AA8 /* AppFont.swift */; };
		4DA6372A2841668500A6F785 /* CoinsServicePreviewMock.swift in Sources */ = {isa = PBXBuildFile; fileRef = 4DA637292841668500A6F785 /* CoinsServicePreviewMock.swift */; };
		4DA6372C2841691200A6F785 /* AchievementServicePreviewMock.swift in Sources */ = {isa = PBXBuildFile; fileRef = 4DA6372B2841691200A6F785 /* AchievementServicePreviewMock.swift */; };
		4DA6372E28416DA000A6F785 /* LevelServicePreviewMock.swift in Sources */ = {isa = PBXBuildFile; fileRef = 4DA6372D28416DA000A6F785 /* LevelServicePreviewMock.swift */; };
		4DB939022826A12D00883CD5 /* NavigationLazyView.swift in Sources */ = {isa = PBXBuildFile; fileRef = 4DB939012826A12D00883CD5 /* NavigationLazyView.swift */; };
		4DB939062826B69E00883CD5 /* UIColor+Hex.swift in Sources */ = {isa = PBXBuildFile; fileRef = 4DB939052826B69E00883CD5 /* UIColor+Hex.swift */; };
		4DBD9BBE2802BF8A006455BD /* RobotoCondensed-Bold.ttf in Resources */ = {isa = PBXBuildFile; fileRef = 4DBD9BBD2802BF8A006455BD /* RobotoCondensed-Bold.ttf */; };
		4DBD9BBF2802BF8A006455BD /* RobotoCondensed-Bold.ttf in Resources */ = {isa = PBXBuildFile; fileRef = 4DBD9BBD2802BF8A006455BD /* RobotoCondensed-Bold.ttf */; };
		4DC2D714280AD9FF003CFDD7 /* Levels.xcassets in Resources */ = {isa = PBXBuildFile; fileRef = 4DC2D713280AD9FF003CFDD7 /* Levels.xcassets */; };
		4DC2D718280AE24D003CFDD7 /* LevelButton.swift in Sources */ = {isa = PBXBuildFile; fileRef = 4DC2D717280AE24D003CFDD7 /* LevelButton.swift */; };
		4DC73FC92835127C004FD1A0 /* ShopItem+CoreDataClass.swift in Sources */ = {isa = PBXBuildFile; fileRef = 4DC73FC72835127C004FD1A0 /* ShopItem+CoreDataClass.swift */; };
		4DC73FCA2835127C004FD1A0 /* ShopItem+CoreDataProperties.swift in Sources */ = {isa = PBXBuildFile; fileRef = 4DC73FC82835127C004FD1A0 /* ShopItem+CoreDataProperties.swift */; };
		4DDC5F602826FE0200BDC385 /* AchievementsView.swift in Sources */ = {isa = PBXBuildFile; fileRef = 4DDC5F5F2826FE0200BDC385 /* AchievementsView.swift */; };
		4DDC5F622826FE3400BDC385 /* AchievementsViewModel.swift in Sources */ = {isa = PBXBuildFile; fileRef = 4DDC5F612826FE3400BDC385 /* AchievementsViewModel.swift */; };
		4DDC5F642827024500BDC385 /* AchievementItemView.swift in Sources */ = {isa = PBXBuildFile; fileRef = 4DDC5F632827024500BDC385 /* AchievementItemView.swift */; };
		4DDC5F66282702A000BDC385 /* Achievements.xcassets in Resources */ = {isa = PBXBuildFile; fileRef = 4DDC5F65282702A000BDC385 /* Achievements.xcassets */; };
		4DDF4ECD284CCDBB0040B0D4 /* confetti.json in Resources */ = {isa = PBXBuildFile; fileRef = 4DDF4ECC284CCDBB0040B0D4 /* confetti.json */; };
		4DDFBCB7284933C10079A4E6 /* RoundedButton.swift in Sources */ = {isa = PBXBuildFile; fileRef = 4DDFBCB6284933C10079A4E6 /* RoundedButton.swift */; };
		4DE3A5C1281865FD005DF33E /* Color.xcassets in Resources */ = {isa = PBXBuildFile; fileRef = 4DE3A5C0281865FD005DF33E /* Color.xcassets */; };
		4DE3A5C328186606005DF33E /* AppColor.swift in Sources */ = {isa = PBXBuildFile; fileRef = 4DE3A5C228186606005DF33E /* AppColor.swift */; };
		4DF4A330284F5717007A3369 /* J.mp4 in Resources */ = {isa = PBXBuildFile; fileRef = 4DF4A32A284F5717007A3369 /* J.mp4 */; };
		4DF4A331284F5717007A3369 /* M.mp4 in Resources */ = {isa = PBXBuildFile; fileRef = 4DF4A32B284F5717007A3369 /* M.mp4 */; };
		4DF4A332284F5717007A3369 /* V.mp4 in Resources */ = {isa = PBXBuildFile; fileRef = 4DF4A32C284F5717007A3369 /* V.mp4 */; };
		4DF4A333284F5717007A3369 /* U.mp4 in Resources */ = {isa = PBXBuildFile; fileRef = 4DF4A32D284F5717007A3369 /* U.mp4 */; };
		4DF4A334284F5717007A3369 /* N.mp4 in Resources */ = {isa = PBXBuildFile; fileRef = 4DF4A32E284F5717007A3369 /* N.mp4 */; };
		4DF4A335284F5717007A3369 /* O.mp4 in Resources */ = {isa = PBXBuildFile; fileRef = 4DF4A32F284F5717007A3369 /* O.mp4 */; };
		4DF72C88284A9F69000E6627 /* View+ViewDidLoadModifier.swift in Sources */ = {isa = PBXBuildFile; fileRef = 4DF72C87284A9F69000E6627 /* View+ViewDidLoadModifier.swift */; };
		4DFA953428C3E193004505A7 /* SettingsService.swift in Sources */ = {isa = PBXBuildFile; fileRef = 4DFA953328C3E193004505A7 /* SettingsService.swift */; };
		4DFA953628C3EA43004505A7 /* SettingsServicePreviewMock.swift in Sources */ = {isa = PBXBuildFile; fileRef = 4DFA953528C3EA43004505A7 /* SettingsServicePreviewMock.swift */; };
		4DFB6716284C9F0B00811BBC /* String+BasicOperations.swift in Sources */ = {isa = PBXBuildFile; fileRef = 4DFB6715284C9F0B00811BBC /* String+BasicOperations.swift */; };
		D02F82B02B0A2C6B003A2958 /* Background.swift in Sources */ = {isa = PBXBuildFile; fileRef = D02F82AF2B0A2C6B003A2958 /* Background.swift */; };
		D02F82B22B0A2CA1003A2958 /* View+isTablet.swift in Sources */ = {isa = PBXBuildFile; fileRef = D02F82B12B0A2CA1003A2958 /* View+isTablet.swift */; };
		D083E5012B892E65003275A8 /* LottieViewModel.swift in Sources */ = {isa = PBXBuildFile; fileRef = D083E5002B892E65003275A8 /* LottieViewModel.swift */; };
		D083E5032B8A88A7003275A8 /* LevelProgressBarUIView.swift in Sources */ = {isa = PBXBuildFile; fileRef = D083E5022B8A88A7003275A8 /* LevelProgressBarUIView.swift */; };
		D083E5052B8A964B003275A8 /* RoundedUIButton.swift in Sources */ = {isa = PBXBuildFile; fileRef = D083E5042B8A964B003275A8 /* RoundedUIButton.swift */; };
		D087B8332B7955C1008C683B /* LevelState.swift in Sources */ = {isa = PBXBuildFile; fileRef = D087B8322B7955C1008C683B /* LevelState.swift */; };
		D087B8352B795776008C683B /* tap.json in Resources */ = {isa = PBXBuildFile; fileRef = D087B8342B795775008C683B /* tap.json */; };
		D087B8382B7957E7008C683B /* LottieView.swift in Sources */ = {isa = PBXBuildFile; fileRef = D087B8372B7957E7008C683B /* LottieView.swift */; };
		D0979DED2B39A2C000D75A4E /* Publisher+AssignWeak.swift in Sources */ = {isa = PBXBuildFile; fileRef = D0979DEC2B39A2C000D75A4E /* Publisher+AssignWeak.swift */; };
		D0B206952BB9785300B1F266 /* RoundedButtonViewModel.swift in Sources */ = {isa = PBXBuildFile; fileRef = D0B206942BB9785300B1F266 /* RoundedButtonViewModel.swift */; };
		D0BE0C992ABEF89E00D18F17 /* ExportOptions.plist in Resources */ = {isa = PBXBuildFile; fileRef = D0BE0C982ABEF89E00D18F17 /* ExportOptions.plist */; };
		DFC62737E2D77EE1C7612A0B /* Pods_edu_appTests.framework in Frameworks */ = {isa = PBXBuildFile; fileRef = 13488BBB9AD0096AC0A7168B /* Pods_edu_appTests.framework */; };
/* End PBXBuildFile section */

/* Begin PBXContainerItemProxy section */
		4D68A65427BBA3B600997CFF /* PBXContainerItemProxy */ = {
			isa = PBXContainerItemProxy;
			containerPortal = 4D68A63B27BBA3B400997CFF /* Project object */;
			proxyType = 1;
			remoteGlobalIDString = 4D68A64227BBA3B400997CFF;
			remoteInfo = "edu-app";
		};
/* End PBXContainerItemProxy section */

/* Begin PBXFileReference section */
		13488BBB9AD0096AC0A7168B /* Pods_edu_appTests.framework */ = {isa = PBXFileReference; explicitFileType = wrapper.framework; includeInIndex = 0; path = Pods_edu_appTests.framework; sourceTree = BUILT_PRODUCTS_DIR; };
		4D053E9A27F5D1DD00B3E198 /* DrawingCanvasViewController.swift */ = {isa = PBXFileReference; lastKnownFileType = sourcecode.swift; path = DrawingCanvasViewController.swift; sourceTree = "<group>"; };
		4D053E9C27F5D30200B3E198 /* StrokeManager.swift */ = {isa = PBXFileReference; lastKnownFileType = sourcecode.swift; path = StrokeManager.swift; sourceTree = "<group>"; };
		4D053E9E27F5D32100B3E198 /* RecognizedInk.swift */ = {isa = PBXFileReference; lastKnownFileType = sourcecode.swift; path = RecognizedInk.swift; sourceTree = "<group>"; };
		4D053EA227F7844800B3E198 /* DrawingCanvasViewModel.swift */ = {isa = PBXFileReference; lastKnownFileType = sourcecode.swift; path = DrawingCanvasViewModel.swift; sourceTree = "<group>"; };
		4D053EA727F841A500B3E198 /* Levels.swift */ = {isa = PBXFileReference; lastKnownFileType = sourcecode.swift; path = Levels.swift; sourceTree = "<group>"; };
		4D053EAB27F844AB00B3E198 /* LevelValidatorService.swift */ = {isa = PBXFileReference; lastKnownFileType = sourcecode.swift; path = LevelValidatorService.swift; sourceTree = "<group>"; };
		4D0FF532282FAC5E0083E06B /* AchievementService.swift */ = {isa = PBXFileReference; lastKnownFileType = sourcecode.swift; path = AchievementService.swift; sourceTree = "<group>"; };
		4D2A41562846985B004ED339 /* LevelProgressBarViewModel.swift */ = {isa = PBXFileReference; lastKnownFileType = sourcecode.swift; path = LevelProgressBarViewModel.swift; sourceTree = "<group>"; };
		4D2DEA0C2A2338E30081D753 /* ParentalGateDialogView.swift */ = {isa = PBXFileReference; lastKnownFileType = sourcecode.swift; path = ParentalGateDialogView.swift; sourceTree = "<group>"; };
		4D2DEA0E2A233BB50081D753 /* ParentalGateDialogViewModel.swift */ = {isa = PBXFileReference; lastKnownFileType = sourcecode.swift; path = ParentalGateDialogViewModel.swift; sourceTree = "<group>"; };
		4D48B3B7282E55AE0066EAC8 /* LevelService.swift */ = {isa = PBXFileReference; lastKnownFileType = sourcecode.swift; path = LevelService.swift; sourceTree = "<group>"; };
		4D492218284E414600BA7B1B /* B.mp4 */ = {isa = PBXFileReference; lastKnownFileType = file; path = B.mp4; sourceTree = "<group>"; };
		4D492224284E61E000BA7B1B /* I.mp4 */ = {isa = PBXFileReference; lastKnownFileType = file; path = I.mp4; sourceTree = "<group>"; };
		4D492225284E61E000BA7B1B /* L.mp4 */ = {isa = PBXFileReference; lastKnownFileType = file; path = L.mp4; sourceTree = "<group>"; };
		4D4E05D7280D640000569C16 /* Level.xcdatamodel */ = {isa = PBXFileReference; lastKnownFileType = wrapper.xcdatamodel; path = Level.xcdatamodel; sourceTree = "<group>"; };
		4D4E05DB280D663E00569C16 /* DataController.swift */ = {isa = PBXFileReference; lastKnownFileType = sourcecode.swift; path = DataController.swift; sourceTree = "<group>"; };
		4D4E05DD280D6B5200569C16 /* Levels.json */ = {isa = PBXFileReference; lastKnownFileType = text.json; path = Levels.json; sourceTree = "<group>"; };
		4D4E05EC280D855800569C16 /* DecodableLevel.swift */ = {isa = PBXFileReference; lastKnownFileType = sourcecode.swift; path = DecodableLevel.swift; sourceTree = "<group>"; };
		4D51D5642881E98000E2ACDA /* button-tap.mp3 */ = {isa = PBXFileReference; lastKnownFileType = audio.mp3; path = "button-tap.mp3"; sourceTree = "<group>"; };
		4D51D5662881EA0800E2ACDA /* SoundService.swift */ = {isa = PBXFileReference; lastKnownFileType = sourcecode.swift; path = SoundService.swift; sourceTree = "<group>"; };
		4D51D5682881ED9E00E2ACDA /* SoundServicePreviewMock.swift */ = {isa = PBXFileReference; lastKnownFileType = sourcecode.swift; path = SoundServicePreviewMock.swift; sourceTree = "<group>"; };
		4D51D56E2882D1E100E2ACDA /* Button.swift */ = {isa = PBXFileReference; lastKnownFileType = sourcecode.swift; path = Button.swift; sourceTree = "<group>"; };
		4D51D5702882D37600E2ACDA /* TypeAliases.swift */ = {isa = PBXFileReference; lastKnownFileType = sourcecode.swift; path = TypeAliases.swift; sourceTree = "<group>"; };
		4D526BC72827D1AE00B8FEA3 /* ProgressBar.swift */ = {isa = PBXFileReference; lastKnownFileType = sourcecode.swift; path = ProgressBar.swift; sourceTree = "<group>"; };
		4D526BC9282A589F00B8FEA3 /* Achievements.json */ = {isa = PBXFileReference; lastKnownFileType = text.json; path = Achievements.json; sourceTree = "<group>"; };
		4D526BCB282A629300B8FEA3 /* DecodableAchievementItem.swift */ = {isa = PBXFileReference; lastKnownFileType = sourcecode.swift; path = DecodableAchievementItem.swift; sourceTree = "<group>"; };
		4D572A562884883D002AEA9E /* track-1.mp3 */ = {isa = PBXFileReference; lastKnownFileType = audio.mp3; path = "track-1.mp3"; sourceTree = "<group>"; };
		4D572A5828848857002AEA9E /* track-2.mp3 */ = {isa = PBXFileReference; lastKnownFileType = audio.mp3; path = "track-2.mp3"; sourceTree = "<group>"; };
		4D572A5A2884886B002AEA9E /* track-3.mp3 */ = {isa = PBXFileReference; lastKnownFileType = audio.mp3; path = "track-3.mp3"; sourceTree = "<group>"; };
		4D572A5C28848883002AEA9E /* track-4.mp3 */ = {isa = PBXFileReference; lastKnownFileType = audio.mp3; path = "track-4.mp3"; sourceTree = "<group>"; };
		4D572A5E28848892002AEA9E /* track-5.mp3 */ = {isa = PBXFileReference; lastKnownFileType = audio.mp3; path = "track-5.mp3"; sourceTree = "<group>"; };
		4D572A60288488A5002AEA9E /* track-6.mp3 */ = {isa = PBXFileReference; lastKnownFileType = audio.mp3; path = "track-6.mp3"; sourceTree = "<group>"; };
		4D572A62288488B3002AEA9E /* track-7.mp3 */ = {isa = PBXFileReference; lastKnownFileType = audio.mp3; path = "track-7.mp3"; sourceTree = "<group>"; };
		4D572A6428848A9F002AEA9E /* BackgroundMusicService.swift */ = {isa = PBXFileReference; lastKnownFileType = sourcecode.swift; path = BackgroundMusicService.swift; sourceTree = "<group>"; };
		4D68A64327BBA3B400997CFF /* Pisanka.app */ = {isa = PBXFileReference; explicitFileType = wrapper.application; includeInIndex = 0; path = Pisanka.app; sourceTree = BUILT_PRODUCTS_DIR; };
		4D68A64627BBA3B400997CFF /* edu_appApp.swift */ = {isa = PBXFileReference; lastKnownFileType = sourcecode.swift; path = edu_appApp.swift; sourceTree = "<group>"; };
		4D68A64A27BBA3B500997CFF /* Assets.xcassets */ = {isa = PBXFileReference; lastKnownFileType = folder.assetcatalog; path = Assets.xcassets; sourceTree = "<group>"; };
		4D68A64D27BBA3B500997CFF /* Preview Assets.xcassets */ = {isa = PBXFileReference; lastKnownFileType = folder.assetcatalog; path = "Preview Assets.xcassets"; sourceTree = "<group>"; };
		4D68A65327BBA3B600997CFF /* edu-appTests.xctest */ = {isa = PBXFileReference; explicitFileType = wrapper.cfbundle; includeInIndex = 0; path = "edu-appTests.xctest"; sourceTree = BUILT_PRODUCTS_DIR; };
		4D68A65727BBA3B600997CFF /* edu_appTests.swift */ = {isa = PBXFileReference; lastKnownFileType = sourcecode.swift; path = edu_appTests.swift; sourceTree = "<group>"; };
		4D68A67027BBBBD200997CFF /* AppCoordinator.swift */ = {isa = PBXFileReference; lastKnownFileType = sourcecode.swift; path = AppCoordinator.swift; sourceTree = "<group>"; };
		4D68A67A27BBCCE000997CFF /* MainMenuView.swift */ = {isa = PBXFileReference; lastKnownFileType = sourcecode.swift; path = MainMenuView.swift; sourceTree = "<group>"; };
		4D68A67C27BBCCEF00997CFF /* MainMenuViewModel.swift */ = {isa = PBXFileReference; lastKnownFileType = sourcecode.swift; path = MainMenuViewModel.swift; sourceTree = "<group>"; };
		4D68A67F27BCF40F00997CFF /* LevelSelectView.swift */ = {isa = PBXFileReference; lastKnownFileType = sourcecode.swift; path = LevelSelectView.swift; sourceTree = "<group>"; };
		4D68A68127BCF41800997CFF /* LevelSelectViewModel.swift */ = {isa = PBXFileReference; lastKnownFileType = sourcecode.swift; path = LevelSelectViewModel.swift; sourceTree = "<group>"; };
		4D6EC862281D8F6900C70061 /* ShopViewModel.swift */ = {isa = PBXFileReference; lastKnownFileType = sourcecode.swift; path = ShopViewModel.swift; sourceTree = "<group>"; };
		4D6EC864281D8FAF00C70061 /* ShopView.swift */ = {isa = PBXFileReference; lastKnownFileType = sourcecode.swift; path = ShopView.swift; sourceTree = "<group>"; };
		4D6EC866281DC32D00C70061 /* Shop.xcassets */ = {isa = PBXFileReference; lastKnownFileType = folder.assetcatalog; path = Shop.xcassets; sourceTree = "<group>"; };
		4D6EC868281DC5B900C70061 /* ShopItems.json */ = {isa = PBXFileReference; lastKnownFileType = text.json; path = ShopItems.json; sourceTree = "<group>"; };
		4D6EC86A281DCBE800C70061 /* DecodableShopItem.swift */ = {isa = PBXFileReference; lastKnownFileType = sourcecode.swift; path = DecodableShopItem.swift; sourceTree = "<group>"; };
		4D72F9A729879D1D00661E38 /* Screen.swift */ = {isa = PBXFileReference; lastKnownFileType = sourcecode.swift; path = Screen.swift; sourceTree = "<group>"; };
		4D75995B282316600093849C /* VideoTutorials.xcassets */ = {isa = PBXFileReference; lastKnownFileType = folder.assetcatalog; path = VideoTutorials.xcassets; sourceTree = "<group>"; };
		4D75995E282317FB0093849C /* A.mp4 */ = {isa = PBXFileReference; lastKnownFileType = file; path = A.mp4; sourceTree = "<group>"; };
		4D75A7BE282BA88F0077DE75 /* Achievement+CoreDataClass.swift */ = {isa = PBXFileReference; lastKnownFileType = sourcecode.swift; path = "Achievement+CoreDataClass.swift"; sourceTree = "<group>"; };
		4D75A7BF282BA88F0077DE75 /* Achievement+CoreDataProperties.swift */ = {isa = PBXFileReference; lastKnownFileType = sourcecode.swift; path = "Achievement+CoreDataProperties.swift"; sourceTree = "<group>"; };
		4D75A7C8282C42F10077DE75 /* WritingLettersLevelViewModel.swift */ = {isa = PBXFileReference; lastKnownFileType = sourcecode.swift; path = WritingLettersLevelViewModel.swift; sourceTree = "<group>"; };
		4D8074FE290FDC8B00FAFCF4 /* UIComponents.xcassets */ = {isa = PBXFileReference; lastKnownFileType = folder.assetcatalog; path = UIComponents.xcassets; sourceTree = "<group>"; };
		4D807501290FDE3A00FAFCF4 /* Panel.swift */ = {isa = PBXFileReference; lastKnownFileType = sourcecode.swift; path = Panel.swift; sourceTree = "<group>"; };
		4D80D3F228C3570E00F09F2B /* SettingsViewModel.swift */ = {isa = PBXFileReference; lastKnownFileType = sourcecode.swift; path = SettingsViewModel.swift; sourceTree = "<group>"; };
		4D80D3F428C3571B00F09F2B /* SettingsView.swift */ = {isa = PBXFileReference; lastKnownFileType = sourcecode.swift; path = SettingsView.swift; sourceTree = "<group>"; };
		4D84C55028454FD100D5BC57 /* LevelProgressBarView.swift */ = {isa = PBXFileReference; lastKnownFileType = sourcecode.swift; path = LevelProgressBarView.swift; sourceTree = "<group>"; };
		4D84C5522845DAE700D5BC57 /* View+BlinkModigier.swift */ = {isa = PBXFileReference; lastKnownFileType = sourcecode.swift; path = "View+BlinkModigier.swift"; sourceTree = "<group>"; };
		4D85A69527E7425E008FA08D /* WritingLettersLevelView.swift */ = {isa = PBXFileReference; lastKnownFileType = sourcecode.swift; path = WritingLettersLevelView.swift; sourceTree = "<group>"; };
		4D85A69A27E74575008FA08D /* DrawingCanvasView.swift */ = {isa = PBXFileReference; lastKnownFileType = sourcecode.swift; path = DrawingCanvasView.swift; sourceTree = "<group>"; };
		4D87C9FC282676D9002EFB8D /* PlayerView.swift */ = {isa = PBXFileReference; lastKnownFileType = sourcecode.swift; path = PlayerView.swift; sourceTree = "<group>"; };
		4D87C9FE28267750002EFB8D /* PlayerUIView.swift */ = {isa = PBXFileReference; lastKnownFileType = sourcecode.swift; path = PlayerUIView.swift; sourceTree = "<group>"; };
		4D8F520F284B584E0092DCC3 /* WritingWordsView.swift */ = {isa = PBXFileReference; lastKnownFileType = sourcecode.swift; path = WritingWordsView.swift; sourceTree = "<group>"; };
		4D8F5211284B585A0092DCC3 /* WritingWordsViewModel.swift */ = {isa = PBXFileReference; lastKnownFileType = sourcecode.swift; path = WritingWordsViewModel.swift; sourceTree = "<group>"; };
		4D8F5213284B75CF0092DCC3 /* Words.json */ = {isa = PBXFileReference; lastKnownFileType = text.json; path = Words.json; sourceTree = "<group>"; };
		4D8F5215284B76370092DCC3 /* Words.xcassets */ = {isa = PBXFileReference; lastKnownFileType = folder.assetcatalog; path = Words.xcassets; sourceTree = "<group>"; };
		4D8F5217284B76FC0092DCC3 /* Level+CoreDataClass.swift */ = {isa = PBXFileReference; lastKnownFileType = sourcecode.swift; path = "Level+CoreDataClass.swift"; sourceTree = "<group>"; };
		4D8F5218284B76FC0092DCC3 /* Level+CoreDataProperties.swift */ = {isa = PBXFileReference; lastKnownFileType = sourcecode.swift; path = "Level+CoreDataProperties.swift"; sourceTree = "<group>"; };
		4D929C7F2834E32600504405 /* ShopService.swift */ = {isa = PBXFileReference; lastKnownFileType = sourcecode.swift; path = ShopService.swift; sourceTree = "<group>"; };
		4D9410DF28E21ED1009819CD /* Dialog.swift */ = {isa = PBXFileReference; lastKnownFileType = sourcecode.swift; path = Dialog.swift; sourceTree = "<group>"; };
		4DA1A637292F525D00C93831 /* GoogleService-Info.plist */ = {isa = PBXFileReference; fileEncoding = 4; lastKnownFileType = text.plist.xml; path = "GoogleService-Info.plist"; sourceTree = "<group>"; };
		4DA22D9127D35E6F00634AA8 /* Menus.xcassets */ = {isa = PBXFileReference; lastKnownFileType = folder.assetcatalog; path = Menus.xcassets; sourceTree = "<group>"; };
		4DA22D9427D368F300634AA8 /* AppImage.swift */ = {isa = PBXFileReference; lastKnownFileType = sourcecode.swift; path = AppImage.swift; sourceTree = "<group>"; };
		4DA22D9727D36F4E00634AA8 /* AppFont.swift */ = {isa = PBXFileReference; lastKnownFileType = sourcecode.swift; path = AppFont.swift; sourceTree = "<group>"; };
		4DA22D9B27D371AB00634AA8 /* Info.plist */ = {isa = PBXFileReference; lastKnownFileType = text.plist; path = Info.plist; sourceTree = "<group>"; };
		4DA637292841668500A6F785 /* CoinsServicePreviewMock.swift */ = {isa = PBXFileReference; lastKnownFileType = sourcecode.swift; path = CoinsServicePreviewMock.swift; sourceTree = "<group>"; };
		4DA6372B2841691200A6F785 /* AchievementServicePreviewMock.swift */ = {isa = PBXFileReference; lastKnownFileType = sourcecode.swift; path = AchievementServicePreviewMock.swift; sourceTree = "<group>"; };
		4DA6372D28416DA000A6F785 /* LevelServicePreviewMock.swift */ = {isa = PBXFileReference; lastKnownFileType = sourcecode.swift; path = LevelServicePreviewMock.swift; sourceTree = "<group>"; };
		4DB939012826A12D00883CD5 /* NavigationLazyView.swift */ = {isa = PBXFileReference; lastKnownFileType = sourcecode.swift; path = NavigationLazyView.swift; sourceTree = "<group>"; };
		4DB939052826B69E00883CD5 /* UIColor+Hex.swift */ = {isa = PBXFileReference; lastKnownFileType = sourcecode.swift; path = "UIColor+Hex.swift"; sourceTree = "<group>"; };
		4DBD9BBD2802BF8A006455BD /* RobotoCondensed-Bold.ttf */ = {isa = PBXFileReference; lastKnownFileType = file; path = "RobotoCondensed-Bold.ttf"; sourceTree = "<group>"; };
		4DC2D713280AD9FF003CFDD7 /* Levels.xcassets */ = {isa = PBXFileReference; lastKnownFileType = folder.assetcatalog; path = Levels.xcassets; sourceTree = "<group>"; };
		4DC2D717280AE24D003CFDD7 /* LevelButton.swift */ = {isa = PBXFileReference; lastKnownFileType = sourcecode.swift; path = LevelButton.swift; sourceTree = "<group>"; };
		4DC73FC72835127C004FD1A0 /* ShopItem+CoreDataClass.swift */ = {isa = PBXFileReference; lastKnownFileType = sourcecode.swift; path = "ShopItem+CoreDataClass.swift"; sourceTree = "<group>"; };
		4DC73FC82835127C004FD1A0 /* ShopItem+CoreDataProperties.swift */ = {isa = PBXFileReference; lastKnownFileType = sourcecode.swift; path = "ShopItem+CoreDataProperties.swift"; sourceTree = "<group>"; };
		4DDC5F5F2826FE0200BDC385 /* AchievementsView.swift */ = {isa = PBXFileReference; lastKnownFileType = sourcecode.swift; path = AchievementsView.swift; sourceTree = "<group>"; };
		4DDC5F612826FE3400BDC385 /* AchievementsViewModel.swift */ = {isa = PBXFileReference; lastKnownFileType = sourcecode.swift; path = AchievementsViewModel.swift; sourceTree = "<group>"; };
		4DDC5F632827024500BDC385 /* AchievementItemView.swift */ = {isa = PBXFileReference; lastKnownFileType = sourcecode.swift; path = AchievementItemView.swift; sourceTree = "<group>"; };
		4DDC5F65282702A000BDC385 /* Achievements.xcassets */ = {isa = PBXFileReference; lastKnownFileType = folder.assetcatalog; path = Achievements.xcassets; sourceTree = "<group>"; };
		4DDF4ECC284CCDBB0040B0D4 /* confetti.json */ = {isa = PBXFileReference; fileEncoding = 4; lastKnownFileType = text.json; path = confetti.json; sourceTree = "<group>"; };
		4DDFBCB6284933C10079A4E6 /* RoundedButton.swift */ = {isa = PBXFileReference; lastKnownFileType = sourcecode.swift; path = RoundedButton.swift; sourceTree = "<group>"; };
		4DE3A5C0281865FD005DF33E /* Color.xcassets */ = {isa = PBXFileReference; lastKnownFileType = folder.assetcatalog; path = Color.xcassets; sourceTree = "<group>"; };
		4DE3A5C228186606005DF33E /* AppColor.swift */ = {isa = PBXFileReference; lastKnownFileType = sourcecode.swift; path = AppColor.swift; sourceTree = "<group>"; };
		4DF4A32A284F5717007A3369 /* J.mp4 */ = {isa = PBXFileReference; lastKnownFileType = file; path = J.mp4; sourceTree = "<group>"; };
		4DF4A32B284F5717007A3369 /* M.mp4 */ = {isa = PBXFileReference; lastKnownFileType = file; path = M.mp4; sourceTree = "<group>"; };
		4DF4A32C284F5717007A3369 /* V.mp4 */ = {isa = PBXFileReference; lastKnownFileType = file; path = V.mp4; sourceTree = "<group>"; };
		4DF4A32D284F5717007A3369 /* U.mp4 */ = {isa = PBXFileReference; lastKnownFileType = file; path = U.mp4; sourceTree = "<group>"; };
		4DF4A32E284F5717007A3369 /* N.mp4 */ = {isa = PBXFileReference; lastKnownFileType = file; path = N.mp4; sourceTree = "<group>"; };
		4DF4A32F284F5717007A3369 /* O.mp4 */ = {isa = PBXFileReference; lastKnownFileType = file; path = O.mp4; sourceTree = "<group>"; };
		4DF72C87284A9F69000E6627 /* View+ViewDidLoadModifier.swift */ = {isa = PBXFileReference; lastKnownFileType = sourcecode.swift; path = "View+ViewDidLoadModifier.swift"; sourceTree = "<group>"; };
		4DFA953328C3E193004505A7 /* SettingsService.swift */ = {isa = PBXFileReference; lastKnownFileType = sourcecode.swift; path = SettingsService.swift; sourceTree = "<group>"; };
		4DFA953528C3EA43004505A7 /* SettingsServicePreviewMock.swift */ = {isa = PBXFileReference; lastKnownFileType = sourcecode.swift; path = SettingsServicePreviewMock.swift; sourceTree = "<group>"; };
		4DFB6715284C9F0B00811BBC /* String+BasicOperations.swift */ = {isa = PBXFileReference; lastKnownFileType = sourcecode.swift; path = "String+BasicOperations.swift"; sourceTree = "<group>"; };
		9C5AC658CDE32265CE9625D0 /* Pods_edu_app.framework */ = {isa = PBXFileReference; explicitFileType = wrapper.framework; includeInIndex = 0; path = Pods_edu_app.framework; sourceTree = BUILT_PRODUCTS_DIR; };
		9FC20FDDFD8FEC2756379957 /* Pods-edu-app.debug.xcconfig */ = {isa = PBXFileReference; includeInIndex = 1; lastKnownFileType = text.xcconfig; name = "Pods-edu-app.debug.xcconfig"; path = "Target Support Files/Pods-edu-app/Pods-edu-app.debug.xcconfig"; sourceTree = "<group>"; };
		BAB370487B9B9129DF3578D5 /* Pods-edu-app.release.xcconfig */ = {isa = PBXFileReference; includeInIndex = 1; lastKnownFileType = text.xcconfig; name = "Pods-edu-app.release.xcconfig"; path = "Target Support Files/Pods-edu-app/Pods-edu-app.release.xcconfig"; sourceTree = "<group>"; };
		D02F82AF2B0A2C6B003A2958 /* Background.swift */ = {isa = PBXFileReference; lastKnownFileType = sourcecode.swift; path = Background.swift; sourceTree = "<group>"; };
		D02F82B12B0A2CA1003A2958 /* View+isTablet.swift */ = {isa = PBXFileReference; lastKnownFileType = sourcecode.swift; path = "View+isTablet.swift"; sourceTree = "<group>"; };
		D083E5002B892E65003275A8 /* LottieViewModel.swift */ = {isa = PBXFileReference; lastKnownFileType = sourcecode.swift; path = LottieViewModel.swift; sourceTree = "<group>"; };
		D083E5022B8A88A7003275A8 /* LevelProgressBarUIView.swift */ = {isa = PBXFileReference; lastKnownFileType = sourcecode.swift; path = LevelProgressBarUIView.swift; sourceTree = "<group>"; };
		D083E5042B8A964B003275A8 /* RoundedUIButton.swift */ = {isa = PBXFileReference; lastKnownFileType = sourcecode.swift; path = RoundedUIButton.swift; sourceTree = "<group>"; };
		D087B8322B7955C1008C683B /* LevelState.swift */ = {isa = PBXFileReference; lastKnownFileType = sourcecode.swift; path = LevelState.swift; sourceTree = "<group>"; };
		D087B8342B795775008C683B /* tap.json */ = {isa = PBXFileReference; fileEncoding = 4; lastKnownFileType = text.json; name = tap.json; path = ../../../../../Downloads/tap.json; sourceTree = "<group>"; };
		D087B8372B7957E7008C683B /* LottieView.swift */ = {isa = PBXFileReference; lastKnownFileType = sourcecode.swift; path = LottieView.swift; sourceTree = "<group>"; };
		D0979DEC2B39A2C000D75A4E /* Publisher+AssignWeak.swift */ = {isa = PBXFileReference; lastKnownFileType = sourcecode.swift; path = "Publisher+AssignWeak.swift"; sourceTree = "<group>"; };
		D0B206942BB9785300B1F266 /* RoundedButtonViewModel.swift */ = {isa = PBXFileReference; lastKnownFileType = sourcecode.swift; path = RoundedButtonViewModel.swift; sourceTree = "<group>"; };
		D0BE0C982ABEF89E00D18F17 /* ExportOptions.plist */ = {isa = PBXFileReference; lastKnownFileType = text.plist.xml; path = ExportOptions.plist; sourceTree = "<group>"; };
		E98BCF87320FCA88B0C9A0DE /* Pods-edu-appTests.debug.xcconfig */ = {isa = PBXFileReference; includeInIndex = 1; lastKnownFileType = text.xcconfig; name = "Pods-edu-appTests.debug.xcconfig"; path = "Target Support Files/Pods-edu-appTests/Pods-edu-appTests.debug.xcconfig"; sourceTree = "<group>"; };
		F7DAED9AADF3A5D4B0EB07A2 /* Pods-edu-appTests.release.xcconfig */ = {isa = PBXFileReference; includeInIndex = 1; lastKnownFileType = text.xcconfig; name = "Pods-edu-appTests.release.xcconfig"; path = "Target Support Files/Pods-edu-appTests/Pods-edu-appTests.release.xcconfig"; sourceTree = "<group>"; };
/* End PBXFileReference section */

/* Begin PBXFrameworksBuildPhase section */
		4D68A64027BBA3B400997CFF /* Frameworks */ = {
			isa = PBXFrameworksBuildPhase;
			buildActionMask = 2147483647;
			files = (
				399755BA66E82C6A16A2DF90 /* Pods_edu_app.framework in Frameworks */,
			);
			runOnlyForDeploymentPostprocessing = 0;
		};
		4D68A65027BBA3B600997CFF /* Frameworks */ = {
			isa = PBXFrameworksBuildPhase;
			buildActionMask = 2147483647;
			files = (
				DFC62737E2D77EE1C7612A0B /* Pods_edu_appTests.framework in Frameworks */,
			);
			runOnlyForDeploymentPostprocessing = 0;
		};
/* End PBXFrameworksBuildPhase section */

/* Begin PBXGroup section */
		428E5A0564A5BD8A2BEBCB9A /* Pods */ = {
			isa = PBXGroup;
			children = (
				9FC20FDDFD8FEC2756379957 /* Pods-edu-app.debug.xcconfig */,
				BAB370487B9B9129DF3578D5 /* Pods-edu-app.release.xcconfig */,
				E98BCF87320FCA88B0C9A0DE /* Pods-edu-appTests.debug.xcconfig */,
				F7DAED9AADF3A5D4B0EB07A2 /* Pods-edu-appTests.release.xcconfig */,
			);
			path = Pods;
			sourceTree = "<group>";
		};
		4D2DEA0B2A2338A50081D753 /* ParentalGate */ = {
			isa = PBXGroup;
			children = (
				4D2DEA0C2A2338E30081D753 /* ParentalGateDialogView.swift */,
				4D2DEA0E2A233BB50081D753 /* ParentalGateDialogViewModel.swift */,
			);
			path = ParentalGate;
			sourceTree = "<group>";
		};
		4D4E05DA280D645600569C16 /* CoreData */ = {
			isa = PBXGroup;
			children = (
				4D4E05DF280D6B5C00569C16 /* PreloadedData */,
				4D4E05D6280D640000569C16 /* Game.xcdatamodeld */,
				4D4E05DB280D663E00569C16 /* DataController.swift */,
			);
			path = CoreData;
			sourceTree = "<group>";
		};
		4D4E05DF280D6B5C00569C16 /* PreloadedData */ = {
			isa = PBXGroup;
			children = (
				4D4E05DD280D6B5200569C16 /* Levels.json */,
				4D6EC868281DC5B900C70061 /* ShopItems.json */,
				4D526BC9282A589F00B8FEA3 /* Achievements.json */,
				4D8F5213284B75CF0092DCC3 /* Words.json */,
			);
			path = PreloadedData;
			sourceTree = "<group>";
		};
		4D51D5612881E8C800E2ACDA /* Sound */ = {
			isa = PBXGroup;
			children = (
				4D51D5632881E8F500E2ACDA /* BackgroundMusic */,
				4D51D5622881E8DC00E2ACDA /* UIInteractions */,
			);
			path = Sound;
			sourceTree = "<group>";
		};
		4D51D5622881E8DC00E2ACDA /* UIInteractions */ = {
			isa = PBXGroup;
			children = (
				4D51D5642881E98000E2ACDA /* button-tap.mp3 */,
			);
			path = UIInteractions;
			sourceTree = "<group>";
		};
		4D51D5632881E8F500E2ACDA /* BackgroundMusic */ = {
			isa = PBXGroup;
			children = (
				4D572A62288488B3002AEA9E /* track-7.mp3 */,
				4D572A60288488A5002AEA9E /* track-6.mp3 */,
				4D572A5E28848892002AEA9E /* track-5.mp3 */,
				4D572A5C28848883002AEA9E /* track-4.mp3 */,
				4D572A5A2884886B002AEA9E /* track-3.mp3 */,
				4D572A5828848857002AEA9E /* track-2.mp3 */,
				4D572A562884883D002AEA9E /* track-1.mp3 */,
			);
			path = BackgroundMusic;
			sourceTree = "<group>";
		};
		4D51D56A2882D13E00E2ACDA /* UIComponents */ = {
			isa = PBXGroup;
			children = (
				D087B8362B7957DC008C683B /* LottieView */,
				D05C4B2E2B3AE49700DED31A /* Image */,
				D02F82AE2B0A2C5C003A2958 /* Background */,
				4D526BC62827D19D00B8FEA3 /* ProgressBar */,
				4D72F9A629879CF300661E38 /* Screen */,
				4D807500290FDE3400FAFCF4 /* Panel */,
				4D9410DC28E21E90009819CD /* Dialog */,
				4D51D56B2882D14700E2ACDA /* Button */,
			);
			path = UIComponents;
			sourceTree = "<group>";
		};
		4D51D56B2882D14700E2ACDA /* Button */ = {
			isa = PBXGroup;
			children = (
				D0B206932BB9782900B1F266 /* RoundedButton */,
				4D51D56E2882D1E100E2ACDA /* Button.swift */,
			);
			path = Button;
			sourceTree = "<group>";
		};
		4D526BC62827D19D00B8FEA3 /* ProgressBar */ = {
			isa = PBXGroup;
			children = (
				4D526BC72827D1AE00B8FEA3 /* ProgressBar.swift */,
			);
			path = ProgressBar;
			sourceTree = "<group>";
		};
		4D572A6628848AA4002AEA9E /* Sound */ = {
			isa = PBXGroup;
			children = (
				4D51D5662881EA0800E2ACDA /* SoundService.swift */,
				4D572A6428848A9F002AEA9E /* BackgroundMusicService.swift */,
			);
			path = Sound;
			sourceTree = "<group>";
		};
		4D68A63A27BBA3B400997CFF = {
			isa = PBXGroup;
			children = (
				4D68A64527BBA3B400997CFF /* edu-app */,
				4D68A65627BBA3B600997CFF /* edu-appTests */,
				4D68A64427BBA3B400997CFF /* Products */,
				428E5A0564A5BD8A2BEBCB9A /* Pods */,
				7E3972613642ABB5F5ABD8C3 /* Frameworks */,
			);
			sourceTree = "<group>";
		};
		4D68A64427BBA3B400997CFF /* Products */ = {
			isa = PBXGroup;
			children = (
				4D68A64327BBA3B400997CFF /* Pisanka.app */,
				4D68A65327BBA3B600997CFF /* edu-appTests.xctest */,
			);
			name = Products;
			sourceTree = "<group>";
		};
		4D68A64527BBA3B400997CFF /* edu-app */ = {
			isa = PBXGroup;
			children = (
				4D80D3F028C3566600F09F2B /* Screens */,
				4DA1A637292F525D00C93831 /* GoogleService-Info.plist */,
				4DA22D9B27D371AB00634AA8 /* Info.plist */,
				4DA22D8F27D35A4900634AA8 /* Resources */,
				4D68A67627BBCCB100997CFF /* Shared */,
				4D68A64627BBA3B400997CFF /* edu_appApp.swift */,
				4D68A64C27BBA3B500997CFF /* Preview Content */,
				4D68A67027BBBBD200997CFF /* AppCoordinator.swift */,
				D0BE0C982ABEF89E00D18F17 /* ExportOptions.plist */,
			);
			path = "edu-app";
			sourceTree = "<group>";
		};
		4D68A64C27BBA3B500997CFF /* Preview Content */ = {
			isa = PBXGroup;
			children = (
				4D68A64D27BBA3B500997CFF /* Preview Assets.xcassets */,
			);
			path = "Preview Content";
			sourceTree = "<group>";
		};
		4D68A65627BBA3B600997CFF /* edu-appTests */ = {
			isa = PBXGroup;
			children = (
				4D68A65727BBA3B600997CFF /* edu_appTests.swift */,
			);
			path = "edu-appTests";
			sourceTree = "<group>";
		};
		4D68A67527BBCCA500997CFF /* MainMenu */ = {
			isa = PBXGroup;
			children = (
				4D68A67A27BBCCE000997CFF /* MainMenuView.swift */,
				4D68A67C27BBCCEF00997CFF /* MainMenuViewModel.swift */,
			);
			path = MainMenu;
			sourceTree = "<group>";
		};
		4D68A67627BBCCB100997CFF /* Shared */ = {
			isa = PBXGroup;
			children = (
				4D51D56A2882D13E00E2ACDA /* UIComponents */,
				4DA637282841666900A6F785 /* SwiftUIPreviewMocks */,
				4D4E05DA280D645600569C16 /* CoreData */,
				4D68A67927BBCCC500997CFF /* Extensions */,
				4D68A67827BBCCC100997CFF /* Services */,
				4D68A67727BBCCB900997CFF /* Models */,
			);
			path = Shared;
			sourceTree = "<group>";
		};
		4D68A67727BBCCB900997CFF /* Models */ = {
			isa = PBXGroup;
			children = (
				4D75A7B9282AA03C0077DE75 /* Decodables */,
				4D75A7B8282AA0310077DE75 /* CoreData */,
			);
			path = Models;
			sourceTree = "<group>";
		};
		4D68A67827BBCCC100997CFF /* Services */ = {
			isa = PBXGroup;
			children = (
				4D572A6628848AA4002AEA9E /* Sound */,
				4D053EAB27F844AB00B3E198 /* LevelValidatorService.swift */,
				4D48B3B7282E55AE0066EAC8 /* LevelService.swift */,
				4D0FF532282FAC5E0083E06B /* AchievementService.swift */,
				4D929C7F2834E32600504405 /* ShopService.swift */,
				4DFA953328C3E193004505A7 /* SettingsService.swift */,
			);
			path = Services;
			sourceTree = "<group>";
		};
		4D68A67927BBCCC500997CFF /* Extensions */ = {
			isa = PBXGroup;
			children = (
				4DB939012826A12D00883CD5 /* NavigationLazyView.swift */,
				4DB939052826B69E00883CD5 /* UIColor+Hex.swift */,
				4D84C5522845DAE700D5BC57 /* View+BlinkModigier.swift */,
				4DF72C87284A9F69000E6627 /* View+ViewDidLoadModifier.swift */,
				4DFB6715284C9F0B00811BBC /* String+BasicOperations.swift */,
				4D51D5702882D37600E2ACDA /* TypeAliases.swift */,
				D02F82B12B0A2CA1003A2958 /* View+isTablet.swift */,
				D0979DEC2B39A2C000D75A4E /* Publisher+AssignWeak.swift */,
			);
			path = Extensions;
			sourceTree = "<group>";
		};
		4D68A67E27BCF3F000997CFF /* LevelSelect */ = {
			isa = PBXGroup;
			children = (
				4D68A67F27BCF40F00997CFF /* LevelSelectView.swift */,
				4D68A68127BCF41800997CFF /* LevelSelectViewModel.swift */,
				4D053EA727F841A500B3E198 /* Levels.swift */,
				4DC2D717280AE24D003CFDD7 /* LevelButton.swift */,
			);
			path = LevelSelect;
			sourceTree = "<group>";
		};
		4D6EC85F281D8F4400C70061 /* Shop */ = {
			isa = PBXGroup;
			children = (
				4D6EC862281D8F6900C70061 /* ShopViewModel.swift */,
				4D6EC864281D8FAF00C70061 /* ShopView.swift */,
			);
			path = Shop;
			sourceTree = "<group>";
		};
		4D72F9A629879CF300661E38 /* Screen */ = {
			isa = PBXGroup;
			children = (
				4D72F9A729879D1D00661E38 /* Screen.swift */,
			);
			path = Screen;
			sourceTree = "<group>";
		};
		4D75995D282317E40093849C /* VideoTutorials */ = {
			isa = PBXGroup;
			children = (
				4D492224284E61E000BA7B1B /* I.mp4 */,
				4D492225284E61E000BA7B1B /* L.mp4 */,
				4DF4A32A284F5717007A3369 /* J.mp4 */,
				4DF4A32B284F5717007A3369 /* M.mp4 */,
				4DF4A32E284F5717007A3369 /* N.mp4 */,
				4DF4A32F284F5717007A3369 /* O.mp4 */,
				4DF4A32D284F5717007A3369 /* U.mp4 */,
				4DF4A32C284F5717007A3369 /* V.mp4 */,
				4D492218284E414600BA7B1B /* B.mp4 */,
				4D75995E282317FB0093849C /* A.mp4 */,
			);
			path = VideoTutorials;
			sourceTree = "<group>";
		};
		4D75A7B8282AA0310077DE75 /* CoreData */ = {
			isa = PBXGroup;
			children = (
				4D8F5217284B76FC0092DCC3 /* Level+CoreDataClass.swift */,
				4D8F5218284B76FC0092DCC3 /* Level+CoreDataProperties.swift */,
				4DC73FC72835127C004FD1A0 /* ShopItem+CoreDataClass.swift */,
				4DC73FC82835127C004FD1A0 /* ShopItem+CoreDataProperties.swift */,
				4D75A7BE282BA88F0077DE75 /* Achievement+CoreDataClass.swift */,
				4D75A7BF282BA88F0077DE75 /* Achievement+CoreDataProperties.swift */,
			);
			path = CoreData;
			sourceTree = "<group>";
		};
		4D75A7B9282AA03C0077DE75 /* Decodables */ = {
			isa = PBXGroup;
			children = (
				4D4E05EC280D855800569C16 /* DecodableLevel.swift */,
				4D6EC86A281DCBE800C70061 /* DecodableShopItem.swift */,
				4D526BCB282A629300B8FEA3 /* DecodableAchievementItem.swift */,
			);
			path = Decodables;
			sourceTree = "<group>";
		};
		4D807500290FDE3400FAFCF4 /* Panel */ = {
			isa = PBXGroup;
			children = (
				4D807501290FDE3A00FAFCF4 /* Panel.swift */,
			);
			path = Panel;
			sourceTree = "<group>";
		};
		4D80D3F028C3566600F09F2B /* Screens */ = {
			isa = PBXGroup;
			children = (
				4D2DEA0B2A2338A50081D753 /* ParentalGate */,
				4D80D3F128C356FC00F09F2B /* Settings */,
				4DB939072826FDB900883CD5 /* Achievements */,
				4D87C9FB28267187002EFB8D /* VideoPlayer */,
				4D6EC85F281D8F4400C70061 /* Shop */,
				4D85A69027E74220008FA08D /* WritingLevel */,
				4D68A67E27BCF3F000997CFF /* LevelSelect */,
				4D68A67527BBCCA500997CFF /* MainMenu */,
			);
			path = Screens;
			sourceTree = "<group>";
		};
		4D80D3F128C356FC00F09F2B /* Settings */ = {
			isa = PBXGroup;
			children = (
				4D80D3F228C3570E00F09F2B /* SettingsViewModel.swift */,
				4D80D3F428C3571B00F09F2B /* SettingsView.swift */,
			);
			path = Settings;
			sourceTree = "<group>";
		};
		4D84C54D28454FB200D5BC57 /* LevelProgressBar */ = {
			isa = PBXGroup;
			children = (
				4D84C55028454FD100D5BC57 /* LevelProgressBarView.swift */,
				4D2A41562846985B004ED339 /* LevelProgressBarViewModel.swift */,
				D087B8322B7955C1008C683B /* LevelState.swift */,
				D083E5022B8A88A7003275A8 /* LevelProgressBarUIView.swift */,
			);
			path = LevelProgressBar;
			sourceTree = "<group>";
		};
		4D85A69027E74220008FA08D /* WritingLevel */ = {
			isa = PBXGroup;
			children = (
				4D8F520E284B57AA0092DCC3 /* Letters */,
				4D8F520D284B57A30092DCC3 /* Words */,
				4D84C54D28454FB200D5BC57 /* LevelProgressBar */,
				4D85A69727E743CD008FA08D /* DrawingCanvas */,
			);
			path = WritingLevel;
			sourceTree = "<group>";
		};
		4D85A69727E743CD008FA08D /* DrawingCanvas */ = {
			isa = PBXGroup;
			children = (
				4D85A69A27E74575008FA08D /* DrawingCanvasView.swift */,
				4D053E9A27F5D1DD00B3E198 /* DrawingCanvasViewController.swift */,
				4D053E9C27F5D30200B3E198 /* StrokeManager.swift */,
				4D053E9E27F5D32100B3E198 /* RecognizedInk.swift */,
				4D053EA227F7844800B3E198 /* DrawingCanvasViewModel.swift */,
			);
			path = DrawingCanvas;
			sourceTree = "<group>";
		};
		4D87C9FB28267187002EFB8D /* VideoPlayer */ = {
			isa = PBXGroup;
			children = (
				4D87C9FC282676D9002EFB8D /* PlayerView.swift */,
				4D87C9FE28267750002EFB8D /* PlayerUIView.swift */,
			);
			path = VideoPlayer;
			sourceTree = "<group>";
		};
		4D8F520D284B57A30092DCC3 /* Words */ = {
			isa = PBXGroup;
			children = (
				4D8F520F284B584E0092DCC3 /* WritingWordsView.swift */,
				4D8F5211284B585A0092DCC3 /* WritingWordsViewModel.swift */,
			);
			path = Words;
			sourceTree = "<group>";
		};
		4D8F520E284B57AA0092DCC3 /* Letters */ = {
			isa = PBXGroup;
			children = (
				4D85A69527E7425E008FA08D /* WritingLettersLevelView.swift */,
				4D75A7C8282C42F10077DE75 /* WritingLettersLevelViewModel.swift */,
			);
			path = Letters;
			sourceTree = "<group>";
		};
		4D9410DC28E21E90009819CD /* Dialog */ = {
			isa = PBXGroup;
			children = (
				4D9410DF28E21ED1009819CD /* Dialog.swift */,
			);
			path = Dialog;
			sourceTree = "<group>";
		};
		4DA22D8F27D35A4900634AA8 /* Resources */ = {
			isa = PBXGroup;
			children = (
				4D51D5612881E8C800E2ACDA /* Sound */,
				4DFB6717284CC48600811BBC /* Animations */,
				4DE3A5BF281865EA005DF33E /* Colors */,
				4DA22D9327D35EA400634AA8 /* Visuals */,
				4DA22D9027D35A5300634AA8 /* Fonts */,
			);
			path = Resources;
			sourceTree = "<group>";
		};
		4DA22D9027D35A5300634AA8 /* Fonts */ = {
			isa = PBXGroup;
			children = (
				4DBD9BBD2802BF8A006455BD /* RobotoCondensed-Bold.ttf */,
				4DA22D9727D36F4E00634AA8 /* AppFont.swift */,
			);
			path = Fonts;
			sourceTree = "<group>";
		};
		4DA22D9327D35EA400634AA8 /* Visuals */ = {
			isa = PBXGroup;
			children = (
				4D75995D282317E40093849C /* VideoTutorials */,
				4D68A64A27BBA3B500997CFF /* Assets.xcassets */,
				4DA22D9127D35E6F00634AA8 /* Menus.xcassets */,
				4DC2D713280AD9FF003CFDD7 /* Levels.xcassets */,
				4DA22D9427D368F300634AA8 /* AppImage.swift */,
				4D6EC866281DC32D00C70061 /* Shop.xcassets */,
				4D75995B282316600093849C /* VideoTutorials.xcassets */,
				4DDC5F65282702A000BDC385 /* Achievements.xcassets */,
				4D8F5215284B76370092DCC3 /* Words.xcassets */,
				4D8074FE290FDC8B00FAFCF4 /* UIComponents.xcassets */,
			);
			path = Visuals;
			sourceTree = "<group>";
		};
		4DA637282841666900A6F785 /* SwiftUIPreviewMocks */ = {
			isa = PBXGroup;
			children = (
				4DA637292841668500A6F785 /* CoinsServicePreviewMock.swift */,
				4DA6372B2841691200A6F785 /* AchievementServicePreviewMock.swift */,
				4DA6372D28416DA000A6F785 /* LevelServicePreviewMock.swift */,
				4D51D5682881ED9E00E2ACDA /* SoundServicePreviewMock.swift */,
				4DFA953528C3EA43004505A7 /* SettingsServicePreviewMock.swift */,
			);
			path = SwiftUIPreviewMocks;
			sourceTree = "<group>";
		};
		4DB939072826FDB900883CD5 /* Achievements */ = {
			isa = PBXGroup;
			children = (
				4DDC5F5F2826FE0200BDC385 /* AchievementsView.swift */,
				4DDC5F612826FE3400BDC385 /* AchievementsViewModel.swift */,
				4DDC5F632827024500BDC385 /* AchievementItemView.swift */,
			);
			path = Achievements;
			sourceTree = "<group>";
		};
		4DE3A5BF281865EA005DF33E /* Colors */ = {
			isa = PBXGroup;
			children = (
				4DE3A5C0281865FD005DF33E /* Color.xcassets */,
				4DE3A5C228186606005DF33E /* AppColor.swift */,
			);
			path = Colors;
			sourceTree = "<group>";
		};
		4DFB6717284CC48600811BBC /* Animations */ = {
			isa = PBXGroup;
			children = (
				D087B8342B795775008C683B /* tap.json */,
				4DDF4ECC284CCDBB0040B0D4 /* confetti.json */,
			);
			path = Animations;
			sourceTree = "<group>";
		};
		7E3972613642ABB5F5ABD8C3 /* Frameworks */ = {
			isa = PBXGroup;
			children = (
				9C5AC658CDE32265CE9625D0 /* Pods_edu_app.framework */,
				13488BBB9AD0096AC0A7168B /* Pods_edu_appTests.framework */,
			);
			name = Frameworks;
			sourceTree = "<group>";
		};
		D02F82AE2B0A2C5C003A2958 /* Background */ = {
			isa = PBXGroup;
			children = (
				D02F82AF2B0A2C6B003A2958 /* Background.swift */,
			);
			path = Background;
			sourceTree = "<group>";
		};
		D05C4B2E2B3AE49700DED31A /* Image */ = {
			isa = PBXGroup;
			children = (
			);
			path = Image;
			sourceTree = "<group>";
		};
		D087B8362B7957DC008C683B /* LottieView */ = {
			isa = PBXGroup;
			children = (
				D087B8372B7957E7008C683B /* LottieView.swift */,
				D083E5002B892E65003275A8 /* LottieViewModel.swift */,
			);
			path = LottieView;
			sourceTree = "<group>";
		};
		D0B206932BB9782900B1F266 /* RoundedButton */ = {
			isa = PBXGroup;
			children = (
				D083E5042B8A964B003275A8 /* RoundedUIButton.swift */,
				4DDFBCB6284933C10079A4E6 /* RoundedButton.swift */,
				D0B206942BB9785300B1F266 /* RoundedButtonViewModel.swift */,
			);
			path = RoundedButton;
			sourceTree = "<group>";
		};
/* End PBXGroup section */

/* Begin PBXNativeTarget section */
		4D68A64227BBA3B400997CFF /* edu-app */ = {
			isa = PBXNativeTarget;
			buildConfigurationList = 4D68A66727BBA3B600997CFF /* Build configuration list for PBXNativeTarget "edu-app" */;
			buildPhases = (
				A6A3EE52FCA9FF2D6D6398A4 /* [CP] Check Pods Manifest.lock */,
				4D68A63F27BBA3B400997CFF /* Sources */,
				4D68A64027BBA3B400997CFF /* Frameworks */,
				4D68A64127BBA3B400997CFF /* Resources */,
				8CCD6BA8FF72DF5C004AAEEB /* [CP] Embed Pods Frameworks */,
				5CE5B52F56933C88AF1512AF /* [CP] Copy Pods Resources */,
			);
			buildRules = (
			);
			dependencies = (
			);
			name = "edu-app";
			productName = "edu-app";
			productReference = 4D68A64327BBA3B400997CFF /* Pisanka.app */;
			productType = "com.apple.product-type.application";
		};
		4D68A65227BBA3B600997CFF /* edu-appTests */ = {
			isa = PBXNativeTarget;
			buildConfigurationList = 4D68A66A27BBA3B600997CFF /* Build configuration list for PBXNativeTarget "edu-appTests" */;
			buildPhases = (
				E6AFCAA672AAB22BD9D1F0B8 /* [CP] Check Pods Manifest.lock */,
				4D68A64F27BBA3B600997CFF /* Sources */,
				4D68A65027BBA3B600997CFF /* Frameworks */,
				4D68A65127BBA3B600997CFF /* Resources */,
			);
			buildRules = (
			);
			dependencies = (
				4D68A65527BBA3B600997CFF /* PBXTargetDependency */,
			);
			name = "edu-appTests";
			productName = "edu-appTests";
			productReference = 4D68A65327BBA3B600997CFF /* edu-appTests.xctest */;
			productType = "com.apple.product-type.bundle.unit-test";
		};
/* End PBXNativeTarget section */

/* Begin PBXProject section */
		4D68A63B27BBA3B400997CFF /* Project object */ = {
			isa = PBXProject;
			attributes = {
				BuildIndependentTargetsInParallel = 1;
				LastSwiftUpdateCheck = 1320;
				LastUpgradeCheck = 1320;
				TargetAttributes = {
					4D68A64227BBA3B400997CFF = {
						CreatedOnToolsVersion = 13.2.1;
					};
					4D68A65227BBA3B600997CFF = {
						CreatedOnToolsVersion = 13.2.1;
						TestTargetID = 4D68A64227BBA3B400997CFF;
					};
				};
			};
			buildConfigurationList = 4D68A63E27BBA3B400997CFF /* Build configuration list for PBXProject "edu-app" */;
			compatibilityVersion = "Xcode 13.0";
			developmentRegion = en;
			hasScannedForEncodings = 0;
			knownRegions = (
				en,
				Base,
			);
			mainGroup = 4D68A63A27BBA3B400997CFF;
			productRefGroup = 4D68A64427BBA3B400997CFF /* Products */;
			projectDirPath = "";
			projectRoot = "";
			targets = (
				4D68A64227BBA3B400997CFF /* edu-app */,
				4D68A65227BBA3B600997CFF /* edu-appTests */,
			);
		};
/* End PBXProject section */

/* Begin PBXResourcesBuildPhase section */
		4D68A64127BBA3B400997CFF /* Resources */ = {
			isa = PBXResourcesBuildPhase;
			buildActionMask = 2147483647;
			files = (
				4DF4A332284F5717007A3369 /* V.mp4 in Resources */,
				4D572A63288488B3002AEA9E /* track-7.mp3 in Resources */,
				4DF4A331284F5717007A3369 /* M.mp4 in Resources */,
				4D75995F282317FB0093849C /* A.mp4 in Resources */,
				4DDF4ECD284CCDBB0040B0D4 /* confetti.json in Resources */,
				4DF4A330284F5717007A3369 /* J.mp4 in Resources */,
				4DDC5F66282702A000BDC385 /* Achievements.xcassets in Resources */,
				4DF4A333284F5717007A3369 /* U.mp4 in Resources */,
				4D572A61288488A5002AEA9E /* track-6.mp3 in Resources */,
				4D8F5214284B75CF0092DCC3 /* Words.json in Resources */,
				4D4E05DE280D6B5200569C16 /* Levels.json in Resources */,
				4DC2D714280AD9FF003CFDD7 /* Levels.xcassets in Resources */,
				D087B8352B795776008C683B /* tap.json in Resources */,
				4D51D5652881E98000E2ACDA /* button-tap.mp3 in Resources */,
				4D8074FF290FDC8B00FAFCF4 /* UIComponents.xcassets in Resources */,
				4D68A64E27BBA3B500997CFF /* Preview Assets.xcassets in Resources */,
				4D8F5216284B76370092DCC3 /* Words.xcassets in Resources */,
				4D6EC867281DC32D00C70061 /* Shop.xcassets in Resources */,
				4D492219284E414600BA7B1B /* B.mp4 in Resources */,
				4D68A64B27BBA3B500997CFF /* Assets.xcassets in Resources */,
				4D526BCA282A589F00B8FEA3 /* Achievements.json in Resources */,
				4DE3A5C1281865FD005DF33E /* Color.xcassets in Resources */,
				4DBD9BBE2802BF8A006455BD /* RobotoCondensed-Bold.ttf in Resources */,
				4DF4A334284F5717007A3369 /* N.mp4 in Resources */,
				D0BE0C992ABEF89E00D18F17 /* ExportOptions.plist in Resources */,
				4D572A5D28848883002AEA9E /* track-4.mp3 in Resources */,
				4DA22D9227D35E6F00634AA8 /* Menus.xcassets in Resources */,
				4D572A5B2884886B002AEA9E /* track-3.mp3 in Resources */,
				4D572A5F28848892002AEA9E /* track-5.mp3 in Resources */,
				4DA1A638292F525D00C93831 /* GoogleService-Info.plist in Resources */,
				4D492226284E61E000BA7B1B /* I.mp4 in Resources */,
				4D572A5928848857002AEA9E /* track-2.mp3 in Resources */,
				4D6EC869281DC5B900C70061 /* ShopItems.json in Resources */,
				4DF4A335284F5717007A3369 /* O.mp4 in Resources */,
				4D492227284E61E000BA7B1B /* L.mp4 in Resources */,
				4D572A572884883D002AEA9E /* track-1.mp3 in Resources */,
				4D75995C282316600093849C /* VideoTutorials.xcassets in Resources */,
			);
			runOnlyForDeploymentPostprocessing = 0;
		};
		4D68A65127BBA3B600997CFF /* Resources */ = {
			isa = PBXResourcesBuildPhase;
			buildActionMask = 2147483647;
			files = (
				4DBD9BBF2802BF8A006455BD /* RobotoCondensed-Bold.ttf in Resources */,
			);
			runOnlyForDeploymentPostprocessing = 0;
		};
/* End PBXResourcesBuildPhase section */

/* Begin PBXShellScriptBuildPhase section */
		5CE5B52F56933C88AF1512AF /* [CP] Copy Pods Resources */ = {
			isa = PBXShellScriptBuildPhase;
			buildActionMask = 2147483647;
			files = (
			);
			inputFileListPaths = (
				"${PODS_ROOT}/Target Support Files/Pods-edu-app/Pods-edu-app-resources-${CONFIGURATION}-input-files.xcfilelist",
			);
			name = "[CP] Copy Pods Resources";
			outputFileListPaths = (
				"${PODS_ROOT}/Target Support Files/Pods-edu-app/Pods-edu-app-resources-${CONFIGURATION}-output-files.xcfilelist",
			);
			runOnlyForDeploymentPostprocessing = 0;
			shellPath = /bin/sh;
			shellScript = "\"${PODS_ROOT}/Target Support Files/Pods-edu-app/Pods-edu-app-resources.sh\"\n";
			showEnvVarsInLog = 0;
		};
		8CCD6BA8FF72DF5C004AAEEB /* [CP] Embed Pods Frameworks */ = {
			isa = PBXShellScriptBuildPhase;
			buildActionMask = 2147483647;
			files = (
			);
			inputFileListPaths = (
				"${PODS_ROOT}/Target Support Files/Pods-edu-app/Pods-edu-app-frameworks-${CONFIGURATION}-input-files.xcfilelist",
			);
			name = "[CP] Embed Pods Frameworks";
			outputFileListPaths = (
				"${PODS_ROOT}/Target Support Files/Pods-edu-app/Pods-edu-app-frameworks-${CONFIGURATION}-output-files.xcfilelist",
			);
			runOnlyForDeploymentPostprocessing = 0;
			shellPath = /bin/sh;
			shellScript = "\"${PODS_ROOT}/Target Support Files/Pods-edu-app/Pods-edu-app-frameworks.sh\"\n";
			showEnvVarsInLog = 0;
		};
		A6A3EE52FCA9FF2D6D6398A4 /* [CP] Check Pods Manifest.lock */ = {
			isa = PBXShellScriptBuildPhase;
			buildActionMask = 2147483647;
			files = (
			);
			inputFileListPaths = (
			);
			inputPaths = (
				"${PODS_PODFILE_DIR_PATH}/Podfile.lock",
				"${PODS_ROOT}/Manifest.lock",
			);
			name = "[CP] Check Pods Manifest.lock";
			outputFileListPaths = (
			);
			outputPaths = (
				"$(DERIVED_FILE_DIR)/Pods-edu-app-checkManifestLockResult.txt",
			);
			runOnlyForDeploymentPostprocessing = 0;
			shellPath = /bin/sh;
			shellScript = "diff \"${PODS_PODFILE_DIR_PATH}/Podfile.lock\" \"${PODS_ROOT}/Manifest.lock\" > /dev/null\nif [ $? != 0 ] ; then\n    # print error to STDERR\n    echo \"error: The sandbox is not in sync with the Podfile.lock. Run 'pod install' or update your CocoaPods installation.\" >&2\n    exit 1\nfi\n# This output is used by Xcode 'outputs' to avoid re-running this script phase.\necho \"SUCCESS\" > \"${SCRIPT_OUTPUT_FILE_0}\"\n";
			showEnvVarsInLog = 0;
		};
		E6AFCAA672AAB22BD9D1F0B8 /* [CP] Check Pods Manifest.lock */ = {
			isa = PBXShellScriptBuildPhase;
			buildActionMask = 2147483647;
			files = (
			);
			inputFileListPaths = (
			);
			inputPaths = (
				"${PODS_PODFILE_DIR_PATH}/Podfile.lock",
				"${PODS_ROOT}/Manifest.lock",
			);
			name = "[CP] Check Pods Manifest.lock";
			outputFileListPaths = (
			);
			outputPaths = (
				"$(DERIVED_FILE_DIR)/Pods-edu-appTests-checkManifestLockResult.txt",
			);
			runOnlyForDeploymentPostprocessing = 0;
			shellPath = /bin/sh;
			shellScript = "diff \"${PODS_PODFILE_DIR_PATH}/Podfile.lock\" \"${PODS_ROOT}/Manifest.lock\" > /dev/null\nif [ $? != 0 ] ; then\n    # print error to STDERR\n    echo \"error: The sandbox is not in sync with the Podfile.lock. Run 'pod install' or update your CocoaPods installation.\" >&2\n    exit 1\nfi\n# This output is used by Xcode 'outputs' to avoid re-running this script phase.\necho \"SUCCESS\" > \"${SCRIPT_OUTPUT_FILE_0}\"\n";
			showEnvVarsInLog = 0;
		};
/* End PBXShellScriptBuildPhase section */

/* Begin PBXSourcesBuildPhase section */
		4D68A63F27BBA3B400997CFF /* Sources */ = {
			isa = PBXSourcesBuildPhase;
			buildActionMask = 2147483647;
			files = (
				4D68A68027BCF40F00997CFF /* LevelSelectView.swift in Sources */,
				4D053E9D27F5D30200B3E198 /* StrokeManager.swift in Sources */,
				4DC73FCA2835127C004FD1A0 /* ShopItem+CoreDataProperties.swift in Sources */,
				4D572A6528848A9F002AEA9E /* BackgroundMusicService.swift in Sources */,
				4DFA953428C3E193004505A7 /* SettingsService.swift in Sources */,
				4DDC5F602826FE0200BDC385 /* AchievementsView.swift in Sources */,
				4DB939022826A12D00883CD5 /* NavigationLazyView.swift in Sources */,
				4D75A7C9282C42F10077DE75 /* WritingLettersLevelViewModel.swift in Sources */,
				4D2DEA0F2A233BB50081D753 /* ParentalGateDialogViewModel.swift in Sources */,
				4D68A68227BCF41800997CFF /* LevelSelectViewModel.swift in Sources */,
				D02F82B22B0A2CA1003A2958 /* View+isTablet.swift in Sources */,
				4D68A67B27BBCCE000997CFF /* MainMenuView.swift in Sources */,
				D087B8332B7955C1008C683B /* LevelState.swift in Sources */,
				4DE3A5C328186606005DF33E /* AppColor.swift in Sources */,
				4D84C5532845DAE700D5BC57 /* View+BlinkModigier.swift in Sources */,
				4DC73FC92835127C004FD1A0 /* ShopItem+CoreDataClass.swift in Sources */,
				D02F82B02B0A2C6B003A2958 /* Background.swift in Sources */,
				4D68A67127BBBBD200997CFF /* AppCoordinator.swift in Sources */,
				D0979DED2B39A2C000D75A4E /* Publisher+AssignWeak.swift in Sources */,
				4D4E05DC280D663E00569C16 /* DataController.swift in Sources */,
				4D929C802834E32600504405 /* ShopService.swift in Sources */,
				4D8F5212284B585A0092DCC3 /* WritingWordsViewModel.swift in Sources */,
				4D48B3B8282E55AE0066EAC8 /* LevelService.swift in Sources */,
				D0B206952BB9785300B1F266 /* RoundedButtonViewModel.swift in Sources */,
				4D68A67D27BBCCEF00997CFF /* MainMenuViewModel.swift in Sources */,
				4D053E9B27F5D1DD00B3E198 /* DrawingCanvasViewController.swift in Sources */,
				4D8F521A284B76FC0092DCC3 /* Level+CoreDataProperties.swift in Sources */,
				4DDC5F622826FE3400BDC385 /* AchievementsViewModel.swift in Sources */,
				4D6EC865281D8FAF00C70061 /* ShopView.swift in Sources */,
				4D84C55128454FD100D5BC57 /* LevelProgressBarView.swift in Sources */,
				4D4E05ED280D855800569C16 /* DecodableLevel.swift in Sources */,
				4D6EC86B281DCBE800C70061 /* DecodableShopItem.swift in Sources */,
				4D526BCC282A629300B8FEA3 /* DecodableAchievementItem.swift in Sources */,
				4DA22D9827D36F4E00634AA8 /* AppFont.swift in Sources */,
				4D51D5712882D37600E2ACDA /* TypeAliases.swift in Sources */,
				4D80D3F528C3571B00F09F2B /* SettingsView.swift in Sources */,
				4D0FF533282FAC5E0083E06B /* AchievementService.swift in Sources */,
				4D807502290FDE3A00FAFCF4 /* Panel.swift in Sources */,
				4D526BC82827D1AE00B8FEA3 /* ProgressBar.swift in Sources */,
				D083E5032B8A88A7003275A8 /* LevelProgressBarUIView.swift in Sources */,
				4D85A69627E7425E008FA08D /* WritingLettersLevelView.swift in Sources */,
				4DDFBCB7284933C10079A4E6 /* RoundedButton.swift in Sources */,
				4DFB6716284C9F0B00811BBC /* String+BasicOperations.swift in Sources */,
				4DF72C88284A9F69000E6627 /* View+ViewDidLoadModifier.swift in Sources */,
				4D87C9FD282676D9002EFB8D /* PlayerView.swift in Sources */,
				4D80D3F328C3570E00F09F2B /* SettingsViewModel.swift in Sources */,
				4D87C9FF28267750002EFB8D /* PlayerUIView.swift in Sources */,
				4DDC5F642827024500BDC385 /* AchievementItemView.swift in Sources */,
				4DA6372A2841668500A6F785 /* CoinsServicePreviewMock.swift in Sources */,
				4DB939062826B69E00883CD5 /* UIColor+Hex.swift in Sources */,
				D087B8382B7957E7008C683B /* LottieView.swift in Sources */,
				4DA6372E28416DA000A6F785 /* LevelServicePreviewMock.swift in Sources */,
				4D2A41572846985B004ED339 /* LevelProgressBarViewModel.swift in Sources */,
				4D68A64727BBA3B400997CFF /* edu_appApp.swift in Sources */,
				4D6EC863281D8F6900C70061 /* ShopViewModel.swift in Sources */,
				4D51D5672881EA0800E2ACDA /* SoundService.swift in Sources */,
				4D053E9F27F5D32100B3E198 /* RecognizedInk.swift in Sources */,
				4D51D56F2882D1E100E2ACDA /* Button.swift in Sources */,
				4D8F5219284B76FC0092DCC3 /* Level+CoreDataClass.swift in Sources */,
				4DA22D9527D368F300634AA8 /* AppImage.swift in Sources */,
				4D85A69B27E74575008FA08D /* DrawingCanvasView.swift in Sources */,
				4D053EAC27F844AB00B3E198 /* LevelValidatorService.swift in Sources */,
				4D8F5210284B584E0092DCC3 /* WritingWordsView.swift in Sources */,
				4D053EA327F7844800B3E198 /* DrawingCanvasViewModel.swift in Sources */,
				4D9410E028E21ED1009819CD /* Dialog.swift in Sources */,
				D083E5012B892E65003275A8 /* LottieViewModel.swift in Sources */,
				4DA6372C2841691200A6F785 /* AchievementServicePreviewMock.swift in Sources */,
				4DFA953628C3EA43004505A7 /* SettingsServicePreviewMock.swift in Sources */,
				D083E5052B8A964B003275A8 /* RoundedUIButton.swift in Sources */,
				4D72F9A829879D1D00661E38 /* Screen.swift in Sources */,
				4DC2D718280AE24D003CFDD7 /* LevelButton.swift in Sources */,
				4D053EA827F841A500B3E198 /* Levels.swift in Sources */,
				4D75A7C1282BA88F0077DE75 /* Achievement+CoreDataProperties.swift in Sources */,
				4D2DEA0D2A2338E30081D753 /* ParentalGateDialogView.swift in Sources */,
				4D4E05D8280D640000569C16 /* Game.xcdatamodeld in Sources */,
				4D51D5692881ED9E00E2ACDA /* SoundServicePreviewMock.swift in Sources */,
				4D75A7C0282BA88F0077DE75 /* Achievement+CoreDataClass.swift in Sources */,
			);
			runOnlyForDeploymentPostprocessing = 0;
		};
		4D68A64F27BBA3B600997CFF /* Sources */ = {
			isa = PBXSourcesBuildPhase;
			buildActionMask = 2147483647;
			files = (
				4D68A65827BBA3B600997CFF /* edu_appTests.swift in Sources */,
			);
			runOnlyForDeploymentPostprocessing = 0;
		};
/* End PBXSourcesBuildPhase section */

/* Begin PBXTargetDependency section */
		4D68A65527BBA3B600997CFF /* PBXTargetDependency */ = {
			isa = PBXTargetDependency;
			target = 4D68A64227BBA3B400997CFF /* edu-app */;
			targetProxy = 4D68A65427BBA3B600997CFF /* PBXContainerItemProxy */;
		};
/* End PBXTargetDependency section */

/* Begin XCBuildConfiguration section */
		4D68A66527BBA3B600997CFF /* Debug */ = {
			isa = XCBuildConfiguration;
			buildSettings = {
				ALWAYS_SEARCH_USER_PATHS = NO;
				CLANG_ANALYZER_NONNULL = YES;
				CLANG_ANALYZER_NUMBER_OBJECT_CONVERSION = YES_AGGRESSIVE;
				CLANG_CXX_LANGUAGE_STANDARD = "gnu++17";
				CLANG_CXX_LIBRARY = "libc++";
				CLANG_ENABLE_MODULES = YES;
				CLANG_ENABLE_OBJC_ARC = YES;
				CLANG_ENABLE_OBJC_WEAK = YES;
				CLANG_WARN_BLOCK_CAPTURE_AUTORELEASING = YES;
				CLANG_WARN_BOOL_CONVERSION = YES;
				CLANG_WARN_COMMA = YES;
				CLANG_WARN_CONSTANT_CONVERSION = YES;
				CLANG_WARN_DEPRECATED_OBJC_IMPLEMENTATIONS = YES;
				CLANG_WARN_DIRECT_OBJC_ISA_USAGE = YES_ERROR;
				CLANG_WARN_DOCUMENTATION_COMMENTS = YES;
				CLANG_WARN_EMPTY_BODY = YES;
				CLANG_WARN_ENUM_CONVERSION = YES;
				CLANG_WARN_INFINITE_RECURSION = YES;
				CLANG_WARN_INT_CONVERSION = YES;
				CLANG_WARN_NON_LITERAL_NULL_CONVERSION = YES;
				CLANG_WARN_OBJC_IMPLICIT_RETAIN_SELF = YES;
				CLANG_WARN_OBJC_LITERAL_CONVERSION = YES;
				CLANG_WARN_OBJC_ROOT_CLASS = YES_ERROR;
				CLANG_WARN_QUOTED_INCLUDE_IN_FRAMEWORK_HEADER = YES;
				CLANG_WARN_RANGE_LOOP_ANALYSIS = YES;
				CLANG_WARN_STRICT_PROTOTYPES = YES;
				CLANG_WARN_SUSPICIOUS_MOVE = YES;
				CLANG_WARN_UNGUARDED_AVAILABILITY = YES_AGGRESSIVE;
				CLANG_WARN_UNREACHABLE_CODE = YES;
				CLANG_WARN__DUPLICATE_METHOD_MATCH = YES;
				COPY_PHASE_STRIP = NO;
				DEBUG_INFORMATION_FORMAT = dwarf;
				ENABLE_STRICT_OBJC_MSGSEND = YES;
				ENABLE_TESTABILITY = YES;
				GCC_C_LANGUAGE_STANDARD = gnu11;
				GCC_DYNAMIC_NO_PIC = NO;
				GCC_NO_COMMON_BLOCKS = YES;
				GCC_OPTIMIZATION_LEVEL = 0;
				GCC_PREPROCESSOR_DEFINITIONS = (
					"DEBUG=1",
					"$(inherited)",
				);
				GCC_WARN_64_TO_32_BIT_CONVERSION = YES;
				GCC_WARN_ABOUT_RETURN_TYPE = YES_ERROR;
				GCC_WARN_UNDECLARED_SELECTOR = YES;
				GCC_WARN_UNINITIALIZED_AUTOS = YES_AGGRESSIVE;
				GCC_WARN_UNUSED_FUNCTION = YES;
				GCC_WARN_UNUSED_VARIABLE = YES;
				IPHONEOS_DEPLOYMENT_TARGET = 15.2;
				MTL_ENABLE_DEBUG_INFO = INCLUDE_SOURCE;
				MTL_FAST_MATH = YES;
				ONLY_ACTIVE_ARCH = YES;
				SDKROOT = iphoneos;
				SWIFT_ACTIVE_COMPILATION_CONDITIONS = DEBUG;
				SWIFT_OPTIMIZATION_LEVEL = "-Onone";
			};
			name = Debug;
		};
		4D68A66627BBA3B600997CFF /* Release */ = {
			isa = XCBuildConfiguration;
			buildSettings = {
				ALWAYS_SEARCH_USER_PATHS = NO;
				CLANG_ANALYZER_NONNULL = YES;
				CLANG_ANALYZER_NUMBER_OBJECT_CONVERSION = YES_AGGRESSIVE;
				CLANG_CXX_LANGUAGE_STANDARD = "gnu++17";
				CLANG_CXX_LIBRARY = "libc++";
				CLANG_ENABLE_MODULES = YES;
				CLANG_ENABLE_OBJC_ARC = YES;
				CLANG_ENABLE_OBJC_WEAK = YES;
				CLANG_WARN_BLOCK_CAPTURE_AUTORELEASING = YES;
				CLANG_WARN_BOOL_CONVERSION = YES;
				CLANG_WARN_COMMA = YES;
				CLANG_WARN_CONSTANT_CONVERSION = YES;
				CLANG_WARN_DEPRECATED_OBJC_IMPLEMENTATIONS = YES;
				CLANG_WARN_DIRECT_OBJC_ISA_USAGE = YES_ERROR;
				CLANG_WARN_DOCUMENTATION_COMMENTS = YES;
				CLANG_WARN_EMPTY_BODY = YES;
				CLANG_WARN_ENUM_CONVERSION = YES;
				CLANG_WARN_INFINITE_RECURSION = YES;
				CLANG_WARN_INT_CONVERSION = YES;
				CLANG_WARN_NON_LITERAL_NULL_CONVERSION = YES;
				CLANG_WARN_OBJC_IMPLICIT_RETAIN_SELF = YES;
				CLANG_WARN_OBJC_LITERAL_CONVERSION = YES;
				CLANG_WARN_OBJC_ROOT_CLASS = YES_ERROR;
				CLANG_WARN_QUOTED_INCLUDE_IN_FRAMEWORK_HEADER = YES;
				CLANG_WARN_RANGE_LOOP_ANALYSIS = YES;
				CLANG_WARN_STRICT_PROTOTYPES = YES;
				CLANG_WARN_SUSPICIOUS_MOVE = YES;
				CLANG_WARN_UNGUARDED_AVAILABILITY = YES_AGGRESSIVE;
				CLANG_WARN_UNREACHABLE_CODE = YES;
				CLANG_WARN__DUPLICATE_METHOD_MATCH = YES;
				COPY_PHASE_STRIP = NO;
				DEBUG_INFORMATION_FORMAT = "dwarf-with-dsym";
				ENABLE_NS_ASSERTIONS = NO;
				ENABLE_STRICT_OBJC_MSGSEND = YES;
				GCC_C_LANGUAGE_STANDARD = gnu11;
				GCC_NO_COMMON_BLOCKS = YES;
				GCC_WARN_64_TO_32_BIT_CONVERSION = YES;
				GCC_WARN_ABOUT_RETURN_TYPE = YES_ERROR;
				GCC_WARN_UNDECLARED_SELECTOR = YES;
				GCC_WARN_UNINITIALIZED_AUTOS = YES_AGGRESSIVE;
				GCC_WARN_UNUSED_FUNCTION = YES;
				GCC_WARN_UNUSED_VARIABLE = YES;
				IPHONEOS_DEPLOYMENT_TARGET = 15.2;
				MTL_ENABLE_DEBUG_INFO = NO;
				MTL_FAST_MATH = YES;
				SDKROOT = iphoneos;
				SWIFT_COMPILATION_MODE = wholemodule;
				SWIFT_OPTIMIZATION_LEVEL = "-O";
				VALIDATE_PRODUCT = YES;
			};
			name = Release;
		};
		4D68A66827BBA3B600997CFF /* Debug */ = {
			isa = XCBuildConfiguration;
			baseConfigurationReference = 9FC20FDDFD8FEC2756379957 /* Pods-edu-app.debug.xcconfig */;
			buildSettings = {
				ASSETCATALOG_COMPILER_APPICON_NAME = AppIcon;
				ASSETCATALOG_COMPILER_GLOBAL_ACCENT_COLOR_NAME = AccentColor;
				CODE_SIGN_IDENTITY = "Apple Development";
				CODE_SIGN_STYLE = Automatic;
				CURRENT_PROJECT_VERSION = 4;
				DEVELOPMENT_ASSET_PATHS = "\"edu-app/Preview Content\"";
				DEVELOPMENT_TEAM = T7H3GU2L95;
				ENABLE_PREVIEWS = YES;
				GENERATE_INFOPLIST_FILE = YES;
				INFOPLIST_FILE = "edu-app/Info.plist";
				INFOPLIST_KEY_UIApplicationSceneManifest_Generation = YES;
				INFOPLIST_KEY_UIApplicationSupportsIndirectInputEvents = YES;
				INFOPLIST_KEY_UILaunchScreen_Generation = YES;
				INFOPLIST_KEY_UIRequiresFullScreen = YES;
				INFOPLIST_KEY_UIStatusBarHidden = YES;
				INFOPLIST_KEY_UIStatusBarStyle = "";
				INFOPLIST_KEY_UISupportedInterfaceOrientations = "UIInterfaceOrientationLandscapeLeft UIInterfaceOrientationLandscapeRight";
				INFOPLIST_KEY_UISupportedInterfaceOrientations_iPad = "UIInterfaceOrientationLandscapeRight UIInterfaceOrientationLandscapeLeft";
				INFOPLIST_KEY_UISupportedInterfaceOrientations_iPhone = "UIInterfaceOrientationLandscapeRight UIInterfaceOrientationLandscapeLeft";
				IPHONEOS_DEPLOYMENT_TARGET = 15.2;
				LD_RUNPATH_SEARCH_PATHS = (
					"$(inherited)",
					"@executable_path/Frameworks",
				);
				MARKETING_VERSION = 1.2.0;
				ONLY_ACTIVE_ARCH = NO;
				PRODUCT_BUNDLE_IDENTIFIER = "com.filip.culig.edu-app";
				PRODUCT_NAME = Pisanka;
				PROVISIONING_PROFILE_SPECIFIER = "";
				SUPPORTED_PLATFORMS = "iphoneos iphonesimulator";
				SUPPORTS_MACCATALYST = NO;
				SUPPORTS_MAC_DESIGNED_FOR_IPHONE_IPAD = NO;
				SWIFT_EMIT_LOC_STRINGS = YES;
				SWIFT_VERSION = 5.0;
				TARGETED_DEVICE_FAMILY = "1,2";
			};
			name = Debug;
		};
		4D68A66927BBA3B600997CFF /* Release */ = {
			isa = XCBuildConfiguration;
			baseConfigurationReference = BAB370487B9B9129DF3578D5 /* Pods-edu-app.release.xcconfig */;
			buildSettings = {
				ASSETCATALOG_COMPILER_APPICON_NAME = AppIcon;
				ASSETCATALOG_COMPILER_GLOBAL_ACCENT_COLOR_NAME = AccentColor;
				CODE_SIGN_IDENTITY = "Apple Development";
				CODE_SIGN_STYLE = Automatic;
				CURRENT_PROJECT_VERSION = 4;
				DEVELOPMENT_ASSET_PATHS = "\"edu-app/Preview Content\"";
				DEVELOPMENT_TEAM = T7H3GU2L95;
				ENABLE_PREVIEWS = YES;
				GENERATE_INFOPLIST_FILE = YES;
				INFOPLIST_FILE = "edu-app/Info.plist";
				INFOPLIST_KEY_UIApplicationSceneManifest_Generation = YES;
				INFOPLIST_KEY_UIApplicationSupportsIndirectInputEvents = YES;
				INFOPLIST_KEY_UILaunchScreen_Generation = YES;
				INFOPLIST_KEY_UIRequiresFullScreen = YES;
				INFOPLIST_KEY_UIStatusBarHidden = YES;
				INFOPLIST_KEY_UIStatusBarStyle = "";
				INFOPLIST_KEY_UISupportedInterfaceOrientations = "UIInterfaceOrientationLandscapeLeft UIInterfaceOrientationLandscapeRight";
				INFOPLIST_KEY_UISupportedInterfaceOrientations_iPad = "UIInterfaceOrientationLandscapeRight UIInterfaceOrientationLandscapeLeft";
				INFOPLIST_KEY_UISupportedInterfaceOrientations_iPhone = "UIInterfaceOrientationLandscapeRight UIInterfaceOrientationLandscapeLeft";
				IPHONEOS_DEPLOYMENT_TARGET = 15.2;
				LD_RUNPATH_SEARCH_PATHS = (
					"$(inherited)",
					"@executable_path/Frameworks",
				);
				MARKETING_VERSION = 1.2.0;
				ONLY_ACTIVE_ARCH = NO;
				PRODUCT_BUNDLE_IDENTIFIER = "com.filip.culig.edu-app";
				PRODUCT_NAME = Pisanka;
				PROVISIONING_PROFILE_SPECIFIER = "";
				SUPPORTED_PLATFORMS = "iphoneos iphonesimulator";
				SUPPORTS_MACCATALYST = NO;
				SUPPORTS_MAC_DESIGNED_FOR_IPHONE_IPAD = NO;
				SWIFT_EMIT_LOC_STRINGS = YES;
				SWIFT_VERSION = 5.0;
				TARGETED_DEVICE_FAMILY = "1,2";
			};
			name = Release;
		};
		4D68A66B27BBA3B600997CFF /* Debug */ = {
			isa = XCBuildConfiguration;
			baseConfigurationReference = E98BCF87320FCA88B0C9A0DE /* Pods-edu-appTests.debug.xcconfig */;
			buildSettings = {
				ALWAYS_EMBED_SWIFT_STANDARD_LIBRARIES = YES;
				BUNDLE_LOADER = "$(TEST_HOST)";
				CODE_SIGN_STYLE = Automatic;
				CURRENT_PROJECT_VERSION = 4;
				DEVELOPMENT_TEAM = T7H3GU2L95;
				GENERATE_INFOPLIST_FILE = YES;
				IPHONEOS_DEPLOYMENT_TARGET = 15.2;
				MARKETING_VERSION = 1.0;
				PRODUCT_BUNDLE_IDENTIFIER = "com.filip.culig.edu-appTests";
				PRODUCT_NAME = "$(TARGET_NAME)";
				SUPPORTED_PLATFORMS = "iphoneos iphonesimulator";
				SUPPORTS_MACCATALYST = NO;
				SUPPORTS_MAC_DESIGNED_FOR_IPHONE_IPAD = NO;
				SWIFT_EMIT_LOC_STRINGS = NO;
				SWIFT_VERSION = 5.0;
				TARGETED_DEVICE_FAMILY = "1,2";
				TEST_HOST = "$(BUILT_PRODUCTS_DIR)/Pisanka.app/$(BUNDLE_EXECUTABLE_FOLDER_PATH)/Pisanka";
			};
			name = Debug;
		};
		4D68A66C27BBA3B600997CFF /* Release */ = {
			isa = XCBuildConfiguration;
			baseConfigurationReference = F7DAED9AADF3A5D4B0EB07A2 /* Pods-edu-appTests.release.xcconfig */;
			buildSettings = {
				ALWAYS_EMBED_SWIFT_STANDARD_LIBRARIES = YES;
				BUNDLE_LOADER = "$(TEST_HOST)";
				CODE_SIGN_STYLE = Automatic;
				CURRENT_PROJECT_VERSION = 4;
				DEVELOPMENT_TEAM = T7H3GU2L95;
				GENERATE_INFOPLIST_FILE = YES;
				IPHONEOS_DEPLOYMENT_TARGET = 15.2;
				MARKETING_VERSION = 1.0;
				PRODUCT_BUNDLE_IDENTIFIER = "com.filip.culig.edu-appTests";
				PRODUCT_NAME = "$(TARGET_NAME)";
				SUPPORTED_PLATFORMS = "iphoneos iphonesimulator";
				SUPPORTS_MACCATALYST = NO;
				SUPPORTS_MAC_DESIGNED_FOR_IPHONE_IPAD = NO;
				SWIFT_EMIT_LOC_STRINGS = NO;
				SWIFT_VERSION = 5.0;
				TARGETED_DEVICE_FAMILY = "1,2";
				TEST_HOST = "$(BUILT_PRODUCTS_DIR)/Pisanka.app/$(BUNDLE_EXECUTABLE_FOLDER_PATH)/Pisanka";
			};
			name = Release;
		};
/* End XCBuildConfiguration section */

/* Begin XCConfigurationList section */
		4D68A63E27BBA3B400997CFF /* Build configuration list for PBXProject "edu-app" */ = {
			isa = XCConfigurationList;
			buildConfigurations = (
				4D68A66527BBA3B600997CFF /* Debug */,
				4D68A66627BBA3B600997CFF /* Release */,
			);
			defaultConfigurationIsVisible = 0;
			defaultConfigurationName = Release;
		};
		4D68A66727BBA3B600997CFF /* Build configuration list for PBXNativeTarget "edu-app" */ = {
			isa = XCConfigurationList;
			buildConfigurations = (
				4D68A66827BBA3B600997CFF /* Debug */,
				4D68A66927BBA3B600997CFF /* Release */,
			);
			defaultConfigurationIsVisible = 0;
			defaultConfigurationName = Release;
		};
		4D68A66A27BBA3B600997CFF /* Build configuration list for PBXNativeTarget "edu-appTests" */ = {
			isa = XCConfigurationList;
			buildConfigurations = (
				4D68A66B27BBA3B600997CFF /* Debug */,
				4D68A66C27BBA3B600997CFF /* Release */,
			);
			defaultConfigurationIsVisible = 0;
			defaultConfigurationName = Release;
		};
/* End XCConfigurationList section */

/* Begin XCVersionGroup section */
		4D4E05D6280D640000569C16 /* Game.xcdatamodeld */ = {
			isa = XCVersionGroup;
			children = (
				4D4E05D7280D640000569C16 /* Level.xcdatamodel */,
			);
			currentVersion = 4D4E05D7280D640000569C16 /* Level.xcdatamodel */;
			path = Game.xcdatamodeld;
			sourceTree = "<group>";
			versionGroupType = wrapper.xcdatamodel;
		};
/* End XCVersionGroup section */
	};
	rootObject = 4D68A63B27BBA3B400997CFF /* Project object */;
}
