PODS:
  - GoogleDataTransport (9.1.2):
    - GoogleUtilities/Environment (~> 7.2)
    - nanopb (~> 2.30908.0)
    - PromisesObjC (< 3.0, >= 1.2)
  - GoogleMLKit/DigitalInkRecognition (2.6.0):
    - GoogleMLKit/MLKitCore
    - MLKitDigitalInkRecognition (~> 1.5.0)
  - GoogleMLKit/MLKitCore (2.6.0):
    - MLKitCommon (~> 5.0.0)
  - GoogleToolboxForMac/DebugUtils (2.3.2):
    - GoogleToolboxForMac/Defines (= 2.3.2)
  - GoogleToolboxForMac/Defines (2.3.2)
  - GoogleToolboxForMac/Logger (2.3.2):
    - GoogleToolboxForMac/Defines (= 2.3.2)
  - "GoogleToolboxForMac/NSData+zlib (2.3.2)":
    - GoogleToolboxForMac/Defines (= 2.3.2)
  - "GoogleToolboxForMac/NSDictionary+URLArguments (2.3.2)":
    - GoogleToolboxForMac/DebugUtils (= 2.3.2)
    - GoogleToolboxForMac/Defines (= 2.3.2)
    - "GoogleToolboxForMac/NSString+URLArguments (= 2.3.2)"
  - "GoogleToolboxForMac/NSString+URLArguments (2.3.2)"
  - GoogleUtilities/Environment (7.7.0):
    - PromisesObjC (< 3.0, >= 1.2)
  - GoogleUtilities/Logger (7.7.0):
    - GoogleUtilities/Environment
  - GoogleUtilities/UserDefaults (7.7.0):
    - GoogleUtilities/Logger
  - GoogleUtilitiesComponents (1.1.0):
    - GoogleUtilities/Logger
  - GTMSessionFetcher/Core (1.7.1)
  - lottie-ios (3.3.0)
  - MLKitCommon (5.0.0):
    - GoogleDataTransport (~> 9.0)
    - GoogleToolboxForMac/Logger (~> 2.1)
    - "GoogleToolboxForMac/NSData+zlib (~> 2.1)"
    - "GoogleToolboxForMac/NSDictionary+URLArguments (~> 2.1)"
    - GoogleUtilities/UserDefaults (~> 7.0)
    - GoogleUtilitiesComponents (~> 1.0)
    - GTMSessionFetcher/Core (~> 1.1)
    - Protobuf (~> 3.12)
  - MLKitDigitalInkRecognition (1.5.0):
    - MLKitCommon (~> 5.0)
    - MLKitMDD (~> 3.0)
    - SSZipArchive (~> 2.1)
  - MLKitMDD (3.0.0):
    - MLKitCommon (~> 5.0)
  - nanopb (2.30908.0):
    - nanopb/decode (= 2.30908.0)
    - nanopb/encode (= 2.30908.0)
  - nanopb/decode (2.30908.0)
  - nanopb/encode (2.30908.0)
  - PromisesObjC (2.2.0)
  - Protobuf (3.19.4)
  - SSZipArchive (2.4.3)

DEPENDENCIES:
  - GoogleMLKit/DigitalInkRecognition (= 2.6.0)
  - lottie-ios

SPEC REPOS:
  trunk:
    - GoogleDataTransport
    - GoogleMLKit
    - GoogleToolboxForMac
    - GoogleUtilities
    - GoogleUtilitiesComponents
    - GTMSessionFetcher
    - lottie-ios
    - MLKitCommon
    - MLKitDigitalInkRecognition
    - MLKitMDD
    - nanopb
    - PromisesObjC
    - Protobuf
    - SSZipArchive

SPEC CHECKSUMS:
  GoogleDataTransport: 629c20a4d363167143f30ea78320d5a7eb8bd940
  GoogleMLKit: 755661c46990a85e42278015f26400286d98ad95
  GoogleToolboxForMac: 8bef7c7c5cf7291c687cf5354f39f9db6399ad34
  GoogleUtilities: e0913149f6b0625b553d70dae12b49fc62914fd1
  GoogleUtilitiesComponents: 679b2c881db3b615a2777504623df6122dd20afe
  GTMSessionFetcher: 4577a4cc914a5a07c40a8a0ad0acc22080418c2d
  lottie-ios: 6ac74dcc09904798f59b18cb3075c089d76be9ae
  MLKitCommon: 3bc17c6f7d25ce3660f030350b46ae7ec9ebca6e
  MLKitDigitalInkRecognition: 82fb615f39abb4142aa1ea9a85964f0241218cd6
  MLKitMDD: 80fea6f6ee9d3e1d7e7796d166fa19d04fe45401
  nanopb: a0ba3315591a9ae0a16a309ee504766e90db0c96
  PromisesObjC: 09985d6d70fbe7878040aa746d78236e6946d2ef
  Protobuf: 235750e4696ff59fb07d949a9dbbc92b3c0700fe
  SSZipArchive: fe6a26b2a54d5a0890f2567b5cc6de5caa600aef

PODFILE CHECKSUM: 48bb1f6fd0ad75008f3b91b40b7edb11c69ffd32

COCOAPODS: 1.12.1
